// !$*UTF8*$!
{
	archiveVersion = 1;
	classes = {
	};
	objectVersion = 46;
	objects = {
/* Begin PBXBuildFile section */
		0207DA581B56EA530066E2B4 /* Images.xcassets in Resources */ = {isa = PBXBuildFile; fileRef = 0207DA571B56EA530066E2B4 /* Images.xcassets */; };
		0B081EED23F94904BF45FB4D /* UserNotifications.framework in Frameworks */ = {isa = PBXBuildFile; fileRef = 95751C958F0C4E5E8FEF808A /* UserNotifications.framework */; };
		16E7D6314DD24DAE82F35324 /* CDVStatusBar.m in Sources */ = {isa = PBXBuildFile; fileRef = E22E60C9BFD745B48FC6120A /* CDVStatusBar.m */; };
		17238B5D3A2846AA983DE85A /* CDVJpegHeaderWriter.m in Sources */ = {isa = PBXBuildFile; fileRef = 4C0174D5A4184CB28CDB9887 /* CDVJpegHeaderWriter.m */; };
		175963ACFBF54FC195F5D23D /* APPBadge.m in Sources */ = {isa = PBXBuildFile; fileRef = 3A97A4A4E4514F3D8E7CCB15 /* APPBadge.m */; };
		1A6FBCA6C1834AB68564FE41 /* CDVClipboard.m in Sources */ = {isa = PBXBuildFile; fileRef = 809F229181F34D8C9F09A496 /* CDVClipboard.m */; };
		1D3623260D0F684500981E51 /* AppDelegate.m in Sources */ = {isa = PBXBuildFile; fileRef = 1D3623250D0F684500981E51 /* AppDelegate.m */; };
		1D3BAA24BBE54AC7A590E994 /* ioapi.c in Sources */ = {isa = PBXBuildFile; fileRef = 141BB647288E4387967D2C5E /* ioapi.c */; };
		1D60589B0D05DD56006BFB54 /* main.m in Sources */ = {isa = PBXBuildFile; fileRef = 29B97316FDCFA39411CA2CEA /* main.m */; };
		1D69FE3DCF4D44D8B940C13D /* GoogleService-Info.plist in Resources */ = {isa = PBXBuildFile; fileRef = 3B7C36304EDF40FD9CFCE729 /* GoogleService-Info.plist */; };
		1DE6D96F00B642F080197EC8 /* mztools.c in Sources */ = {isa = PBXBuildFile; fileRef = 08E0DCC5A5E048BD9EEDD4A8 /* mztools.c */; };
		1F705D00F8174BA6BDF12510 /* CDVGlobalization.m in Sources */ = {isa = PBXBuildFile; fileRef = 4671C4ABA00E4ADA86EDF6F3 /* CDVGlobalization.m */; };
		20C5389FD8A24F44893E14B7 /* CDVWKProcessPoolFactory.m in Sources */ = {isa = PBXBuildFile; fileRef = 0F4D3DBDAA3A419B9B5A1076 /* CDVWKProcessPoolFactory.m */; };
		260B3CEE514240F3A46A3668 /* CDVSplashScreen.m in Sources */ = {isa = PBXBuildFile; fileRef = 459DFF01BC084FAF8F7272F3 /* CDVSplashScreen.m */; };
		2836A948A49A4AC4B3C467D6 /* ImageIO.framework in Frameworks */ = {isa = PBXBuildFile; fileRef = D16B171FB9F94745B6F038A9 /* ImageIO.framework */; settings = {ATTRIBUTES = (Weak, ); }; };
		2AA02A20092347338A3E1B3C /* CDVReachability.m in Sources */ = {isa = PBXBuildFile; fileRef = 324A15BA063F44F3ADD2D467 /* CDVReachability.m */; };
		2D12DBAEFE69486DBA78C30C /* CDVCapture.m in Sources */ = {isa = PBXBuildFile; fileRef = B3727437395143F089069809 /* CDVCapture.m */; };
		301BF552109A68D80062928A /* libCordova.a in Frameworks */ = {isa = PBXBuildFile; fileRef = 301BF535109A57CC0062928A /* libCordova.a */; settings = {ATTRIBUTES = (Required, ); }; };
		302D95F114D2391D003F00A1 /* MainViewController.m in Sources */ = {isa = PBXBuildFile; fileRef = 302D95EF14D2391D003F00A1 /* MainViewController.m */; };
		302D95F214D2391D003F00A1 /* MainViewController.xib in Resources */ = {isa = PBXBuildFile; fileRef = 302D95F014D2391D003F00A1 /* MainViewController.xib */; };
		38B5641788B847F0BB144F6E /* CDVLocation.m in Sources */ = {isa = PBXBuildFile; fileRef = 77601F43529D49F8A46D4047 /* CDVLocation.m */; };
		395D20B122EE446C9572FB24 /* aeskey.c in Sources */ = {isa = PBXBuildFile; fileRef = B16C3C826D6A4DD6B1E10E04 /* aeskey.c */; };
		3A08867AC5214BAE8D425710 /* CDVFileTransfer.m in Sources */ = {isa = PBXBuildFile; fileRef = 0A92765BB1BB49A9978EC11E /* CDVFileTransfer.m */; };
		3A855BBA82FA474E95671150 /* SystemConfiguration.framework in Frameworks */ = {isa = PBXBuildFile; fileRef = 4A0F90781F424FAA873BE292 /* SystemConfiguration.framework */; settings = {ATTRIBUTES = (Weak, ); }; };
		3C13322189A84AD99689AAA6 /* BackgroundAudio.m in Sources */ = {isa = PBXBuildFile; fileRef = E27E7D43D3F542B4A0E9EF26 /* BackgroundAudio.m */; };
		3E95E6E6FEAE4A3C8181E46E /* CDVIonicKeyboard.m in Sources */ = {isa = PBXBuildFile; fileRef = D4841CF4E0AC4550B8F3C469 /* CDVIonicKeyboard.m */; };
		41A31533C31042FE93ACD9E0 /* CDVFile.m in Sources */ = {isa = PBXBuildFile; fileRef = 263F0038D93A4AB38B517057 /* CDVFile.m */; };
		477F3F013B8E4CF987BFF092 /* SSZipArchive.m in Sources */ = {isa = PBXBuildFile; fileRef = 20F87DD181874E8FBDEE93E5 /* SSZipArchive.m */; };
		4A73EE7B913C4E10970F423C /* ZipPlugin.m in Sources */ = {isa = PBXBuildFile; fileRef = 3F55E82C2D2741988D8D47CA /* ZipPlugin.m */; };
		4BB8E84F2FC041BAB045438D /* CDVWKWebViewUIDelegate.m in Sources */ = {isa = PBXBuildFile; fileRef = AFC7BA7CC68B4620BDF20934 /* CDVWKWebViewUIDelegate.m */; };
		5215E75C53464AC3B150AA3C /* UNUserNotificationCenter+APPLocalNotification.m in Sources */ = {isa = PBXBuildFile; fileRef = 625D995E5B6241E5A7371FD6 /* UNUserNotificationCenter+APPLocalNotification.m */; };
		597E12CE9C3D4A2A9024051B /* SQLitePlugin.m in Sources */ = {isa = PBXBuildFile; fileRef = C2E7B75E5E4245718FBE6F29 /* SQLitePlugin.m */; };
		5D77CF591650412BB77F1A64 /* CDVCamera.m in Sources */ = {isa = PBXBuildFile; fileRef = 881670A7D6A7432F8B56E4B8 /* CDVCamera.m */; };
		60A881E16C324103A2A2EADC /* CDVWKWebViewEngine.m in Sources */ = {isa = PBXBuildFile; fileRef = 535CF090B0274872BEE24049 /* CDVWKWebViewEngine.m */; };
		60F0B2F9D024418B9F5DACBE /* UNNotificationRequest+APPLocalNotification.m in Sources */ = {isa = PBXBuildFile; fileRef = D14CA158B7E44FC18700CF74 /* UNNotificationRequest+APPLocalNotification.m */; };
		6570974D1CCB40C4AA8F5B07 /* pwd2key.c in Sources */ = {isa = PBXBuildFile; fileRef = 003F6BC95251480CA0820F21 /* pwd2key.c */; };
		6AFF5BF91D6E424B00AB3073 /* CDVLaunchScreen.storyboard in Resources */ = {isa = PBXBuildFile; fileRef = 6AFF5BF81D6E424B00AB3073 /* CDVLaunchScreen.storyboard */; };
		6B750CAF0C7344F58B3B2D00 /* sqlite3.c in Sources */ = {isa = PBXBuildFile; fileRef = 1A13BC99A31A4B4E8EC4A19C /* sqlite3.c */; settings = {COMPILER_FLAGS = "-w -DSQLITE_THREADSAFE=1 -DSQLITE_DEFAULT_SYNCHRONOUS=3 -DSQLITE_DEFAULT_MEMSTATUS=0 -DSQLITE_OMIT_DECLTYPE -DSQLITE_OMIT_DEPRECATED -DSQLITE_OMIT_PROGRESS_CALLBACK -DSQLITE_OMIT_SHARED_CACHE -DSQLITE_TEMP_STORE=2 -DSQLITE_OMIT_LOAD_EXTENSION -DSQLITE_ENABLE_FTS3 -DSQLITE_ENABLE_FTS3_PARENTHESIS -DSQLITE_ENABLE_FTS4 -DSQLITE_ENABLE_RTREE -DSQLITE_DEFAULT_PAGE_SIZE=4096"; }; };
		6C8517A5E7F24808A03FF517 /* APPNotificationOptions.m in Sources */ = {isa = PBXBuildFile; fileRef = CB63A860135A4AFB944A2D67 /* APPNotificationOptions.m */; };
		6DC609FD4DFA490DAAE1C1BB /* CDVInAppBrowser.m in Sources */ = {isa = PBXBuildFile; fileRef = AE19A3DAB73947F68230848B /* CDVInAppBrowser.m */; };
		6EDB51612C754F15B6712C0E /* PushKit.framework in Frameworks */ = {isa = PBXBuildFile; fileRef = BA0CA1E82C2942C99B023286 /* PushKit.framework */; };
		71CBB89CFF8C4E05BAA8780A /* CoreTelephony.framework in Frameworks */ = {isa = PBXBuildFile; fileRef = ECA16AE2689D4A458760434A /* CoreTelephony.framework */; };
		7B5E0F5A73974FBA86D5E278 /* aestab.c in Sources */ = {isa = PBXBuildFile; fileRef = 19D259D0EE9C4193B127FD13 /* aestab.c */; };
		80E62D590571492C857CB80A /* entropy.c in Sources */ = {isa = PBXBuildFile; fileRef = A2B5C147D9FA422EA927D1D8 /* entropy.c */; };
		852364E1BF3040E09DD601B1 /* APPNotificationCategory.m in Sources */ = {isa = PBXBuildFile; fileRef = ACFDD1574EB04871B7A949EC /* APPNotificationCategory.m */; };
		8A1032B2E37B42B0A924BD24 /* libz.dylib in Frameworks */ = {isa = PBXBuildFile; fileRef = 08F9B7FC156C4969AA0A2D13 /* libz.dylib */; };
		8BC2CB8DC56B456BB9010F62 /* AVFoundation.framework in Frameworks */ = {isa = PBXBuildFile; fileRef = DB0052B792AA471D86B34297 /* AVFoundation.framework */; };
		99DB752DA7BA4D7BA4FDE3F9 /* CoreLocation.framework in Frameworks */ = {isa = PBXBuildFile; fileRef = E8CC3D438ED244278ED33E0B /* CoreLocation.framework */; };
		A0E255414747485281639AD7 /* CDVWKWebViewEngine+FileXhrFix.m in Sources */ = {isa = PBXBuildFile; fileRef = D6E523582B274B06AB554496 /* CDVWKWebViewEngine+FileXhrFix.m */; };
		A1C287A306B54672A81EA818 /* PushPlugin.m in Sources */ = {isa = PBXBuildFile; fileRef = 40C00CBA190A4C8F8480FBF1 /* PushPlugin.m */; };
		A3CF12BD9A59457A82611C36 /* APPLocalNotification.m in Sources */ = {isa = PBXBuildFile; fileRef = 008485D547A145D0AB9798A0 /* APPLocalNotification.m */; };
		A69D1A6AC03F414CAA046545 /* CDVAssetLibraryFilesystem.m in Sources */ = {isa = PBXBuildFile; fileRef = BE88B352B9004CC9AF5A8044 /* CDVAssetLibraryFilesystem.m */; };
		AF3D54E2FE3648E39E931780 /* CDVCapture.bundle in Resources */ = {isa = PBXBuildFile; fileRef = 7260223FF21D40C88150A0D8 /* CDVCapture.bundle */; };
		B26D4DEF58ED42C3B1CE1516 /* WebKit.framework in Frameworks */ = {isa = PBXBuildFile; fileRef = E8CB37E5E34747BEB3E94F87 /* WebKit.framework */; settings = {ATTRIBUTES = (Weak, ); }; };
		B4101FB191774EE3801C0BAE /* CDVInAppBrowserOptions.m in Sources */ = {isa = PBXBuildFile; fileRef = 7A2D411A0E17437382D5E207 /* CDVInAppBrowserOptions.m */; };
		B95191A0BBFA4FB19F1CEB92 /* unzip.c in Sources */ = {isa = PBXBuildFile; fileRef = 068548C722354553BA445257 /* unzip.c */; };
		BB57676D20B246F49D2EAFA0 /* aescrypt.c in Sources */ = {isa = PBXBuildFile; fileRef = A88F639905F743799B0732E8 /* aescrypt.c */; };
		BBA729817F8142189B7828DE /* CDVWKInAppBrowser.m in Sources */ = {isa = PBXBuildFile; fileRef = CDE2A117F30F4F7F8A60D8E8 /* CDVWKInAppBrowser.m */; };
		C5C46D65E070481F93E6B360 /* CDVLocalFilesystem.m in Sources */ = {isa = PBXBuildFile; fileRef = 234808AB892B426985F110DA /* CDVLocalFilesystem.m */; };
		C60FB389990D49C7B9B9084F /* CDVConnection.m in Sources */ = {isa = PBXBuildFile; fileRef = 29FC9844F96E40B7BD61A46A /* CDVConnection.m */; };
		C649D6BB2D9D21070ACAAA1E /* libPods-Unach Virtual.a in Frameworks */ = {isa = PBXBuildFile; fileRef = C84B516526A42EB8D34A9A50 /* libPods-Unach Virtual.a */; };
		C9AE215EF890493E927A03D9 /* CDVWKInAppBrowserUIDelegate.m in Sources */ = {isa = PBXBuildFile; fileRef = 2E4FCF2BC0C5492B911A609C /* CDVWKInAppBrowserUIDelegate.m */; };
		CCAA92E4F8224421ABE8EFE8 /* prng.c in Sources */ = {isa = PBXBuildFile; fileRef = 762DB18B01DE49C29C177A65 /* prng.c */; };
		CD54245EE3EC4128864EA99C /* fileenc.c in Sources */ = {isa = PBXBuildFile; fileRef = 2A2F2269B0FC47109666F1C2 /* fileenc.c */; };
		CEFF804FE2984E10B4FD81E6 /* CustomPSPDFThreadSafeMutableDictionary.m in Sources */ = {isa = PBXBuildFile; fileRef = 0C84C94D9B7A4026998E1308 /* CustomPSPDFThreadSafeMutableDictionary.m */; settings = {COMPILER_FLAGS = "-w"; }; };
		CFF00D88B5EC4240BA0BF709 /* APPNotificationContent.m in Sources */ = {isa = PBXBuildFile; fileRef = 7A8924969F154EBBBE2C1830 /* APPNotificationContent.m */; };
		D042FEA6B5414B99AECA0B98 /* FileOpener2.m in Sources */ = {isa = PBXBuildFile; fileRef = DC54D417F23948FEA9367F41 /* FileOpener2.m */; };
		D5E5C160E6A44973BBB1DBD0 /* CDVViewController+SplashScreen.m in Sources */ = {isa = PBXBuildFile; fileRef = EB95689025B54394B11BCF16 /* CDVViewController+SplashScreen.m */; };
		D64E34CC2D5F4D59984B86F8 /* CDVInAppBrowserNavigationController.m in Sources */ = {isa = PBXBuildFile; fileRef = EBC023B6DF084C5895CB5D83 /* CDVInAppBrowserNavigationController.m */; };
		D938723442B44A8CB453C7CE /* CDVUIInAppBrowser.m in Sources */ = {isa = PBXBuildFile; fileRef = 63BDAC0DA6714EB88DA1502B /* CDVUIInAppBrowser.m */; };
		DA0CF231D9484678895CB414 /* hmac.c in Sources */ = {isa = PBXBuildFile; fileRef = 87FC4EEEF1AB4777940CBBE6 /* hmac.c */; };
		DA34BD998C8943988101FAC9 /* zip.c in Sources */ = {isa = PBXBuildFile; fileRef = C700FED914834C22A3BFE0A2 /* zip.c */; };
		DA3EA6AFCE33453A89B8DEB8 /* CDVWKWebViewFileXhr.m in Sources */ = {isa = PBXBuildFile; fileRef = 9CBA4D2DF15E45DF82E339CF /* CDVWKWebViewFileXhr.m */; };
		DA8457DD2C044A48BA70CE61 /* sha1.c in Sources */ = {isa = PBXBuildFile; fileRef = 100BE50D344043DBACE95EA6 /* sha1.c */; };
		E1136F2D87204974A6689A15 /* CDVOrientation.m in Sources */ = {isa = PBXBuildFile; fileRef = E12F2E7B71E644E8B3ABC973 /* CDVOrientation.m */; };
		E4AEE171FB9A481088087EB3 /* CDVDevice.m in Sources */ = {isa = PBXBuildFile; fileRef = 8CE80A85295F49268C2BC49D /* CDVDevice.m */; };
		E7D6012C11464E5698EA6BB7 /* AppDelegate+notification.m in Sources */ = {isa = PBXBuildFile; fileRef = 8F47EBDC07764D109747294C /* AppDelegate+notification.m */; };
		FFA0E05081C24ABF817A30CD /* UIImage+CropScaleOrientation.m in Sources */ = {isa = PBXBuildFile; fileRef = 6F083D3AD1B54BF88459FE35 /* UIImage+CropScaleOrientation.m */; };
/* End PBXBuildFile section */

/* Begin PBXContainerItemProxy section */
		301BF534109A57CC0062928A /* PBXContainerItemProxy */ = {
			isa = PBXContainerItemProxy;
			containerPortal = 301BF52D109A57CC0062928A /* CordovaLib.xcodeproj */;
			proxyType = 2;
			remoteGlobalIDString = D2AAC07E0554694100DB518D;
			remoteInfo = CordovaLib;
		};
		301BF550109A68C00062928A /* PBXContainerItemProxy */ = {
			isa = PBXContainerItemProxy;
			containerPortal = 301BF52D109A57CC0062928A /* CordovaLib.xcodeproj */;
			proxyType = 1;
			remoteGlobalIDString = D2AAC07D0554694100DB518D;
			remoteInfo = CordovaLib;
		};
		907D8123214C687600058A10 /* PBXContainerItemProxy */ = {
			isa = PBXContainerItemProxy;
			containerPortal = 301BF52D109A57CC0062928A /* CordovaLib.xcodeproj */;
			proxyType = 2;
			remoteGlobalIDString = C0C01EB21E3911D50056E6CB;
			remoteInfo = Cordova;
		};
/* End PBXContainerItemProxy section */

/* Begin PBXFileReference section */
		003F6BC95251480CA0820F21 /* pwd2key.c */ = {isa = PBXFileReference; explicitFileType = undefined; fileEncoding = undefined; includeInIndex = 0; lastKnownFileType = unknown; name = pwd2key.c; path = "cordova-plugin-zip/Plugins/aes/pwd2key.c"; sourceTree = "<group>"; };
		008485D547A145D0AB9798A0 /* APPLocalNotification.m */ = {isa = PBXFileReference; explicitFileType = undefined; fileEncoding = 4; includeInIndex = 0; lastKnownFileType = sourcecode.c.objc; name = APPLocalNotification.m; path = "cordova-plugin-local-notification/APPLocalNotification.m"; sourceTree = "<group>"; };
		0207DA571B56EA530066E2B4 /* Images.xcassets */ = {isa = PBXFileReference; lastKnownFileType = folder.assetcatalog; name = Images.xcassets; path = "Unach Virtual/Images.xcassets"; sourceTree = SOURCE_ROOT; };
		04159C6A5E5740BD871E6E7D /* CDVFile.h */ = {isa = PBXFileReference; explicitFileType = undefined; fileEncoding = 4; includeInIndex = 0; lastKnownFileType = sourcecode.c.h; name = CDVFile.h; path = "cordova-plugin-file/CDVFile.h"; sourceTree = "<group>"; };
		043E4E94DC2147E2B207FA3E /* CDVWKWebViewEngine.h */ = {isa = PBXFileReference; explicitFileType = undefined; fileEncoding = 4; includeInIndex = 0; lastKnownFileType = sourcecode.c.h; name = CDVWKWebViewEngine.h; path = "cordova-plugin-wkwebview-engine/CDVWKWebViewEngine.h"; sourceTree = "<group>"; };
		068548C722354553BA445257 /* unzip.c */ = {isa = PBXFileReference; explicitFileType = undefined; fileEncoding = undefined; includeInIndex = 0; lastKnownFileType = unknown; name = unzip.c; path = "cordova-plugin-zip/Plugins/minizip/unzip.c"; sourceTree = "<group>"; };
		08AB7AD7D689483FA558CE42 /* brg_types.h */ = {isa = PBXFileReference; explicitFileType = undefined; fileEncoding = 4; includeInIndex = 0; lastKnownFileType = sourcecode.c.h; name = brg_types.h; path = "cordova-plugin-zip/Plugins/aes/brg_types.h"; sourceTree = "<group>"; };
		08E0DCC5A5E048BD9EEDD4A8 /* mztools.c */ = {isa = PBXFileReference; explicitFileType = undefined; fileEncoding = undefined; includeInIndex = 0; lastKnownFileType = unknown; name = mztools.c; path = "cordova-plugin-zip/Plugins/minizip/mztools.c"; sourceTree = "<group>"; };
		08F9B7FC156C4969AA0A2D13 /* libz.dylib */ = {isa = PBXFileReference; explicitFileType = undefined; fileEncoding = undefined; includeInIndex = 0; lastKnownFileType = "compiled.mach-o.dylib"; name = libz.dylib; path = usr/lib/libz.dylib; sourceTree = SDKROOT; };
		0A92765BB1BB49A9978EC11E /* CDVFileTransfer.m */ = {isa = PBXFileReference; explicitFileType = undefined; fileEncoding = 4; includeInIndex = 0; lastKnownFileType = sourcecode.c.objc; name = CDVFileTransfer.m; path = "cordova-plugin-file-transfer/CDVFileTransfer.m"; sourceTree = "<group>"; };
		0B8778D2EF6946E4AE6FE25B /* CDVStatusBar.h */ = {isa = PBXFileReference; explicitFileType = undefined; fileEncoding = 4; includeInIndex = 0; lastKnownFileType = sourcecode.c.h; name = CDVStatusBar.h; path = "cordova-plugin-statusbar/CDVStatusBar.h"; sourceTree = "<group>"; };
		0C84C94D9B7A4026998E1308 /* CustomPSPDFThreadSafeMutableDictionary.m */ = {isa = PBXFileReference; explicitFileType = undefined; fileEncoding = 4; includeInIndex = 0; lastKnownFileType = sourcecode.c.objc; name = CustomPSPDFThreadSafeMutableDictionary.m; path = "cordova-sqlite-storage/CustomPSPDFThreadSafeMutableDictionary.m"; sourceTree = "<group>"; };
		0F4D3DBDAA3A419B9B5A1076 /* CDVWKProcessPoolFactory.m */ = {isa = PBXFileReference; explicitFileType = undefined; fileEncoding = 4; includeInIndex = 0; lastKnownFileType = sourcecode.c.objc; name = CDVWKProcessPoolFactory.m; path = "cordova-plugin-wkwebview-engine/CDVWKProcessPoolFactory.m"; sourceTree = "<group>"; };
		100BE50D344043DBACE95EA6 /* sha1.c */ = {isa = PBXFileReference; explicitFileType = undefined; fileEncoding = undefined; includeInIndex = 0; lastKnownFileType = unknown; name = sha1.c; path = "cordova-plugin-zip/Plugins/aes/sha1.c"; sourceTree = "<group>"; };
		113307683AAE438792E102C4 /* UNNotificationRequest+APPLocalNotification.h */ = {isa = PBXFileReference; explicitFileType = undefined; fileEncoding = 4; includeInIndex = 0; lastKnownFileType = sourcecode.c.h; name = "UNNotificationRequest+APPLocalNotification.h"; path = "cordova-plugin-local-notification/UNNotificationRequest+APPLocalNotification.h"; sourceTree = "<group>"; };
		11B4AAA0D1A349A0B4AACF4F /* CDVWKWebViewFileXhr.h */ = {isa = PBXFileReference; explicitFileType = undefined; fileEncoding = 4; includeInIndex = 0; lastKnownFileType = sourcecode.c.h; name = CDVWKWebViewFileXhr.h; path = "cordova-plugin-wkwebview-file-xhr/CDVWKWebViewFileXhr.h"; sourceTree = "<group>"; };
		13E90995C10C40B3A6EB0BB1 /* CDVDevice.h */ = {isa = PBXFileReference; explicitFileType = undefined; fileEncoding = 4; includeInIndex = 0; lastKnownFileType = sourcecode.c.h; name = CDVDevice.h; path = "cordova-plugin-device/CDVDevice.h"; sourceTree = "<group>"; };
		141BB647288E4387967D2C5E /* ioapi.c */ = {isa = PBXFileReference; explicitFileType = undefined; fileEncoding = undefined; includeInIndex = 0; lastKnownFileType = unknown; name = ioapi.c; path = "cordova-plugin-zip/Plugins/minizip/ioapi.c"; sourceTree = "<group>"; };
		168DE88140E4454B9A4879D2 /* APPBadge.h */ = {isa = PBXFileReference; explicitFileType = undefined; fileEncoding = 4; includeInIndex = 0; lastKnownFileType = sourcecode.c.h; name = APPBadge.h; path = "cordova-plugin-badge/APPBadge.h"; sourceTree = "<group>"; };
		18824BBBD7074331944DBB6F /* CDVAssetLibraryFilesystem.h */ = {isa = PBXFileReference; explicitFileType = undefined; fileEncoding = 4; includeInIndex = 0; lastKnownFileType = sourcecode.c.h; name = CDVAssetLibraryFilesystem.h; path = "cordova-plugin-file/CDVAssetLibraryFilesystem.h"; sourceTree = "<group>"; };
		19D259D0EE9C4193B127FD13 /* aestab.c */ = {isa = PBXFileReference; explicitFileType = undefined; fileEncoding = undefined; includeInIndex = 0; lastKnownFileType = unknown; name = aestab.c; path = "cordova-plugin-zip/Plugins/aes/aestab.c"; sourceTree = "<group>"; };
		1A13BC99A31A4B4E8EC4A19C /* sqlite3.c */ = {isa = PBXFileReference; explicitFileType = undefined; fileEncoding = undefined; includeInIndex = 0; lastKnownFileType = unknown; name = sqlite3.c; path = "cordova-sqlite-storage/sqlite3.c"; sourceTree = "<group>"; };
		1AB2F51340524EF2849E4C57 /* Common.h */ = {isa = PBXFileReference; explicitFileType = undefined; fileEncoding = 4; includeInIndex = 0; lastKnownFileType = sourcecode.c.h; name = Common.h; path = "cordova-plugin-zip/Common.h"; sourceTree = "<group>"; };
		1D3623240D0F684500981E51 /* AppDelegate.h */ = {isa = PBXFileReference; fileEncoding = 4; lastKnownFileType = sourcecode.c.h; path = AppDelegate.h; sourceTree = "<group>"; };
		1D3623250D0F684500981E51 /* AppDelegate.m */ = {isa = PBXFileReference; fileEncoding = 4; lastKnownFileType = sourcecode.c.objc; path = AppDelegate.m; sourceTree = "<group>"; };
		1D6058910D05DD3D006BFB54 /* Unach Virtual.app */ = {isa = PBXFileReference; explicitFileType = wrapper.application; includeInIndex = 0; path = "Unach Virtual.app"; sourceTree = BUILT_PRODUCTS_DIR; };
		20F87DD181874E8FBDEE93E5 /* SSZipArchive.m */ = {isa = PBXFileReference; explicitFileType = undefined; fileEncoding = 4; includeInIndex = 0; lastKnownFileType = sourcecode.c.objc; name = SSZipArchive.m; path = "cordova-plugin-zip/Plugins/minizip/SSZipArchive.m"; sourceTree = "<group>"; };
		21F9896FC4884A35AF50C8EF /* FileOpener2.h */ = {isa = PBXFileReference; explicitFileType = undefined; fileEncoding = 4; includeInIndex = 0; lastKnownFileType = sourcecode.c.h; name = FileOpener2.h; path = "cordova-plugin-file-opener2/FileOpener2.h"; sourceTree = "<group>"; };
		2274C8ED8C0B4A57B8454717 /* prng.h */ = {isa = PBXFileReference; explicitFileType = undefined; fileEncoding = 4; includeInIndex = 0; lastKnownFileType = sourcecode.c.h; name = prng.h; path = "cordova-plugin-zip/Plugins/aes/prng.h"; sourceTree = "<group>"; };
		234808AB892B426985F110DA /* CDVLocalFilesystem.m */ = {isa = PBXFileReference; explicitFileType = undefined; fileEncoding = 4; includeInIndex = 0; lastKnownFileType = sourcecode.c.objc; name = CDVLocalFilesystem.m; path = "cordova-plugin-file/CDVLocalFilesystem.m"; sourceTree = "<group>"; };
		263F0038D93A4AB38B517057 /* CDVFile.m */ = {isa = PBXFileReference; explicitFileType = undefined; fileEncoding = 4; includeInIndex = 0; lastKnownFileType = sourcecode.c.objc; name = CDVFile.m; path = "cordova-plugin-file/CDVFile.m"; sourceTree = "<group>"; };
		29B4FEFF5B154EF4BBFDAF43 /* zip.h */ = {isa = PBXFileReference; explicitFileType = undefined; fileEncoding = 4; includeInIndex = 0; lastKnownFileType = sourcecode.c.h; name = zip.h; path = "cordova-plugin-zip/Plugins/minizip/zip.h"; sourceTree = "<group>"; };
		29B97316FDCFA39411CA2CEA /* main.m */ = {isa = PBXFileReference; fileEncoding = 4; lastKnownFileType = sourcecode.c.objc; path = main.m; sourceTree = "<group>"; };
		29FC9844F96E40B7BD61A46A /* CDVConnection.m */ = {isa = PBXFileReference; explicitFileType = undefined; fileEncoding = 4; includeInIndex = 0; lastKnownFileType = sourcecode.c.objc; name = CDVConnection.m; path = "cordova-plugin-network-information/CDVConnection.m"; sourceTree = "<group>"; };
		2A2F2269B0FC47109666F1C2 /* fileenc.c */ = {isa = PBXFileReference; explicitFileType = undefined; fileEncoding = undefined; includeInIndex = 0; lastKnownFileType = unknown; name = fileenc.c; path = "cordova-plugin-zip/Plugins/aes/fileenc.c"; sourceTree = "<group>"; };
		2D1982BA402D46DC9BA84F26 /* CDVInAppBrowserOptions.h */ = {isa = PBXFileReference; explicitFileType = undefined; fileEncoding = 4; includeInIndex = 0; lastKnownFileType = sourcecode.c.h; name = CDVInAppBrowserOptions.h; path = "cordova-plugin-inappbrowser/CDVInAppBrowserOptions.h"; sourceTree = "<group>"; };
		2E4FCF2BC0C5492B911A609C /* CDVWKInAppBrowserUIDelegate.m */ = {isa = PBXFileReference; explicitFileType = undefined; fileEncoding = 4; includeInIndex = 0; lastKnownFileType = sourcecode.c.objc; name = CDVWKInAppBrowserUIDelegate.m; path = "cordova-plugin-inappbrowser/CDVWKInAppBrowserUIDelegate.m"; sourceTree = "<group>"; };
		2EDDB869E33F41BAB0BC134D /* CDVClipboard.h */ = {isa = PBXFileReference; explicitFileType = undefined; fileEncoding = 4; includeInIndex = 0; lastKnownFileType = sourcecode.c.h; name = CDVClipboard.h; path = "cordova-clipboard/CDVClipboard.h"; sourceTree = "<group>"; };
		301BF52D109A57CC0062928A /* CordovaLib.xcodeproj */ = {isa = PBXFileReference; lastKnownFileType = "wrapper.pb-project"; name = CordovaLib.xcodeproj; path = CordovaLib/CordovaLib.xcodeproj; sourceTree = "<group>"; };
		301BF56E109A69640062928A /* www */ = {isa = PBXFileReference; lastKnownFileType = folder; path = www; sourceTree = SOURCE_ROOT; };
		302D95EE14D2391D003F00A1 /* MainViewController.h */ = {isa = PBXFileReference; fileEncoding = 4; lastKnownFileType = sourcecode.c.h; path = MainViewController.h; sourceTree = "<group>"; };
		302D95EF14D2391D003F00A1 /* MainViewController.m */ = {isa = PBXFileReference; fileEncoding = 4; lastKnownFileType = sourcecode.c.objc; path = MainViewController.m; sourceTree = "<group>"; };
		302D95F014D2391D003F00A1 /* MainViewController.xib */ = {isa = PBXFileReference; fileEncoding = 4; lastKnownFileType = file.xib; path = MainViewController.xib; sourceTree = "<group>"; };
		3047A50F1AB8059700498E2A /* build-debug.xcconfig */ = {isa = PBXFileReference; fileEncoding = 4; lastKnownFileType = text.xcconfig; name = "build-debug.xcconfig"; path = "cordova/build-debug.xcconfig"; sourceTree = SOURCE_ROOT; };
		3047A5101AB8059700498E2A /* build-release.xcconfig */ = {isa = PBXFileReference; fileEncoding = 4; lastKnownFileType = text.xcconfig; name = "build-release.xcconfig"; path = "cordova/build-release.xcconfig"; sourceTree = SOURCE_ROOT; };
		3047A5111AB8059700498E2A /* build.xcconfig */ = {isa = PBXFileReference; fileEncoding = 4; lastKnownFileType = text.xcconfig; name = build.xcconfig; path = cordova/build.xcconfig; sourceTree = SOURCE_ROOT; };
		3218E5459EE14291B5D005A1 /* CDVLocation.h */ = {isa = PBXFileReference; explicitFileType = undefined; fileEncoding = 4; includeInIndex = 0; lastKnownFileType = sourcecode.c.h; name = CDVLocation.h; path = "cordova-plugin-geolocation/CDVLocation.h"; sourceTree = "<group>"; };
		324A15BA063F44F3ADD2D467 /* CDVReachability.m */ = {isa = PBXFileReference; explicitFileType = undefined; fileEncoding = 4; includeInIndex = 0; lastKnownFileType = sourcecode.c.objc; name = CDVReachability.m; path = "cordova-plugin-network-information/CDVReachability.m"; sourceTree = "<group>"; };
		32CA4F630368D1EE00C91783 /* Unach Virtual-Prefix.pch */ = {isa = PBXFileReference; fileEncoding = 4; lastKnownFileType = sourcecode.c.h; path = "Unach Virtual-Prefix.pch"; sourceTree = "<group>"; };
		3A322AEAA7614F3EA3F1C73C /* CDVFileTransfer.h */ = {isa = PBXFileReference; explicitFileType = undefined; fileEncoding = 4; includeInIndex = 0; lastKnownFileType = sourcecode.c.h; name = CDVFileTransfer.h; path = "cordova-plugin-file-transfer/CDVFileTransfer.h"; sourceTree = "<group>"; };
		3A97A4A4E4514F3D8E7CCB15 /* APPBadge.m */ = {isa = PBXFileReference; explicitFileType = undefined; fileEncoding = 4; includeInIndex = 0; lastKnownFileType = sourcecode.c.objc; name = APPBadge.m; path = "cordova-plugin-badge/APPBadge.m"; sourceTree = "<group>"; };
		3B7C36304EDF40FD9CFCE729 /* GoogleService-Info.plist */ = {isa = PBXFileReference; explicitFileType = undefined; fileEncoding = 4; includeInIndex = 0; lastKnownFileType = text.plist.xml; name = "GoogleService-Info.plist"; path = "GoogleService-Info.plist"; sourceTree = "<group>"; };
		3C27CC380163411F95F7CD51 /* sha1.h */ = {isa = PBXFileReference; explicitFileType = undefined; fileEncoding = 4; includeInIndex = 0; lastKnownFileType = sourcecode.c.h; name = sha1.h; path = "cordova-plugin-zip/Plugins/aes/sha1.h"; sourceTree = "<group>"; };
		3F55E82C2D2741988D8D47CA /* ZipPlugin.m */ = {isa = PBXFileReference; explicitFileType = undefined; fileEncoding = 4; includeInIndex = 0; lastKnownFileType = sourcecode.c.objc; name = ZipPlugin.m; path = "cordova-plugin-zip/ZipPlugin.m"; sourceTree = "<group>"; };
		40C00CBA190A4C8F8480FBF1 /* PushPlugin.m */ = {isa = PBXFileReference; explicitFileType = undefined; fileEncoding = 4; includeInIndex = 0; lastKnownFileType = sourcecode.c.objc; name = PushPlugin.m; path = "phonegap-plugin-push/PushPlugin.m"; sourceTree = "<group>"; };
		459DFF01BC084FAF8F7272F3 /* CDVSplashScreen.m */ = {isa = PBXFileReference; explicitFileType = undefined; fileEncoding = 4; includeInIndex = 0; lastKnownFileType = sourcecode.c.objc; name = CDVSplashScreen.m; path = "cordova-plugin-splashscreen/CDVSplashScreen.m"; sourceTree = "<group>"; };
		4671C4ABA00E4ADA86EDF6F3 /* CDVGlobalization.m */ = {isa = PBXFileReference; explicitFileType = undefined; fileEncoding = 4; includeInIndex = 0; lastKnownFileType = sourcecode.c.objc; name = CDVGlobalization.m; path = "cordova-plugin-globalization/CDVGlobalization.m"; sourceTree = "<group>"; };
		498E6E7073FD481FA7048659 /* CDVConnection.h */ = {isa = PBXFileReference; explicitFileType = undefined; fileEncoding = 4; includeInIndex = 0; lastKnownFileType = sourcecode.c.h; name = CDVConnection.h; path = "cordova-plugin-network-information/CDVConnection.h"; sourceTree = "<group>"; };
		49E832670B6546D6A48C4BB1 /* CDVWKInAppBrowser.h */ = {isa = PBXFileReference; explicitFileType = undefined; fileEncoding = 4; includeInIndex = 0; lastKnownFileType = sourcecode.c.h; name = CDVWKInAppBrowser.h; path = "cordova-plugin-inappbrowser/CDVWKInAppBrowser.h"; sourceTree = "<group>"; };
		4A0F90781F424FAA873BE292 /* SystemConfiguration.framework */ = {isa = PBXFileReference; explicitFileType = undefined; fileEncoding = undefined; includeInIndex = 0; lastKnownFileType = wrapper.framework; name = SystemConfiguration.framework; path = System/Library/Frameworks/SystemConfiguration.framework; sourceTree = SDKROOT; };
		4C0174D5A4184CB28CDB9887 /* CDVJpegHeaderWriter.m */ = {isa = PBXFileReference; explicitFileType = undefined; fileEncoding = 4; includeInIndex = 0; lastKnownFileType = sourcecode.c.objc; name = CDVJpegHeaderWriter.m; path = "cordova-plugin-camera/CDVJpegHeaderWriter.m"; sourceTree = "<group>"; };
		4EC1E528D2EC485D9508DD91 /* aestab.h */ = {isa = PBXFileReference; explicitFileType = undefined; fileEncoding = 4; includeInIndex = 0; lastKnownFileType = sourcecode.c.h; name = aestab.h; path = "cordova-plugin-zip/Plugins/aes/aestab.h"; sourceTree = "<group>"; };
		50BC1A78FE0B4D0EAA66EEDB /* CDVWKWebViewUIDelegate.h */ = {isa = PBXFileReference; explicitFileType = undefined; fileEncoding = 4; includeInIndex = 0; lastKnownFileType = sourcecode.c.h; name = CDVWKWebViewUIDelegate.h; path = "cordova-plugin-wkwebview-engine/CDVWKWebViewUIDelegate.h"; sourceTree = "<group>"; };
		512305CCBED640EAADEA01E2 /* CDVReachability.h */ = {isa = PBXFileReference; explicitFileType = undefined; fileEncoding = 4; includeInIndex = 0; lastKnownFileType = sourcecode.c.h; name = CDVReachability.h; path = "cordova-plugin-network-information/CDVReachability.h"; sourceTree = "<group>"; };
		51B631F00B984B13AD522B66 /* sqlite3.h */ = {isa = PBXFileReference; explicitFileType = undefined; fileEncoding = 4; includeInIndex = 0; lastKnownFileType = sourcecode.c.h; name = sqlite3.h; path = "cordova-sqlite-storage/sqlite3.h"; sourceTree = "<group>"; };
		535CF090B0274872BEE24049 /* CDVWKWebViewEngine.m */ = {isa = PBXFileReference; explicitFileType = undefined; fileEncoding = 4; includeInIndex = 0; lastKnownFileType = sourcecode.c.objc; name = CDVWKWebViewEngine.m; path = "cordova-plugin-wkwebview-engine/CDVWKWebViewEngine.m"; sourceTree = "<group>"; };
		54B16322C774404680F22145 /* CDVExif.h */ = {isa = PBXFileReference; explicitFileType = undefined; fileEncoding = 4; includeInIndex = 0; lastKnownFileType = sourcecode.c.h; name = CDVExif.h; path = "cordova-plugin-camera/CDVExif.h"; sourceTree = "<group>"; };
		5841851DD5A1F6E79B836384 /* Pods-Unach Virtual.debug.xcconfig */ = {isa = PBXFileReference; includeInIndex = 1; lastKnownFileType = text.xcconfig; name = "Pods-Unach Virtual.debug.xcconfig"; path = "Target Support Files/Pods-Unach Virtual/Pods-Unach Virtual.debug.xcconfig"; sourceTree = "<group>"; };
		5B6938CB51F1482FB7C16720 /* AppDelegate+notification.h */ = {isa = PBXFileReference; explicitFileType = undefined; fileEncoding = 4; includeInIndex = 0; lastKnownFileType = sourcecode.c.h; name = "AppDelegate+notification.h"; path = "phonegap-plugin-push/AppDelegate+notification.h"; sourceTree = "<group>"; };
		5D5E4AE3C91A47FCAA6344BA /* CDVWKInAppBrowserUIDelegate.h */ = {isa = PBXFileReference; explicitFileType = undefined; fileEncoding = 4; includeInIndex = 0; lastKnownFileType = sourcecode.c.h; name = CDVWKInAppBrowserUIDelegate.h; path = "cordova-plugin-inappbrowser/CDVWKInAppBrowserUIDelegate.h"; sourceTree = "<group>"; };
		62400722349A440F9745BD18 /* aes.h */ = {isa = PBXFileReference; explicitFileType = undefined; fileEncoding = 4; includeInIndex = 0; lastKnownFileType = sourcecode.c.h; name = aes.h; path = "cordova-plugin-zip/Plugins/aes/aes.h"; sourceTree = "<group>"; };
		625D995E5B6241E5A7371FD6 /* UNUserNotificationCenter+APPLocalNotification.m */ = {isa = PBXFileReference; explicitFileType = undefined; fileEncoding = 4; includeInIndex = 0; lastKnownFileType = sourcecode.c.objc; name = "UNUserNotificationCenter+APPLocalNotification.m"; path = "cordova-plugin-local-notification/UNUserNotificationCenter+APPLocalNotification.m"; sourceTree = "<group>"; };
		63BDAC0DA6714EB88DA1502B /* CDVUIInAppBrowser.m */ = {isa = PBXFileReference; explicitFileType = undefined; fileEncoding = 4; includeInIndex = 0; lastKnownFileType = sourcecode.c.objc; name = CDVUIInAppBrowser.m; path = "cordova-plugin-inappbrowser/CDVUIInAppBrowser.m"; sourceTree = "<group>"; };
		66A9B9161F684B148EE180CE /* hmac.h */ = {isa = PBXFileReference; explicitFileType = undefined; fileEncoding = 4; includeInIndex = 0; lastKnownFileType = sourcecode.c.h; name = hmac.h; path = "cordova-plugin-zip/Plugins/aes/hmac.h"; sourceTree = "<group>"; };
		6AFF5BF81D6E424B00AB3073 /* CDVLaunchScreen.storyboard */ = {isa = PBXFileReference; fileEncoding = 4; lastKnownFileType = file.storyboard; name = CDVLaunchScreen.storyboard; path = "Unach Virtual/CDVLaunchScreen.storyboard"; sourceTree = SOURCE_ROOT; };
		6F083D3AD1B54BF88459FE35 /* UIImage+CropScaleOrientation.m */ = {isa = PBXFileReference; explicitFileType = undefined; fileEncoding = 4; includeInIndex = 0; lastKnownFileType = sourcecode.c.objc; name = "UIImage+CropScaleOrientation.m"; path = "cordova-plugin-camera/UIImage+CropScaleOrientation.m"; sourceTree = "<group>"; };
		7260223FF21D40C88150A0D8 /* CDVCapture.bundle */ = {isa = PBXFileReference; explicitFileType = undefined; fileEncoding = undefined; includeInIndex = 0; lastKnownFileType = "wrapper.plug-in"; name = CDVCapture.bundle; path = CDVCapture.bundle; sourceTree = "<group>"; };
		72C404810E304B0086414F87 /* CDVGlobalization.h */ = {isa = PBXFileReference; explicitFileType = undefined; fileEncoding = 4; includeInIndex = 0; lastKnownFileType = sourcecode.c.h; name = CDVGlobalization.h; path = "cordova-plugin-globalization/CDVGlobalization.h"; sourceTree = "<group>"; };
		731084003F894824B9E9F959 /* SQLitePlugin.h */ = {isa = PBXFileReference; explicitFileType = undefined; fileEncoding = 4; includeInIndex = 0; lastKnownFileType = sourcecode.c.h; name = SQLitePlugin.h; path = "cordova-sqlite-storage/SQLitePlugin.h"; sourceTree = "<group>"; };
		74F37CB57C95457B9AB29804 /* CDVCamera.h */ = {isa = PBXFileReference; explicitFileType = undefined; fileEncoding = 4; includeInIndex = 0; lastKnownFileType = sourcecode.c.h; name = CDVCamera.h; path = "cordova-plugin-camera/CDVCamera.h"; sourceTree = "<group>"; };
		762DB18B01DE49C29C177A65 /* prng.c */ = {isa = PBXFileReference; explicitFileType = undefined; fileEncoding = undefined; includeInIndex = 0; lastKnownFileType = unknown; name = prng.c; path = "cordova-plugin-zip/Plugins/aes/prng.c"; sourceTree = "<group>"; };
		7635DC6EFF36499095384DF0 /* CDVSplashScreen.h */ = {isa = PBXFileReference; explicitFileType = undefined; fileEncoding = 4; includeInIndex = 0; lastKnownFileType = sourcecode.c.h; name = CDVSplashScreen.h; path = "cordova-plugin-splashscreen/CDVSplashScreen.h"; sourceTree = "<group>"; };
		77601F43529D49F8A46D4047 /* CDVLocation.m */ = {isa = PBXFileReference; explicitFileType = undefined; fileEncoding = 4; includeInIndex = 0; lastKnownFileType = sourcecode.c.objc; name = CDVLocation.m; path = "cordova-plugin-geolocation/CDVLocation.m"; sourceTree = "<group>"; };
		78D2C8AA2DBA4A59869C2351 /* PushPlugin.h */ = {isa = PBXFileReference; explicitFileType = undefined; fileEncoding = 4; includeInIndex = 0; lastKnownFileType = sourcecode.c.h; name = PushPlugin.h; path = "phonegap-plugin-push/PushPlugin.h"; sourceTree = "<group>"; };
		7A2D411A0E17437382D5E207 /* CDVInAppBrowserOptions.m */ = {isa = PBXFileReference; explicitFileType = undefined; fileEncoding = 4; includeInIndex = 0; lastKnownFileType = sourcecode.c.objc; name = CDVInAppBrowserOptions.m; path = "cordova-plugin-inappbrowser/CDVInAppBrowserOptions.m"; sourceTree = "<group>"; };
		7A8924969F154EBBBE2C1830 /* APPNotificationContent.m */ = {isa = PBXFileReference; explicitFileType = undefined; fileEncoding = 4; includeInIndex = 0; lastKnownFileType = sourcecode.c.objc; name = APPNotificationContent.m; path = "cordova-plugin-local-notification/APPNotificationContent.m"; sourceTree = "<group>"; };
		7B994F6ABB224B52BC61B5BC /* CDVWKProcessPoolFactory.h */ = {isa = PBXFileReference; explicitFileType = undefined; fileEncoding = 4; includeInIndex = 0; lastKnownFileType = sourcecode.c.h; name = CDVWKProcessPoolFactory.h; path = "cordova-plugin-wkwebview-engine/CDVWKProcessPoolFactory.h"; sourceTree = "<group>"; };
		809F229181F34D8C9F09A496 /* CDVClipboard.m */ = {isa = PBXFileReference; explicitFileType = undefined; fileEncoding = 4; includeInIndex = 0; lastKnownFileType = sourcecode.c.objc; name = CDVClipboard.m; path = "cordova-clipboard/CDVClipboard.m"; sourceTree = "<group>"; };
		87FC4EEEF1AB4777940CBBE6 /* hmac.c */ = {isa = PBXFileReference; explicitFileType = undefined; fileEncoding = undefined; includeInIndex = 0; lastKnownFileType = unknown; name = hmac.c; path = "cordova-plugin-zip/Plugins/aes/hmac.c"; sourceTree = "<group>"; };
		881670A7D6A7432F8B56E4B8 /* CDVCamera.m */ = {isa = PBXFileReference; explicitFileType = undefined; fileEncoding = 4; includeInIndex = 0; lastKnownFileType = sourcecode.c.objc; name = CDVCamera.m; path = "cordova-plugin-camera/CDVCamera.m"; sourceTree = "<group>"; };
		893B90183B734A64852D661B /* mztools.h */ = {isa = PBXFileReference; explicitFileType = undefined; fileEncoding = 4; includeInIndex = 0; lastKnownFileType = sourcecode.c.h; name = mztools.h; path = "cordova-plugin-zip/Plugins/minizip/mztools.h"; sourceTree = "<group>"; };
		8CE80A85295F49268C2BC49D /* CDVDevice.m */ = {isa = PBXFileReference; explicitFileType = undefined; fileEncoding = 4; includeInIndex = 0; lastKnownFileType = sourcecode.c.objc; name = CDVDevice.m; path = "cordova-plugin-device/CDVDevice.m"; sourceTree = "<group>"; };
		8D1107310486CEB800E47090 /* Unach Virtual-Info.plist */ = {isa = PBXFileReference; fileEncoding = 4; lastKnownFileType = text.plist.xml; name = "Unach Virtual-Info.plist"; path = "Unach Virtual/Unach Virtual-Info.plist"; plistStructureDefinitionIdentifier = "com.apple.xcode.plist.structure-definition.iphone.info-plist"; sourceTree = SOURCE_ROOT; };
		8F47EBDC07764D109747294C /* AppDelegate+notification.m */ = {isa = PBXFileReference; explicitFileType = undefined; fileEncoding = 4; includeInIndex = 0; lastKnownFileType = sourcecode.c.objc; name = "AppDelegate+notification.m"; path = "phonegap-plugin-push/AppDelegate+notification.m"; sourceTree = "<group>"; };
		95751C958F0C4E5E8FEF808A /* UserNotifications.framework */ = {isa = PBXFileReference; explicitFileType = undefined; fileEncoding = undefined; includeInIndex = 0; lastKnownFileType = wrapper.framework; name = UserNotifications.framework; path = System/Library/Frameworks/UserNotifications.framework; sourceTree = SDKROOT; };
		9A17607D447448D6AD4489F8 /* entropy.h */ = {isa = PBXFileReference; explicitFileType = undefined; fileEncoding = 4; includeInIndex = 0; lastKnownFileType = sourcecode.c.h; name = entropy.h; path = "cordova-plugin-zip/Plugins/aes/entropy.h"; sourceTree = "<group>"; };
		9CBA4D2DF15E45DF82E339CF /* CDVWKWebViewFileXhr.m */ = {isa = PBXFileReference; explicitFileType = undefined; fileEncoding = 4; includeInIndex = 0; lastKnownFileType = sourcecode.c.objc; name = CDVWKWebViewFileXhr.m; path = "cordova-plugin-wkwebview-file-xhr/CDVWKWebViewFileXhr.m"; sourceTree = "<group>"; };
		A0537A2612E9423C8578C4DD /* CDVJpegHeaderWriter.h */ = {isa = PBXFileReference; explicitFileType = undefined; fileEncoding = 4; includeInIndex = 0; lastKnownFileType = sourcecode.c.h; name = CDVJpegHeaderWriter.h; path = "cordova-plugin-camera/CDVJpegHeaderWriter.h"; sourceTree = "<group>"; };
		A29A7E5C47FD4ABD9878D4BD /* APPNotificationOptions.h */ = {isa = PBXFileReference; explicitFileType = undefined; fileEncoding = 4; includeInIndex = 0; lastKnownFileType = sourcecode.c.h; name = APPNotificationOptions.h; path = "cordova-plugin-local-notification/APPNotificationOptions.h"; sourceTree = "<group>"; };
		A2B5C147D9FA422EA927D1D8 /* entropy.c */ = {isa = PBXFileReference; explicitFileType = undefined; fileEncoding = undefined; includeInIndex = 0; lastKnownFileType = unknown; name = entropy.c; path = "cordova-plugin-zip/Plugins/aes/entropy.c"; sourceTree = "<group>"; };
		A78ECCDAD31E46EC9130C954 /* APPNotificationCategory.h */ = {isa = PBXFileReference; explicitFileType = undefined; fileEncoding = 4; includeInIndex = 0; lastKnownFileType = sourcecode.c.h; name = APPNotificationCategory.h; path = "cordova-plugin-local-notification/APPNotificationCategory.h"; sourceTree = "<group>"; };
		A7EA0CBC03B84098BCB087A0 /* CDVInAppBrowserNavigationController.h */ = {isa = PBXFileReference; explicitFileType = undefined; fileEncoding = 4; includeInIndex = 0; lastKnownFileType = sourcecode.c.h; name = CDVInAppBrowserNavigationController.h; path = "cordova-plugin-inappbrowser/CDVInAppBrowserNavigationController.h"; sourceTree = "<group>"; };
		A88F639905F743799B0732E8 /* aescrypt.c */ = {isa = PBXFileReference; explicitFileType = undefined; fileEncoding = undefined; includeInIndex = 0; lastKnownFileType = unknown; name = aescrypt.c; path = "cordova-plugin-zip/Plugins/aes/aescrypt.c"; sourceTree = "<group>"; };
		A97B6A4289C6476AAFEC5B16 /* CDVUIInAppBrowser.h */ = {isa = PBXFileReference; explicitFileType = undefined; fileEncoding = 4; includeInIndex = 0; lastKnownFileType = sourcecode.c.h; name = CDVUIInAppBrowser.h; path = "cordova-plugin-inappbrowser/CDVUIInAppBrowser.h"; sourceTree = "<group>"; };
		AAE0409F6EF641CE8C11B8EE /* aes_via_ace.h */ = {isa = PBXFileReference; explicitFileType = undefined; fileEncoding = 4; includeInIndex = 0; lastKnownFileType = sourcecode.c.h; name = aes_via_ace.h; path = "cordova-plugin-zip/Plugins/aes/aes_via_ace.h"; sourceTree = "<group>"; };
		AC7AD5024DA845B9B2DE1E07 /* unzip.h */ = {isa = PBXFileReference; explicitFileType = undefined; fileEncoding = 4; includeInIndex = 0; lastKnownFileType = sourcecode.c.h; name = unzip.h; path = "cordova-plugin-zip/Plugins/minizip/unzip.h"; sourceTree = "<group>"; };
		ACFDD1574EB04871B7A949EC /* APPNotificationCategory.m */ = {isa = PBXFileReference; explicitFileType = undefined; fileEncoding = 4; includeInIndex = 0; lastKnownFileType = sourcecode.c.objc; name = APPNotificationCategory.m; path = "cordova-plugin-local-notification/APPNotificationCategory.m"; sourceTree = "<group>"; };
		AD5F22A01AEF460F86342BF7 /* CDVWKWebViewEngine+FileXhrFix.h */ = {isa = PBXFileReference; explicitFileType = undefined; fileEncoding = 4; includeInIndex = 0; lastKnownFileType = sourcecode.c.h; name = "CDVWKWebViewEngine+FileXhrFix.h"; path = "cordova-plugin-wkwebviewxhrfix/CDVWKWebViewEngine+FileXhrFix.h"; sourceTree = "<group>"; };
		AE17C8F598674AC891FC826E /* CDVCapture.h */ = {isa = PBXFileReference; explicitFileType = undefined; fileEncoding = 4; includeInIndex = 0; lastKnownFileType = sourcecode.c.h; name = CDVCapture.h; path = "cordova-plugin-media-capture/CDVCapture.h"; sourceTree = "<group>"; };
		AE19A3DAB73947F68230848B /* CDVInAppBrowser.m */ = {isa = PBXFileReference; explicitFileType = undefined; fileEncoding = 4; includeInIndex = 0; lastKnownFileType = sourcecode.c.objc; name = CDVInAppBrowser.m; path = "cordova-plugin-inappbrowser/CDVInAppBrowser.m"; sourceTree = "<group>"; };
		AF05808C3A614096BB771036 /* CDVViewController+SplashScreen.h */ = {isa = PBXFileReference; explicitFileType = undefined; fileEncoding = 4; includeInIndex = 0; lastKnownFileType = sourcecode.c.h; name = "CDVViewController+SplashScreen.h"; path = "cordova-plugin-splashscreen/CDVViewController+SplashScreen.h"; sourceTree = "<group>"; };
		AFC7BA7CC68B4620BDF20934 /* CDVWKWebViewUIDelegate.m */ = {isa = PBXFileReference; explicitFileType = undefined; fileEncoding = 4; includeInIndex = 0; lastKnownFileType = sourcecode.c.objc; name = CDVWKWebViewUIDelegate.m; path = "cordova-plugin-wkwebview-engine/CDVWKWebViewUIDelegate.m"; sourceTree = "<group>"; };
		B08D9571FBB64125B62385A1 /* ioapi.h */ = {isa = PBXFileReference; explicitFileType = undefined; fileEncoding = 4; includeInIndex = 0; lastKnownFileType = sourcecode.c.h; name = ioapi.h; path = "cordova-plugin-zip/Plugins/minizip/ioapi.h"; sourceTree = "<group>"; };
		B16C3C826D6A4DD6B1E10E04 /* aeskey.c */ = {isa = PBXFileReference; explicitFileType = undefined; fileEncoding = undefined; includeInIndex = 0; lastKnownFileType = unknown; name = aeskey.c; path = "cordova-plugin-zip/Plugins/aes/aeskey.c"; sourceTree = "<group>"; };
		B3727437395143F089069809 /* CDVCapture.m */ = {isa = PBXFileReference; explicitFileType = undefined; fileEncoding = 4; includeInIndex = 0; lastKnownFileType = sourcecode.c.objc; name = CDVCapture.m; path = "cordova-plugin-media-capture/CDVCapture.m"; sourceTree = "<group>"; };
		B4E7DCBA5E404F8BAD9C21EE /* CDVOrientation.h */ = {isa = PBXFileReference; explicitFileType = undefined; fileEncoding = 4; includeInIndex = 0; lastKnownFileType = sourcecode.c.h; name = CDVOrientation.h; path = "cordova-plugin-screen-orientation/CDVOrientation.h"; sourceTree = "<group>"; };
		BA0CA1E82C2942C99B023286 /* PushKit.framework */ = {isa = PBXFileReference; explicitFileType = undefined; fileEncoding = undefined; includeInIndex = 0; lastKnownFileType = wrapper.framework; name = PushKit.framework; path = System/Library/Frameworks/PushKit.framework; sourceTree = SDKROOT; };
		BB27AE0A99834521A5278481 /* APPLocalNotification.h */ = {isa = PBXFileReference; explicitFileType = undefined; fileEncoding = 4; includeInIndex = 0; lastKnownFileType = sourcecode.c.h; name = APPLocalNotification.h; path = "cordova-plugin-local-notification/APPLocalNotification.h"; sourceTree = "<group>"; };
		BE88B352B9004CC9AF5A8044 /* CDVAssetLibraryFilesystem.m */ = {isa = PBXFileReference; explicitFileType = undefined; fileEncoding = 4; includeInIndex = 0; lastKnownFileType = sourcecode.c.objc; name = CDVAssetLibraryFilesystem.m; path = "cordova-plugin-file/CDVAssetLibraryFilesystem.m"; sourceTree = "<group>"; };
		C0A97D7E869247A88B3E7A6F /* SSZipArchive.h */ = {isa = PBXFileReference; explicitFileType = undefined; fileEncoding = 4; includeInIndex = 0; lastKnownFileType = sourcecode.c.h; name = SSZipArchive.h; path = "cordova-plugin-zip/Plugins/minizip/SSZipArchive.h"; sourceTree = "<group>"; };
		C2E7B75E5E4245718FBE6F29 /* SQLitePlugin.m */ = {isa = PBXFileReference; explicitFileType = undefined; fileEncoding = 4; includeInIndex = 0; lastKnownFileType = sourcecode.c.objc; name = SQLitePlugin.m; path = "cordova-sqlite-storage/SQLitePlugin.m"; sourceTree = "<group>"; };
		C6D4FB2E9F9642238D5D88C8 /* APPNotificationContent.h */ = {isa = PBXFileReference; explicitFileType = undefined; fileEncoding = 4; includeInIndex = 0; lastKnownFileType = sourcecode.c.h; name = APPNotificationContent.h; path = "cordova-plugin-local-notification/APPNotificationContent.h"; sourceTree = "<group>"; };
		C700FED914834C22A3BFE0A2 /* zip.c */ = {isa = PBXFileReference; explicitFileType = undefined; fileEncoding = undefined; includeInIndex = 0; lastKnownFileType = unknown; name = zip.c; path = "cordova-plugin-zip/Plugins/minizip/zip.c"; sourceTree = "<group>"; };
		C84B516526A42EB8D34A9A50 /* libPods-Unach Virtual.a */ = {isa = PBXFileReference; explicitFileType = archive.ar; includeInIndex = 0; path = "libPods-Unach Virtual.a"; sourceTree = BUILT_PRODUCTS_DIR; };
		C91412B4F5C54AF382DDABEB /* pwd2key.h */ = {isa = PBXFileReference; explicitFileType = undefined; fileEncoding = 4; includeInIndex = 0; lastKnownFileType = sourcecode.c.h; name = pwd2key.h; path = "cordova-plugin-zip/Plugins/aes/pwd2key.h"; sourceTree = "<group>"; };
		CB63A860135A4AFB944A2D67 /* APPNotificationOptions.m */ = {isa = PBXFileReference; explicitFileType = undefined; fileEncoding = 4; includeInIndex = 0; lastKnownFileType = sourcecode.c.objc; name = APPNotificationOptions.m; path = "cordova-plugin-local-notification/APPNotificationOptions.m"; sourceTree = "<group>"; };
		CCB5988C0061459E9D8A5027 /* CDVInAppBrowser.h */ = {isa = PBXFileReference; explicitFileType = undefined; fileEncoding = 4; includeInIndex = 0; lastKnownFileType = sourcecode.c.h; name = CDVInAppBrowser.h; path = "cordova-plugin-inappbrowser/CDVInAppBrowser.h"; sourceTree = "<group>"; };
		CDE2A117F30F4F7F8A60D8E8 /* CDVWKInAppBrowser.m */ = {isa = PBXFileReference; explicitFileType = undefined; fileEncoding = 4; includeInIndex = 0; lastKnownFileType = sourcecode.c.objc; name = CDVWKInAppBrowser.m; path = "cordova-plugin-inappbrowser/CDVWKInAppBrowser.m"; sourceTree = "<group>"; };
		D14CA158B7E44FC18700CF74 /* UNNotificationRequest+APPLocalNotification.m */ = {isa = PBXFileReference; explicitFileType = undefined; fileEncoding = 4; includeInIndex = 0; lastKnownFileType = sourcecode.c.objc; name = "UNNotificationRequest+APPLocalNotification.m"; path = "cordova-plugin-local-notification/UNNotificationRequest+APPLocalNotification.m"; sourceTree = "<group>"; };
		D16B171FB9F94745B6F038A9 /* ImageIO.framework */ = {isa = PBXFileReference; explicitFileType = undefined; fileEncoding = undefined; includeInIndex = 0; lastKnownFileType = wrapper.framework; name = ImageIO.framework; path = System/Library/Frameworks/ImageIO.framework; sourceTree = SDKROOT; };
		D1809ED530464011BFC9A0FD /* ZipPlugin.h */ = {isa = PBXFileReference; explicitFileType = undefined; fileEncoding = 4; includeInIndex = 0; lastKnownFileType = sourcecode.c.h; name = ZipPlugin.h; path = "cordova-plugin-zip/ZipPlugin.h"; sourceTree = "<group>"; };
		D4841CF4E0AC4550B8F3C469 /* CDVIonicKeyboard.m */ = {isa = PBXFileReference; explicitFileType = undefined; fileEncoding = 4; includeInIndex = 0; lastKnownFileType = sourcecode.c.objc; name = CDVIonicKeyboard.m; path = "cordova-plugin-ionic-keyboard/CDVIonicKeyboard.m"; sourceTree = "<group>"; };
		D552019D46594D8491510EDC /* UIImage+CropScaleOrientation.h */ = {isa = PBXFileReference; explicitFileType = undefined; fileEncoding = 4; includeInIndex = 0; lastKnownFileType = sourcecode.c.h; name = "UIImage+CropScaleOrientation.h"; path = "cordova-plugin-camera/UIImage+CropScaleOrientation.h"; sourceTree = "<group>"; };
		D6E523582B274B06AB554496 /* CDVWKWebViewEngine+FileXhrFix.m */ = {isa = PBXFileReference; explicitFileType = undefined; fileEncoding = 4; includeInIndex = 0; lastKnownFileType = sourcecode.c.objc; name = "CDVWKWebViewEngine+FileXhrFix.m"; path = "cordova-plugin-wkwebviewxhrfix/CDVWKWebViewEngine+FileXhrFix.m"; sourceTree = "<group>"; };
		D793EE7AF47E43B6A3A8B66C /* aesopt.h */ = {isa = PBXFileReference; explicitFileType = undefined; fileEncoding = 4; includeInIndex = 0; lastKnownFileType = sourcecode.c.h; name = aesopt.h; path = "cordova-plugin-zip/Plugins/aes/aesopt.h"; sourceTree = "<group>"; };
		D809429D229D3E34A8EE9A7D /* Pods-Unach Virtual.release.xcconfig */ = {isa = PBXFileReference; includeInIndex = 1; lastKnownFileType = text.xcconfig; name = "Pods-Unach Virtual.release.xcconfig"; path = "Target Support Files/Pods-Unach Virtual/Pods-Unach Virtual.release.xcconfig"; sourceTree = "<group>"; };
		DB0052B792AA471D86B34297 /* AVFoundation.framework */ = {isa = PBXFileReference; explicitFileType = undefined; fileEncoding = undefined; includeInIndex = 0; lastKnownFileType = wrapper.framework; name = AVFoundation.framework; path = System/Library/Frameworks/AVFoundation.framework; sourceTree = SDKROOT; };
		DC54D417F23948FEA9367F41 /* FileOpener2.m */ = {isa = PBXFileReference; explicitFileType = undefined; fileEncoding = 4; includeInIndex = 0; lastKnownFileType = sourcecode.c.objc; name = FileOpener2.m; path = "cordova-plugin-file-opener2/FileOpener2.m"; sourceTree = "<group>"; };
		E12F2E7B71E644E8B3ABC973 /* CDVOrientation.m */ = {isa = PBXFileReference; explicitFileType = undefined; fileEncoding = 4; includeInIndex = 0; lastKnownFileType = sourcecode.c.objc; name = CDVOrientation.m; path = "cordova-plugin-screen-orientation/CDVOrientation.m"; sourceTree = "<group>"; };
		E22E60C9BFD745B48FC6120A /* CDVStatusBar.m */ = {isa = PBXFileReference; explicitFileType = undefined; fileEncoding = 4; includeInIndex = 0; lastKnownFileType = sourcecode.c.objc; name = CDVStatusBar.m; path = "cordova-plugin-statusbar/CDVStatusBar.m"; sourceTree = "<group>"; };
		E27E7D43D3F542B4A0E9EF26 /* BackgroundAudio.m */ = {isa = PBXFileReference; explicitFileType = undefined; fileEncoding = 4; includeInIndex = 0; lastKnownFileType = sourcecode.c.objc; name = BackgroundAudio.m; path = "nl.kingsquare.cordova.background-audio/BackgroundAudio.m"; sourceTree = "<group>"; };
		E8CB37E5E34747BEB3E94F87 /* WebKit.framework */ = {isa = PBXFileReference; explicitFileType = undefined; fileEncoding = undefined; includeInIndex = 0; lastKnownFileType = wrapper.framework; name = WebKit.framework; path = System/Library/Frameworks/WebKit.framework; sourceTree = SDKROOT; };
		E8CC3D438ED244278ED33E0B /* CoreLocation.framework */ = {isa = PBXFileReference; explicitFileType = undefined; fileEncoding = undefined; includeInIndex = 0; lastKnownFileType = wrapper.framework; name = CoreLocation.framework; path = System/Library/Frameworks/CoreLocation.framework; sourceTree = SDKROOT; };
		EB5B660CC2BD470181E4F05E /* fileenc.h */ = {isa = PBXFileReference; explicitFileType = undefined; fileEncoding = 4; includeInIndex = 0; lastKnownFileType = sourcecode.c.h; name = fileenc.h; path = "cordova-plugin-zip/Plugins/aes/fileenc.h"; sourceTree = "<group>"; };
		EB87FDF31871DA8E0020F90C /* www */ = {isa = PBXFileReference; lastKnownFileType = folder; name = www; path = ../../www; sourceTree = "<group>"; };
		EB87FDF41871DAF40020F90C /* config.xml */ = {isa = PBXFileReference; lastKnownFileType = text.xml; name = config.xml; path = ../../config.xml; sourceTree = "<group>"; };
		EB95689025B54394B11BCF16 /* CDVViewController+SplashScreen.m */ = {isa = PBXFileReference; explicitFileType = undefined; fileEncoding = 4; includeInIndex = 0; lastKnownFileType = sourcecode.c.objc; name = "CDVViewController+SplashScreen.m"; path = "cordova-plugin-splashscreen/CDVViewController+SplashScreen.m"; sourceTree = "<group>"; };
		EBC023B6DF084C5895CB5D83 /* CDVInAppBrowserNavigationController.m */ = {isa = PBXFileReference; explicitFileType = undefined; fileEncoding = 4; includeInIndex = 0; lastKnownFileType = sourcecode.c.objc; name = CDVInAppBrowserNavigationController.m; path = "cordova-plugin-inappbrowser/CDVInAppBrowserNavigationController.m"; sourceTree = "<group>"; };
		ECA16AE2689D4A458760434A /* CoreTelephony.framework */ = {isa = PBXFileReference; explicitFileType = undefined; fileEncoding = undefined; includeInIndex = 0; lastKnownFileType = wrapper.framework; name = CoreTelephony.framework; path = System/Library/Frameworks/CoreTelephony.framework; sourceTree = SDKROOT; };
		ED33DF2A687741AEAF9F8254 /* Bridging-Header.h */ = {isa = PBXFileReference; fileEncoding = 4; lastKnownFileType = sourcecode.c.h; name = "Bridging-Header.h"; path = "Bridging-Header.h"; sourceTree = "<group>"; };
		F016853CD5CE4D03B8A182BA /* CDVIonicKeyboard.h */ = {isa = PBXFileReference; explicitFileType = undefined; fileEncoding = 4; includeInIndex = 0; lastKnownFileType = sourcecode.c.h; name = CDVIonicKeyboard.h; path = "cordova-plugin-ionic-keyboard/CDVIonicKeyboard.h"; sourceTree = "<group>"; };
		F3DC01457B8C4627A9D93A38 /* UNUserNotificationCenter+APPLocalNotification.h */ = {isa = PBXFileReference; explicitFileType = undefined; fileEncoding = 4; includeInIndex = 0; lastKnownFileType = sourcecode.c.h; name = "UNUserNotificationCenter+APPLocalNotification.h"; path = "cordova-plugin-local-notification/UNUserNotificationCenter+APPLocalNotification.h"; sourceTree = "<group>"; };
		F52784444C124DC4BACEFA45 /* crypt.h */ = {isa = PBXFileReference; explicitFileType = undefined; fileEncoding = 4; includeInIndex = 0; lastKnownFileType = sourcecode.c.h; name = crypt.h; path = "cordova-plugin-zip/Plugins/minizip/crypt.h"; sourceTree = "<group>"; };
		F53066B028E74D3EADEB4C0B /* brg_endian.h */ = {isa = PBXFileReference; explicitFileType = undefined; fileEncoding = 4; includeInIndex = 0; lastKnownFileType = sourcecode.c.h; name = brg_endian.h; path = "cordova-plugin-zip/Plugins/aes/brg_endian.h"; sourceTree = "<group>"; };
		F56CB733135943D4829A511F /* CDVLocalFilesystem.h */ = {isa = PBXFileReference; explicitFileType = undefined; fileEncoding = 4; includeInIndex = 0; lastKnownFileType = sourcecode.c.h; name = CDVLocalFilesystem.h; path = "cordova-plugin-file/CDVLocalFilesystem.h"; sourceTree = "<group>"; };
		F840E1F0165FE0F500CFE078 /* config.xml */ = {isa = PBXFileReference; lastKnownFileType = text.xml; name = config.xml; path = "Unach Virtual/config.xml"; sourceTree = "<group>"; };
/* End PBXFileReference section */

/* Begin PBXFrameworksBuildPhase section */
		1D60588F0D05DD3D006BFB54 /* Frameworks */ = {
			isa = PBXFrameworksBuildPhase;
			buildActionMask = 2147483647;
			files = (
				301BF552109A68D80062928A /* libCordova.a in Frameworks */,
				2836A948A49A4AC4B3C467D6 /* ImageIO.framework in Frameworks */,
				99DB752DA7BA4D7BA4FDE3F9 /* CoreLocation.framework in Frameworks */,
				8BC2CB8DC56B456BB9010F62 /* AVFoundation.framework in Frameworks */,
				0B081EED23F94904BF45FB4D /* UserNotifications.framework in Frameworks */,
				3A855BBA82FA474E95671150 /* SystemConfiguration.framework in Frameworks */,
				71CBB89CFF8C4E05BAA8780A /* CoreTelephony.framework in Frameworks */,
				B26D4DEF58ED42C3B1CE1516 /* WebKit.framework in Frameworks */,
				8A1032B2E37B42B0A924BD24 /* libz.dylib in Frameworks */,
				6EDB51612C754F15B6712C0E /* PushKit.framework in Frameworks */,
				C649D6BB2D9D21070ACAAA1E /* libPods-Unach Virtual.a in Frameworks */,
			);
			runOnlyForDeploymentPostprocessing = 0;
		};
/* End PBXFrameworksBuildPhase section */

/* Begin PBXGroup section */
		080E96DDFE201D6D7F000001 /* Classes */ = {
			isa = PBXGroup;
			children = (
				302D95EE14D2391D003F00A1 /* MainViewController.h */,
				302D95EF14D2391D003F00A1 /* MainViewController.m */,
				302D95F014D2391D003F00A1 /* MainViewController.xib */,
				1D3623240D0F684500981E51 /* AppDelegate.h */,
				1D3623250D0F684500981E51 /* AppDelegate.m */,
			);
			name = Classes;
			path = "Unach Virtual/Classes";
			sourceTree = SOURCE_ROOT;
		};
		19C28FACFE9D520D11CA2CBB /* Products */ = {
			isa = PBXGroup;
			children = (
				1D6058910D05DD3D006BFB54 /* Unach Virtual.app */,
			);
			name = Products;
			sourceTree = "<group>";
		};
		29B97314FDCFA39411CA2CEA = {
			isa = PBXGroup;
			children = (
				EB87FDF41871DAF40020F90C /* config.xml */,
				EB87FDF31871DA8E0020F90C /* www */,
				EB87FDF11871DA420020F90C /* Staging */,
				301BF52D109A57CC0062928A /* CordovaLib.xcodeproj */,
				080E96DDFE201D6D7F000001 /* Classes */,
				307C750510C5A3420062BCA9 /* Plugins */,
				29B97315FDCFA39411CA2CEA /* Other Sources */,
				29B97317FDCFA39411CA2CEA /* Resources */,
				29B97323FDCFA39411CA2CEA /* Frameworks */,
				19C28FACFE9D520D11CA2CBB /* Products */,
				702F12BEB75705DA6E510FAE /* Pods */,
			);
			name = CustomTemplate;
			sourceTree = "<group>";
		};
		29B97315FDCFA39411CA2CEA /* Other Sources */ = {
			isa = PBXGroup;
			children = (
				32CA4F630368D1EE00C91783 /* Unach Virtual-Prefix.pch */,
				29B97316FDCFA39411CA2CEA /* main.m */,
				ED33DF2A687741AEAF9F8254 /* Bridging-Header.h */,
			);
			name = "Other Sources";
			path = "Unach Virtual";
			sourceTree = "<group>";
		};
		29B97317FDCFA39411CA2CEA /* Resources */ = {
			isa = PBXGroup;
			children = (
				0207DA571B56EA530066E2B4 /* Images.xcassets */,
				3047A50E1AB8057F00498E2A /* config */,
				8D1107310486CEB800E47090 /* Unach Virtual-Info.plist */,
				6AFF5BF81D6E424B00AB3073 /* CDVLaunchScreen.storyboard */,
				3B7C36304EDF40FD9CFCE729 /* GoogleService-Info.plist */,
				7260223FF21D40C88150A0D8 /* CDVCapture.bundle */,
			);
			name = Resources;
			path = "Unach Virtual/Resources";
			sourceTree = "<group>";
		};
		29B97323FDCFA39411CA2CEA /* Frameworks */ = {
			isa = PBXGroup;
			children = (
				D16B171FB9F94745B6F038A9 /* ImageIO.framework */,
				E8CC3D438ED244278ED33E0B /* CoreLocation.framework */,
				DB0052B792AA471D86B34297 /* AVFoundation.framework */,
				95751C958F0C4E5E8FEF808A /* UserNotifications.framework */,
				4A0F90781F424FAA873BE292 /* SystemConfiguration.framework */,
				ECA16AE2689D4A458760434A /* CoreTelephony.framework */,
				E8CB37E5E34747BEB3E94F87 /* WebKit.framework */,
				08F9B7FC156C4969AA0A2D13 /* libz.dylib */,
				BA0CA1E82C2942C99B023286 /* PushKit.framework */,
				C84B516526A42EB8D34A9A50 /* libPods-Unach Virtual.a */,
			);
			name = Frameworks;
			sourceTree = "<group>";
		};
		301BF52E109A57CC0062928A /* Products */ = {
			isa = PBXGroup;
			children = (
				301BF535109A57CC0062928A /* libCordova.a */,
				907D8124214C687600058A10 /* Cordova.framework */,
			);
			name = Products;
			sourceTree = "<group>";
		};
		3047A50E1AB8057F00498E2A /* config */ = {
			isa = PBXGroup;
			children = (
				3047A50F1AB8059700498E2A /* build-debug.xcconfig */,
				3047A5101AB8059700498E2A /* build-release.xcconfig */,
				3047A5111AB8059700498E2A /* build.xcconfig */,
			);
			name = config;
			sourceTree = "<group>";
		};
		307C750510C5A3420062BCA9 /* Plugins */ = {
			isa = PBXGroup;
			children = (
				809F229181F34D8C9F09A496 /* CDVClipboard.m */,
				2EDDB869E33F41BAB0BC134D /* CDVClipboard.h */,
				3A97A4A4E4514F3D8E7CCB15 /* APPBadge.m */,
				168DE88140E4454B9A4879D2 /* APPBadge.h */,
				6F083D3AD1B54BF88459FE35 /* UIImage+CropScaleOrientation.m */,
				881670A7D6A7432F8B56E4B8 /* CDVCamera.m */,
				4C0174D5A4184CB28CDB9887 /* CDVJpegHeaderWriter.m */,
				D552019D46594D8491510EDC /* UIImage+CropScaleOrientation.h */,
				74F37CB57C95457B9AB29804 /* CDVCamera.h */,
				A0537A2612E9423C8578C4DD /* CDVJpegHeaderWriter.h */,
				54B16322C774404680F22145 /* CDVExif.h */,
				8CE80A85295F49268C2BC49D /* CDVDevice.m */,
				13E90995C10C40B3A6EB0BB1 /* CDVDevice.h */,
				263F0038D93A4AB38B517057 /* CDVFile.m */,
				234808AB892B426985F110DA /* CDVLocalFilesystem.m */,
				BE88B352B9004CC9AF5A8044 /* CDVAssetLibraryFilesystem.m */,
				04159C6A5E5740BD871E6E7D /* CDVFile.h */,
				F56CB733135943D4829A511F /* CDVLocalFilesystem.h */,
				18824BBBD7074331944DBB6F /* CDVAssetLibraryFilesystem.h */,
				DC54D417F23948FEA9367F41 /* FileOpener2.m */,
				21F9896FC4884A35AF50C8EF /* FileOpener2.h */,
				0A92765BB1BB49A9978EC11E /* CDVFileTransfer.m */,
				3A322AEAA7614F3EA3F1C73C /* CDVFileTransfer.h */,
				77601F43529D49F8A46D4047 /* CDVLocation.m */,
				3218E5459EE14291B5D005A1 /* CDVLocation.h */,
				4671C4ABA00E4ADA86EDF6F3 /* CDVGlobalization.m */,
				72C404810E304B0086414F87 /* CDVGlobalization.h */,
				AE19A3DAB73947F68230848B /* CDVInAppBrowser.m */,
				7A2D411A0E17437382D5E207 /* CDVInAppBrowserOptions.m */,
				EBC023B6DF084C5895CB5D83 /* CDVInAppBrowserNavigationController.m */,
				63BDAC0DA6714EB88DA1502B /* CDVUIInAppBrowser.m */,
				CDE2A117F30F4F7F8A60D8E8 /* CDVWKInAppBrowser.m */,
				2E4FCF2BC0C5492B911A609C /* CDVWKInAppBrowserUIDelegate.m */,
				CCB5988C0061459E9D8A5027 /* CDVInAppBrowser.h */,
				2D1982BA402D46DC9BA84F26 /* CDVInAppBrowserOptions.h */,
				A7EA0CBC03B84098BCB087A0 /* CDVInAppBrowserNavigationController.h */,
				A97B6A4289C6476AAFEC5B16 /* CDVUIInAppBrowser.h */,
				49E832670B6546D6A48C4BB1 /* CDVWKInAppBrowser.h */,
				5D5E4AE3C91A47FCAA6344BA /* CDVWKInAppBrowserUIDelegate.h */,
				D4841CF4E0AC4550B8F3C469 /* CDVIonicKeyboard.m */,
				F016853CD5CE4D03B8A182BA /* CDVIonicKeyboard.h */,
				008485D547A145D0AB9798A0 /* APPLocalNotification.m */,
				ACFDD1574EB04871B7A949EC /* APPNotificationCategory.m */,
				7A8924969F154EBBBE2C1830 /* APPNotificationContent.m */,
				CB63A860135A4AFB944A2D67 /* APPNotificationOptions.m */,
				625D995E5B6241E5A7371FD6 /* UNUserNotificationCenter+APPLocalNotification.m */,
				D14CA158B7E44FC18700CF74 /* UNNotificationRequest+APPLocalNotification.m */,
				BB27AE0A99834521A5278481 /* APPLocalNotification.h */,
				A78ECCDAD31E46EC9130C954 /* APPNotificationCategory.h */,
				C6D4FB2E9F9642238D5D88C8 /* APPNotificationContent.h */,
				A29A7E5C47FD4ABD9878D4BD /* APPNotificationOptions.h */,
				F3DC01457B8C4627A9D93A38 /* UNUserNotificationCenter+APPLocalNotification.h */,
				113307683AAE438792E102C4 /* UNNotificationRequest+APPLocalNotification.h */,
				B3727437395143F089069809 /* CDVCapture.m */,
				AE17C8F598674AC891FC826E /* CDVCapture.h */,
				29FC9844F96E40B7BD61A46A /* CDVConnection.m */,
				324A15BA063F44F3ADD2D467 /* CDVReachability.m */,
				498E6E7073FD481FA7048659 /* CDVConnection.h */,
				512305CCBED640EAADEA01E2 /* CDVReachability.h */,
				E12F2E7B71E644E8B3ABC973 /* CDVOrientation.m */,
				B4E7DCBA5E404F8BAD9C21EE /* CDVOrientation.h */,
				459DFF01BC084FAF8F7272F3 /* CDVSplashScreen.m */,
				EB95689025B54394B11BCF16 /* CDVViewController+SplashScreen.m */,
				7635DC6EFF36499095384DF0 /* CDVSplashScreen.h */,
				AF05808C3A614096BB771036 /* CDVViewController+SplashScreen.h */,
				E22E60C9BFD745B48FC6120A /* CDVStatusBar.m */,
				0B8778D2EF6946E4AE6FE25B /* CDVStatusBar.h */,
				535CF090B0274872BEE24049 /* CDVWKWebViewEngine.m */,
				AFC7BA7CC68B4620BDF20934 /* CDVWKWebViewUIDelegate.m */,
				0F4D3DBDAA3A419B9B5A1076 /* CDVWKProcessPoolFactory.m */,
				043E4E94DC2147E2B207FA3E /* CDVWKWebViewEngine.h */,
				50BC1A78FE0B4D0EAA66EEDB /* CDVWKWebViewUIDelegate.h */,
				7B994F6ABB224B52BC61B5BC /* CDVWKProcessPoolFactory.h */,
				9CBA4D2DF15E45DF82E339CF /* CDVWKWebViewFileXhr.m */,
				11B4AAA0D1A349A0B4AACF4F /* CDVWKWebViewFileXhr.h */,
				D6E523582B274B06AB554496 /* CDVWKWebViewEngine+FileXhrFix.m */,
				AD5F22A01AEF460F86342BF7 /* CDVWKWebViewEngine+FileXhrFix.h */,
				3F55E82C2D2741988D8D47CA /* ZipPlugin.m */,
				A88F639905F743799B0732E8 /* aescrypt.c */,
				B16C3C826D6A4DD6B1E10E04 /* aeskey.c */,
				19D259D0EE9C4193B127FD13 /* aestab.c */,
				A2B5C147D9FA422EA927D1D8 /* entropy.c */,
				2A2F2269B0FC47109666F1C2 /* fileenc.c */,
				87FC4EEEF1AB4777940CBBE6 /* hmac.c */,
				762DB18B01DE49C29C177A65 /* prng.c */,
				003F6BC95251480CA0820F21 /* pwd2key.c */,
				100BE50D344043DBACE95EA6 /* sha1.c */,
				20F87DD181874E8FBDEE93E5 /* SSZipArchive.m */,
				C700FED914834C22A3BFE0A2 /* zip.c */,
				068548C722354553BA445257 /* unzip.c */,
				08E0DCC5A5E048BD9EEDD4A8 /* mztools.c */,
				141BB647288E4387967D2C5E /* ioapi.c */,
				D1809ED530464011BFC9A0FD /* ZipPlugin.h */,
				1AB2F51340524EF2849E4C57 /* Common.h */,
				62400722349A440F9745BD18 /* aes.h */,
				AAE0409F6EF641CE8C11B8EE /* aes_via_ace.h */,
				D793EE7AF47E43B6A3A8B66C /* aesopt.h */,
				4EC1E528D2EC485D9508DD91 /* aestab.h */,
				F53066B028E74D3EADEB4C0B /* brg_endian.h */,
				08AB7AD7D689483FA558CE42 /* brg_types.h */,
				9A17607D447448D6AD4489F8 /* entropy.h */,
				EB5B660CC2BD470181E4F05E /* fileenc.h */,
				66A9B9161F684B148EE180CE /* hmac.h */,
				2274C8ED8C0B4A57B8454717 /* prng.h */,
				C91412B4F5C54AF382DDABEB /* pwd2key.h */,
				3C27CC380163411F95F7CD51 /* sha1.h */,
				C0A97D7E869247A88B3E7A6F /* SSZipArchive.h */,
				29B4FEFF5B154EF4BBFDAF43 /* zip.h */,
				AC7AD5024DA845B9B2DE1E07 /* unzip.h */,
				893B90183B734A64852D661B /* mztools.h */,
				B08D9571FBB64125B62385A1 /* ioapi.h */,
				F52784444C124DC4BACEFA45 /* crypt.h */,
				C2E7B75E5E4245718FBE6F29 /* SQLitePlugin.m */,
				0C84C94D9B7A4026998E1308 /* CustomPSPDFThreadSafeMutableDictionary.m */,
				1A13BC99A31A4B4E8EC4A19C /* sqlite3.c */,
				731084003F894824B9E9F959 /* SQLitePlugin.h */,
				51B631F00B984B13AD522B66 /* sqlite3.h */,
				E27E7D43D3F542B4A0E9EF26 /* BackgroundAudio.m */,
				8F47EBDC07764D109747294C /* AppDelegate+notification.m */,
				40C00CBA190A4C8F8480FBF1 /* PushPlugin.m */,
				5B6938CB51F1482FB7C16720 /* AppDelegate+notification.h */,
				78D2C8AA2DBA4A59869C2351 /* PushPlugin.h */,
			);
			name = Plugins;
			path = "Unach Virtual/Plugins";
			sourceTree = SOURCE_ROOT;
		};
		702F12BEB75705DA6E510FAE /* Pods */ = {
			isa = PBXGroup;
			children = (
				5841851DD5A1F6E79B836384 /* Pods-Unach Virtual.debug.xcconfig */,
				D809429D229D3E34A8EE9A7D /* Pods-Unach Virtual.release.xcconfig */,
			);
			name = Pods;
			path = Pods;
			sourceTree = "<group>";
		};
		EB87FDF11871DA420020F90C /* Staging */ = {
			isa = PBXGroup;
			children = (
				F840E1F0165FE0F500CFE078 /* config.xml */,
				301BF56E109A69640062928A /* www */,
			);
			name = Staging;
			sourceTree = "<group>";
		};
/* End PBXGroup section */

/* Begin PBXNativeTarget section */
		1D6058900D05DD3D006BFB54 /* Unach Virtual */ = {
			isa = PBXNativeTarget;
			buildConfigurationList = 1D6058960D05DD3E006BFB54 /* Build configuration list for PBXNativeTarget "Unach Virtual" */;
			buildPhases = (
				5BC9FB31C631385FD3BFE610 /* [CP] Check Pods Manifest.lock */,
				304B58A110DAC018002A0835 /* Copy www directory */,
				1D60588D0D05DD3D006BFB54 /* Resources */,
				1D60588E0D05DD3D006BFB54 /* Sources */,
				1D60588F0D05DD3D006BFB54 /* Frameworks */,
			);
			buildRules = (
			);
			dependencies = (
				301BF551109A68C00062928A /* PBXTargetDependency */,
			);
			name = "Unach Virtual";
			productName = "Unach Virtual";
			productReference = 1D6058910D05DD3D006BFB54 /* Unach Virtual.app */;
			productType = "com.apple.product-type.application";
		};
/* End PBXNativeTarget section */

/* Begin PBXProject section */
		29B97313FDCFA39411CA2CEA /* Project object */ = {
			isa = PBXProject;
			attributes = {
				LastUpgradeCheck = 510;
				TargetAttributes = {
					1D6058900D05DD3D006BFB54 = {
						ProvisioningStyle = Automatic;
					};
				};
			};
			buildConfigurationList = C01FCF4E08A954540054247B /* Build configuration list for PBXProject "Unach Virtual" */;
			compatibilityVersion = "Xcode 3.2";
			developmentRegion = English;
			hasScannedForEncodings = 1;
			mainGroup = 29B97314FDCFA39411CA2CEA;
			productRefGroup = 19C28FACFE9D520D11CA2CBB /* Products */;
			projectDirPath = "";
			projectReferences = (
				{
					ProductGroup = 301BF52E109A57CC0062928A /* Products */;
					ProjectRef = 301BF52D109A57CC0062928A /* CordovaLib.xcodeproj */;
				},
			);
			projectRoot = "";
			targets = (
				1D6058900D05DD3D006BFB54 /* Unach Virtual */,
			);
		};
/* End PBXProject section */

/* Begin PBXReferenceProxy section */
		301BF535109A57CC0062928A /* libCordova.a */ = {
			isa = PBXReferenceProxy;
			fileType = archive.ar;
			path = libCordova.a;
			remoteRef = 301BF534109A57CC0062928A /* PBXContainerItemProxy */;
			sourceTree = BUILT_PRODUCTS_DIR;
		};
		907D8124214C687600058A10 /* Cordova.framework */ = {
			isa = PBXReferenceProxy;
			fileType = wrapper.framework;
			path = Cordova.framework;
			remoteRef = 907D8123214C687600058A10 /* PBXContainerItemProxy */;
			sourceTree = BUILT_PRODUCTS_DIR;
		};
/* End PBXReferenceProxy section */

/* Begin PBXResourcesBuildPhase section */
		1D60588D0D05DD3D006BFB54 /* Resources */ = {
			isa = PBXResourcesBuildPhase;
			buildActionMask = 2147483647;
			files = (
				302D95F214D2391D003F00A1 /* MainViewController.xib in Resources */,
				0207DA581B56EA530066E2B4 /* Images.xcassets in Resources */,
				6AFF5BF91D6E424B00AB3073 /* CDVLaunchScreen.storyboard in Resources */,
				1D69FE3DCF4D44D8B940C13D /* GoogleService-Info.plist in Resources */,
				AF3D54E2FE3648E39E931780 /* CDVCapture.bundle in Resources */,
			);
			runOnlyForDeploymentPostprocessing = 0;
		};
/* End PBXResourcesBuildPhase section */

/* Begin PBXShellScriptBuildPhase section */
		304B58A110DAC018002A0835 /* Copy www directory */ = {
			isa = PBXShellScriptBuildPhase;
			buildActionMask = 2147483647;
			files = (
			);
			inputPaths = (
			);
			name = "Copy www directory";
			outputPaths = (
			);
			runOnlyForDeploymentPostprocessing = 0;
			shellPath = /bin/sh;
			shellScript = "\"$SRCROOT/Unach Virtual/Scripts/copy-www-build-step.sh\"";
			showEnvVarsInLog = 0;
		};
		5BC9FB31C631385FD3BFE610 /* [CP] Check Pods Manifest.lock */ = {
			isa = PBXShellScriptBuildPhase;
			buildActionMask = 2147483647;
			files = (
			);
			inputFileListPaths = (
			);
			inputPaths = (
				"${PODS_PODFILE_DIR_PATH}/Podfile.lock",
				"${PODS_ROOT}/Manifest.lock",
			);
			name = "[CP] Check Pods Manifest.lock";
			outputFileListPaths = (
			);
			outputPaths = (
				"$(DERIVED_FILE_DIR)/Pods-Unach Virtual-checkManifestLockResult.txt",
			);
			runOnlyForDeploymentPostprocessing = 0;
			shellPath = /bin/sh;
			shellScript = "diff \"${PODS_PODFILE_DIR_PATH}/Podfile.lock\" \"${PODS_ROOT}/Manifest.lock\" > /dev/null\nif [ $? != 0 ] ; then\n    # print error to STDERR\n    echo \"error: The sandbox is not in sync with the Podfile.lock. Run 'pod install' or update your CocoaPods installation.\" >&2\n    exit 1\nfi\n# This output is used by Xcode 'outputs' to avoid re-running this script phase.\necho \"SUCCESS\" > \"${SCRIPT_OUTPUT_FILE_0}\"\n";
			showEnvVarsInLog = 0;
		};
/* End PBXShellScriptBuildPhase section */

/* Begin PBXSourcesBuildPhase section */
		1D60588E0D05DD3D006BFB54 /* Sources */ = {
			isa = PBXSourcesBuildPhase;
			buildActionMask = 2147483647;
			files = (
				1D60589B0D05DD56006BFB54 /* main.m in Sources */,
				1D3623260D0F684500981E51 /* AppDelegate.m in Sources */,
				302D95F114D2391D003F00A1 /* MainViewController.m in Sources */,
				1A6FBCA6C1834AB68564FE41 /* CDVClipboard.m in Sources */,
				175963ACFBF54FC195F5D23D /* APPBadge.m in Sources */,
				FFA0E05081C24ABF817A30CD /* UIImage+CropScaleOrientation.m in Sources */,
				5D77CF591650412BB77F1A64 /* CDVCamera.m in Sources */,
				17238B5D3A2846AA983DE85A /* CDVJpegHeaderWriter.m in Sources */,
				E4AEE171FB9A481088087EB3 /* CDVDevice.m in Sources */,
				41A31533C31042FE93ACD9E0 /* CDVFile.m in Sources */,
				C5C46D65E070481F93E6B360 /* CDVLocalFilesystem.m in Sources */,
				A69D1A6AC03F414CAA046545 /* CDVAssetLibraryFilesystem.m in Sources */,
				D042FEA6B5414B99AECA0B98 /* FileOpener2.m in Sources */,
				3A08867AC5214BAE8D425710 /* CDVFileTransfer.m in Sources */,
				38B5641788B847F0BB144F6E /* CDVLocation.m in Sources */,
				1F705D00F8174BA6BDF12510 /* CDVGlobalization.m in Sources */,
				6DC609FD4DFA490DAAE1C1BB /* CDVInAppBrowser.m in Sources */,
				B4101FB191774EE3801C0BAE /* CDVInAppBrowserOptions.m in Sources */,
				D64E34CC2D5F4D59984B86F8 /* CDVInAppBrowserNavigationController.m in Sources */,
				D938723442B44A8CB453C7CE /* CDVUIInAppBrowser.m in Sources */,
				BBA729817F8142189B7828DE /* CDVWKInAppBrowser.m in Sources */,
				C9AE215EF890493E927A03D9 /* CDVWKInAppBrowserUIDelegate.m in Sources */,
				3E95E6E6FEAE4A3C8181E46E /* CDVIonicKeyboard.m in Sources */,
				A3CF12BD9A59457A82611C36 /* APPLocalNotification.m in Sources */,
				852364E1BF3040E09DD601B1 /* APPNotificationCategory.m in Sources */,
				CFF00D88B5EC4240BA0BF709 /* APPNotificationContent.m in Sources */,
				6C8517A5E7F24808A03FF517 /* APPNotificationOptions.m in Sources */,
				5215E75C53464AC3B150AA3C /* UNUserNotificationCenter+APPLocalNotification.m in Sources */,
				60F0B2F9D024418B9F5DACBE /* UNNotificationRequest+APPLocalNotification.m in Sources */,
				2D12DBAEFE69486DBA78C30C /* CDVCapture.m in Sources */,
				C60FB389990D49C7B9B9084F /* CDVConnection.m in Sources */,
				2AA02A20092347338A3E1B3C /* CDVReachability.m in Sources */,
				E1136F2D87204974A6689A15 /* CDVOrientation.m in Sources */,
				260B3CEE514240F3A46A3668 /* CDVSplashScreen.m in Sources */,
				D5E5C160E6A44973BBB1DBD0 /* CDVViewController+SplashScreen.m in Sources */,
				16E7D6314DD24DAE82F35324 /* CDVStatusBar.m in Sources */,
				60A881E16C324103A2A2EADC /* CDVWKWebViewEngine.m in Sources */,
				4BB8E84F2FC041BAB045438D /* CDVWKWebViewUIDelegate.m in Sources */,
				20C5389FD8A24F44893E14B7 /* CDVWKProcessPoolFactory.m in Sources */,
				DA3EA6AFCE33453A89B8DEB8 /* CDVWKWebViewFileXhr.m in Sources */,
				A0E255414747485281639AD7 /* CDVWKWebViewEngine+FileXhrFix.m in Sources */,
				4A73EE7B913C4E10970F423C /* ZipPlugin.m in Sources */,
				BB57676D20B246F49D2EAFA0 /* aescrypt.c in Sources */,
				395D20B122EE446C9572FB24 /* aeskey.c in Sources */,
				7B5E0F5A73974FBA86D5E278 /* aestab.c in Sources */,
				80E62D590571492C857CB80A /* entropy.c in Sources */,
				CD54245EE3EC4128864EA99C /* fileenc.c in Sources */,
				DA0CF231D9484678895CB414 /* hmac.c in Sources */,
				CCAA92E4F8224421ABE8EFE8 /* prng.c in Sources */,
				6570974D1CCB40C4AA8F5B07 /* pwd2key.c in Sources */,
				DA8457DD2C044A48BA70CE61 /* sha1.c in Sources */,
				477F3F013B8E4CF987BFF092 /* SSZipArchive.m in Sources */,
				DA34BD998C8943988101FAC9 /* zip.c in Sources */,
				B95191A0BBFA4FB19F1CEB92 /* unzip.c in Sources */,
				1DE6D96F00B642F080197EC8 /* mztools.c in Sources */,
				1D3BAA24BBE54AC7A590E994 /* ioapi.c in Sources */,
				597E12CE9C3D4A2A9024051B /* SQLitePlugin.m in Sources */,
				CEFF804FE2984E10B4FD81E6 /* CustomPSPDFThreadSafeMutableDictionary.m in Sources */,
				6B750CAF0C7344F58B3B2D00 /* sqlite3.c in Sources */,
				3C13322189A84AD99689AAA6 /* BackgroundAudio.m in Sources */,
				E7D6012C11464E5698EA6BB7 /* AppDelegate+notification.m in Sources */,
				A1C287A306B54672A81EA818 /* PushPlugin.m in Sources */,
			);
			runOnlyForDeploymentPostprocessing = 0;
		};
/* End PBXSourcesBuildPhase section */

/* Begin PBXTargetDependency section */
		301BF551109A68C00062928A /* PBXTargetDependency */ = {
			isa = PBXTargetDependency;
			name = CordovaLib;
			targetProxy = 301BF550109A68C00062928A /* PBXContainerItemProxy */;
		};
/* End PBXTargetDependency section */

/* Begin XCBuildConfiguration section */
		1D6058940D05DD3E006BFB54 /* Debug */ = {
			isa = XCBuildConfiguration;
			baseConfigurationReference = 3047A50F1AB8059700498E2A /* build-debug.xcconfig */;
			buildSettings = {
				ALWAYS_SEARCH_USER_PATHS = NO;
				ASSETCATALOG_COMPILER_APPICON_NAME = AppIcon;
				ASSETCATALOG_COMPILER_LAUNCHIMAGE_NAME = LaunchImage;
				CLANG_ENABLE_MODULES = YES;
				CLANG_ENABLE_OBJC_ARC = YES;
				COPY_PHASE_STRIP = NO;
				GCC_DYNAMIC_NO_PIC = NO;
				GCC_OPTIMIZATION_LEVEL = 0;
				GCC_PRECOMPILE_PREFIX_HEADER = YES;
				GCC_PREFIX_HEADER = "Unach Virtual/Unach Virtual-Prefix.pch";
				GCC_THUMB_SUPPORT = NO;
				GCC_VERSION = "";
				INFOPLIST_FILE = "Unach Virtual/Unach Virtual-Info.plist";
				IPHONEOS_DEPLOYMENT_TARGET = 10.0;
				LD_RUNPATH_SEARCH_PATHS = "@executable_path/Frameworks";
				PRODUCT_BUNDLE_IDENTIFIER = com.vidyamantra.cmoodleapp199;
				PRODUCT_NAME = "$(TARGET_NAME)";
				TARGETED_DEVICE_FAMILY = "1,2";
				WK_WEB_VIEW_ONLY = 1;
			};
			name = Debug;
		};
		1D6058950D05DD3E006BFB54 /* Release */ = {
			isa = XCBuildConfiguration;
			baseConfigurationReference = 3047A5101AB8059700498E2A /* build-release.xcconfig */;
			buildSettings = {
				ALWAYS_SEARCH_USER_PATHS = NO;
				ASSETCATALOG_COMPILER_APPICON_NAME = AppIcon;
				ASSETCATALOG_COMPILER_LAUNCHIMAGE_NAME = LaunchImage;
				CLANG_ENABLE_MODULES = YES;
				CLANG_ENABLE_OBJC_ARC = YES;
				COPY_PHASE_STRIP = YES;
				GCC_PRECOMPILE_PREFIX_HEADER = YES;
				GCC_PREFIX_HEADER = "Unach Virtual/Unach Virtual-Prefix.pch";
				GCC_THUMB_SUPPORT = NO;
				GCC_VERSION = "";
				INFOPLIST_FILE = "Unach Virtual/Unach Virtual-Info.plist";
				IPHONEOS_DEPLOYMENT_TARGET = 10.0;
				LD_RUNPATH_SEARCH_PATHS = "@executable_path/Frameworks";
				PRODUCT_BUNDLE_IDENTIFIER = com.vidyamantra.cmoodleapp199;
				PRODUCT_NAME = "$(TARGET_NAME)";
				TARGETED_DEVICE_FAMILY = "1,2";
				WK_WEB_VIEW_ONLY = 1;
			};
			name = Release;
		};
		C01FCF4F08A954540054247B /* Debug */ = {
			isa = XCBuildConfiguration;
			baseConfigurationReference = 3047A5111AB8059700498E2A /* build.xcconfig */;
			buildSettings = {
				CLANG_ENABLE_MODULES = YES;
				CLANG_ENABLE_OBJC_ARC = YES;
				CLANG_WARN_BLOCK_CAPTURE_AUTORELEASING = YES;
				CLANG_WARN_BOOL_CONVERSION = YES;
				CLANG_WARN_COMMA = YES;
				CLANG_WARN_CONSTANT_CONVERSION = YES;
				CLANG_WARN_DEPRECATED_OBJC_IMPLEMENTATIONS = YES;
				CLANG_WARN_EMPTY_BODY = YES;
				CLANG_WARN_ENUM_CONVERSION = YES;
				CLANG_WARN_INFINITE_RECURSION = YES;
				CLANG_WARN_INT_CONVERSION = YES;
				CLANG_WARN_NON_LITERAL_NULL_CONVERSION = YES;
				CLANG_WARN_OBJC_IMPLICIT_RETAIN_SELF = YES;
				CLANG_WARN_OBJC_LITERAL_CONVERSION = YES;
				CLANG_WARN_RANGE_LOOP_ANALYSIS = YES;
				CLANG_WARN_STRICT_PROTOTYPES = YES;
				CLANG_WARN_SUSPICIOUS_MOVE = YES;
				CLANG_WARN_UNREACHABLE_CODE = YES;
				CLANG_WARN__DUPLICATE_METHOD_MATCH = YES;
				ENABLE_STRICT_OBJC_MSGSEND = YES;
				ENABLE_TESTABILITY = YES;
				GCC_C_LANGUAGE_STANDARD = c99;
				GCC_NO_COMMON_BLOCKS = YES;
				GCC_THUMB_SUPPORT = NO;
				GCC_VERSION = "";
				GCC_WARN_64_TO_32_BIT_CONVERSION = YES;
				GCC_WARN_ABOUT_RETURN_TYPE = YES;
				GCC_WARN_UNDECLARED_SELECTOR = YES;
				GCC_WARN_UNINITIALIZED_AUTOS = YES;
				GCC_WARN_UNUSED_FUNCTION = YES;
				GCC_WARN_UNUSED_VARIABLE = YES;
				ONLY_ACTIVE_ARCH = YES;
				PRODUCT_BUNDLE_IDENTIFIER = com.vidyamantra.cmoodleapp199;
				SDKROOT = iphoneos;
				SKIP_INSTALL = NO;
				TARGETED_DEVICE_FAMILY = "1,2";
				WK_WEB_VIEW_ONLY = 1;
			};
			name = Debug;
		};
		C01FCF5008A954540054247B /* Release */ = {
			isa = XCBuildConfiguration;
			baseConfigurationReference = 3047A5111AB8059700498E2A /* build.xcconfig */;
			buildSettings = {
				CLANG_ENABLE_MODULES = YES;
				CLANG_ENABLE_OBJC_ARC = YES;
				CLANG_WARN_BLOCK_CAPTURE_AUTORELEASING = YES;
				CLANG_WARN_BOOL_CONVERSION = YES;
				CLANG_WARN_COMMA = YES;
				CLANG_WARN_CONSTANT_CONVERSION = YES;
				CLANG_WARN_DEPRECATED_OBJC_IMPLEMENTATIONS = YES;
				CLANG_WARN_EMPTY_BODY = YES;
				CLANG_WARN_ENUM_CONVERSION = YES;
				CLANG_WARN_INFINITE_RECURSION = YES;
				CLANG_WARN_INT_CONVERSION = YES;
				CLANG_WARN_NON_LITERAL_NULL_CONVERSION = YES;
				CLANG_WARN_OBJC_IMPLICIT_RETAIN_SELF = YES;
				CLANG_WARN_OBJC_LITERAL_CONVERSION = YES;
				CLANG_WARN_RANGE_LOOP_ANALYSIS = YES;
				CLANG_WARN_STRICT_PROTOTYPES = YES;
				CLANG_WARN_SUSPICIOUS_MOVE = YES;
				CLANG_WARN_UNREACHABLE_CODE = YES;
				CLANG_WARN__DUPLICATE_METHOD_MATCH = YES;
				ENABLE_STRICT_OBJC_MSGSEND = YES;
				GCC_C_LANGUAGE_STANDARD = c99;
				GCC_NO_COMMON_BLOCKS = YES;
				GCC_THUMB_SUPPORT = NO;
				GCC_VERSION = "";
				GCC_WARN_64_TO_32_BIT_CONVERSION = YES;
				GCC_WARN_ABOUT_RETURN_TYPE = YES;
				GCC_WARN_UNDECLARED_SELECTOR = YES;
				GCC_WARN_UNINITIALIZED_AUTOS = YES;
				GCC_WARN_UNUSED_FUNCTION = YES;
				GCC_WARN_UNUSED_VARIABLE = YES;
				PRODUCT_BUNDLE_IDENTIFIER = com.vidyamantra.cmoodleapp199;
				SDKROOT = iphoneos;
				SKIP_INSTALL = NO;
				TARGETED_DEVICE_FAMILY = "1,2";
				WK_WEB_VIEW_ONLY = 1;
			};
			name = Release;
		};
/* End XCBuildConfiguration section */

/* Begin XCConfigurationList section */
		1D6058960D05DD3E006BFB54 /* Build configuration list for PBXNativeTarget "Unach Virtual" */ = {
			isa = XCConfigurationList;
			buildConfigurations = (
				1D6058940D05DD3E006BFB54 /* Debug */,
				1D6058950D05DD3E006BFB54 /* Release */,
			);
			defaultConfigurationIsVisible = 0;
			defaultConfigurationName = Release;
		};
		C01FCF4E08A954540054247B /* Build configuration list for PBXProject "Unach Virtual" */ = {
			isa = XCConfigurationList;
			buildConfigurations = (
				C01FCF4F08A954540054247B /* Debug */,
				C01FCF5008A954540054247B /* Release */,
			);
			defaultConfigurationIsVisible = 0;
			defaultConfigurationName = Release;
		};
/* End XCConfigurationList section */
	};
	rootObject = 29B97313FDCFA39411CA2CEA /* Project object */;
}
