// !$*UTF8*$!
{
	archiveVersion = 1;
	classes = {
	};
	objectVersion = 46;
	objects = {

/* Begin PBXBuildFile section */
		0207DA581B56EA530066E2B4 /* Images.xcassets in Resources */ = {isa = PBXBuildFile; fileRef = 0207DA571B56EA530066E2B4 /* Images.xcassets */; };
		0F1300D8CBF34C50AC422B79 /* CDVWKWebViewEngine+FileXhrFix.m in Sources */ = {isa = PBXBuildFile; fileRef = 3776D86F86E4425FADDCE63D /* CDVWKWebViewEngine+FileXhrFix.m */; };
		0FE066B5E8FF4CB3A0CE63F3 /* APPNotificationOptions.m in Sources */ = {isa = PBXBuildFile; fileRef = 7897C8700E0145B6B3190BE8 /* APPNotificationOptions.m */; };
		104B83FF94F84FAEB38A7609 /* CoreTelephony.framework in Frameworks */ = {isa = PBXBuildFile; fileRef = 7D9385B1C81746A5B679E1E1 /* CoreTelephony.framework */; };
		1261287035E342E3B1DF0F17 /* CDVWKInAppBrowser.m in Sources */ = {isa = PBXBuildFile; fileRef = 2B7627FCA68B4392842350C8 /* CDVWKInAppBrowser.m */; };
		1829B53C6F204448AD685266 /* CDVOrientation.m in Sources */ = {isa = PBXBuildFile; fileRef = 9A6F3A6AA61D428298A13E2A /* CDVOrientation.m */; };
		1D3623260D0F684500981E51 /* AppDelegate.m in Sources */ = {isa = PBXBuildFile; fileRef = 1D3623250D0F684500981E51 /* AppDelegate.m */; };
		1D60589B0D05DD56006BFB54 /* main.m in Sources */ = {isa = PBXBuildFile; fileRef = 29B97316FDCFA39411CA2CEA /* main.m */; };
		22B8CF0947904B1E8FAF5117 /* AppDelegate+notification.m in Sources */ = {isa = PBXBuildFile; fileRef = 00B339E45B9F4B9CAC8ADD52 /* AppDelegate+notification.m */; };
		2507246C9F6C46C08869F7FE /* CDVGlobalization.m in Sources */ = {isa = PBXBuildFile; fileRef = D1571395B3924DAA9A6F3F8D /* CDVGlobalization.m */; };
		25A30087CEC642A6823662DA /* CDVCamera.m in Sources */ = {isa = PBXBuildFile; fileRef = 922026B8FC974C38B570BF37 /* CDVCamera.m */; };
		2BE7FB9C659C4730AB0CFBAB /* FileOpener2.m in Sources */ = {isa = PBXBuildFile; fileRef = 4F25A28AA743456F9EFFDF3B /* FileOpener2.m */; };
		2BF33A7C99624AB798984258 /* APPBadge.m in Sources */ = {isa = PBXBuildFile; fileRef = E0D4EA40FC6D4FB4AB141010 /* APPBadge.m */; };
		2D28E76EF4AF464B8C036D8B /* UNNotificationRequest+APPLocalNotification.m in Sources */ = {isa = PBXBuildFile; fileRef = 1597B8AF9D3F4B2B9468DF75 /* UNNotificationRequest+APPLocalNotification.m */; };
		2F3CE2F5617B4F0A9D25243F /* UNUserNotificationCenter+APPLocalNotification.m in Sources */ = {isa = PBXBuildFile; fileRef = 7DC0BD966A3D4BA589498B5B /* UNUserNotificationCenter+APPLocalNotification.m */; };
		301BF552109A68D80062928A /* libCordova.a in Frameworks */ = {isa = PBXBuildFile; fileRef = 301BF535109A57CC0062928A /* libCordova.a */; settings = {ATTRIBUTES = (Required, ); }; };
		302D95F114D2391D003F00A1 /* MainViewController.m in Sources */ = {isa = PBXBuildFile; fileRef = 302D95EF14D2391D003F00A1 /* MainViewController.m */; };
		302D95F214D2391D003F00A1 /* MainViewController.xib in Resources */ = {isa = PBXBuildFile; fileRef = 302D95F014D2391D003F00A1 /* MainViewController.xib */; };
		305DD04A84B24D16BB336A30 /* CDVWKWebViewFileXhr.m in Sources */ = {isa = PBXBuildFile; fileRef = ED40C021D2E84BED9F1D7C15 /* CDVWKWebViewFileXhr.m */; };
		3152DB2F639E4DD8A510F165 /* CoreLocation.framework in Frameworks */ = {isa = PBXBuildFile; fileRef = 04D892170BCB41ECB76FBE4C /* CoreLocation.framework */; };
		33DAF037655E425DBB5FF4A3 /* fileenc.c in Sources */ = {isa = PBXBuildFile; fileRef = CDCC0E0FA4024637A6372039 /* fileenc.c */; };
		3657E2D3EFA44A2E87803D6D /* SQLitePlugin.m in Sources */ = {isa = PBXBuildFile; fileRef = 524A565D07DA462C9A993CA4 /* SQLitePlugin.m */; };
		39E5B679085C4C319850EBEB /* pwd2key.c in Sources */ = {isa = PBXBuildFile; fileRef = FE1DE7F19603443FAE96C5EE /* pwd2key.c */; };
		3D215DB12A5347EBBB54D42F /* libz.dylib in Frameworks */ = {isa = PBXBuildFile; fileRef = 29677A806BB8433EA59332E3 /* libz.dylib */; };
		3ED9454F760643D9870E7127 /* CDVLocalFilesystem.m in Sources */ = {isa = PBXBuildFile; fileRef = 1BF8F430A6A94B9A87182471 /* CDVLocalFilesystem.m */; };
		42DAA1A7E65A4A6CA4F72CC4 /* ImageIO.framework in Frameworks */ = {isa = PBXBuildFile; fileRef = 50A9CC6AE977481392BA32B6 /* ImageIO.framework */; settings = {ATTRIBUTES = (Weak, ); }; };
		463CF3C3BF2347FA965C0A3B /* unzip.c in Sources */ = {isa = PBXBuildFile; fileRef = D55E2642B9AD4409A30F6BAB /* unzip.c */; };
		4AC8B1C92D0648878AA0A1CF /* aestab.c in Sources */ = {isa = PBXBuildFile; fileRef = B1C98BE8D2C54CDEAA2B00B8 /* aestab.c */; };
		4F6E4E612E4340A6938DDE68 /* SSZipArchive.m in Sources */ = {isa = PBXBuildFile; fileRef = D4BDDF222D7F4F87A2DBE3BE /* SSZipArchive.m */; };
		528AD461F9F8468A8B91FF7E /* CDVViewController+SplashScreen.m in Sources */ = {isa = PBXBuildFile; fileRef = D0B0BBE2ACF44980AD2F21BC /* CDVViewController+SplashScreen.m */; };
		5315DE1005624334B5958C36 /* CDVStatusBar.m in Sources */ = {isa = PBXBuildFile; fileRef = 1648EBEE0C5F46CFA8E94752 /* CDVStatusBar.m */; };
		57B122BAEF1E4BF587EEF8FA /* entropy.c in Sources */ = {isa = PBXBuildFile; fileRef = 9EF58A0785DB482BB126F627 /* entropy.c */; };
		58DA6ADE6F2847B688E7C1C5 /* ZipPlugin.m in Sources */ = {isa = PBXBuildFile; fileRef = C289A0D157FD4930B333E55F /* ZipPlugin.m */; };
		5DDF2B538DF64708B72B8353 /* zip.c in Sources */ = {isa = PBXBuildFile; fileRef = 88808149291B42C8B2BF6895 /* zip.c */; };
		5F1F01FF7B20459C9C69D375 /* prng.c in Sources */ = {isa = PBXBuildFile; fileRef = 39427178D2894C018318F6B9 /* prng.c */; };
		6194B6D2F38A4123B48B8475 /* CDVCapture.m in Sources */ = {isa = PBXBuildFile; fileRef = 42BB5511CD8B4D5AA31A9B2F /* CDVCapture.m */; };
		6357B15F032B438B8519D178 /* CDVDevice.m in Sources */ = {isa = PBXBuildFile; fileRef = 7C44BDEF86134D3087BC5D99 /* CDVDevice.m */; };
		638C9269E6E1562501A32EBC /* libPods-Hispanic Horizons.a in Frameworks */ = {isa = PBXBuildFile; fileRef = 409695CCBF3EE405D8ECFCCF /* libPods-Hispanic Horizons.a */; };
		66049D1E3D6F4CC4827723E1 /* CDVConnection.m in Sources */ = {isa = PBXBuildFile; fileRef = 3F11223753604BA49413C19D /* CDVConnection.m */; };
		66EE5AB46F92421EBAE50752 /* sqlite3.c in Sources */ = {isa = PBXBuildFile; fileRef = A394F3A3ABB14A4AB9EBAC23 /* sqlite3.c */; settings = {COMPILER_FLAGS = "-w -DSQLITE_THREADSAFE=1 -DSQLITE_DEFAULT_SYNCHRONOUS=3 -DSQLITE_DEFAULT_MEMSTATUS=0 -DSQLITE_OMIT_DECLTYPE -DSQLITE_OMIT_DEPRECATED -DSQLITE_OMIT_PROGRESS_CALLBACK -DSQLITE_OMIT_SHARED_CACHE -DSQLITE_TEMP_STORE=2 -DSQLITE_OMIT_LOAD_EXTENSION -DSQLITE_ENABLE_FTS3 -DSQLITE_ENABLE_FTS3_PARENTHESIS -DSQLITE_ENABLE_FTS4 -DSQLITE_ENABLE_RTREE -DSQLITE_DEFAULT_PAGE_SIZE=4096"; }; };
		68E0B6E35D604853A2B14D33 /* UIImage+CropScaleOrientation.m in Sources */ = {isa = PBXBuildFile; fileRef = 9E862FF95AFF46398144016A /* UIImage+CropScaleOrientation.m */; };
		6AFF5BF91D6E424B00AB3073 /* CDVLaunchScreen.storyboard in Resources */ = {isa = PBXBuildFile; fileRef = 6AFF5BF81D6E424B00AB3073 /* CDVLaunchScreen.storyboard */; };
		6B506D4100BC4973A03E16D3 /* mztools.c in Sources */ = {isa = PBXBuildFile; fileRef = 5B0F85F7848643E58C821CC1 /* mztools.c */; };
		6CFC622DB755433FBB4D2D43 /* CDVWKProcessPoolFactory.m in Sources */ = {isa = PBXBuildFile; fileRef = 8B60C6E28ACF4D729013CD05 /* CDVWKProcessPoolFactory.m */; };
		6EFC6538587E40AC9DC35078 /* AVFoundation.framework in Frameworks */ = {isa = PBXBuildFile; fileRef = 1356FB6A63194E68A511AF04 /* AVFoundation.framework */; };
		790B467DA740444F927B67A5 /* CDVIonicKeyboard.m in Sources */ = {isa = PBXBuildFile; fileRef = AD97C24D2482417A8E6AF767 /* CDVIonicKeyboard.m */; };
		7C70FDB799264A5198B71107 /* CDVWKWebViewEngine.m in Sources */ = {isa = PBXBuildFile; fileRef = 46CA96ED017B47889E1F811E /* CDVWKWebViewEngine.m */; };
		853031AEB9344AAE9680000C /* PushPlugin.m in Sources */ = {isa = PBXBuildFile; fileRef = 348C08DAC4934BACBEEBA3A5 /* PushPlugin.m */; };
		8E369AD4735E4A88915437CE /* CDVJpegHeaderWriter.m in Sources */ = {isa = PBXBuildFile; fileRef = C49D33787B824B09AFE4F380 /* CDVJpegHeaderWriter.m */; };
		90D60BC4C20D443AAF5012D4 /* CDVInAppBrowser.m in Sources */ = {isa = PBXBuildFile; fileRef = 31FE336A07E4428ABCB86870 /* CDVInAppBrowser.m */; };
		9CED7DC5ABD74A57A394FA1E /* CDVCapture.bundle in Resources */ = {isa = PBXBuildFile; fileRef = 9A425176B85B483CAC0BD138 /* CDVCapture.bundle */; };
		9EBD8EAA9CBC4A44A2CACA50 /* aescrypt.c in Sources */ = {isa = PBXBuildFile; fileRef = FB7659FFAD684ADAA983EBD3 /* aescrypt.c */; };
		A062D2A4569B4A3AB5DC2C47 /* CDVReachability.m in Sources */ = {isa = PBXBuildFile; fileRef = B848F3A5BB464F3B92EC8A74 /* CDVReachability.m */; };
		A240E741B8E64EB2AA96989A /* CDVInAppBrowserOptions.m in Sources */ = {isa = PBXBuildFile; fileRef = A72AD9B2D9D846FBB306E237 /* CDVInAppBrowserOptions.m */; };
		AA6F6E4050E64C70B94DA0F2 /* BackgroundAudio.m in Sources */ = {isa = PBXBuildFile; fileRef = 619A2F32E2B742A3A5CBBBB9 /* BackgroundAudio.m */; };
		AE9DCDED77914C50B6E1E3DC /* SystemConfiguration.framework in Frameworks */ = {isa = PBXBuildFile; fileRef = 606E0DFAEFC343EEB4ED42FB /* SystemConfiguration.framework */; settings = {ATTRIBUTES = (Weak, ); }; };
		B497F66AA6964891BE7309AC /* GoogleService-Info.plist in Resources */ = {isa = PBXBuildFile; fileRef = 876B1FDDCD944BE9B78755EE /* GoogleService-Info.plist */; };
		B4C3653F6BDA4998961700DB /* CDVUIInAppBrowser.m in Sources */ = {isa = PBXBuildFile; fileRef = D769851C94624BCD89D494CD /* CDVUIInAppBrowser.m */; };
		B5E49385D8DE4ACBAAA6419A /* ioapi.c in Sources */ = {isa = PBXBuildFile; fileRef = 788D37491B1746119E8DCB60 /* ioapi.c */; };
		B62C39ED411945EA97B035E7 /* CDVClipboard.m in Sources */ = {isa = PBXBuildFile; fileRef = E7A39DE8435B442AB05F267B /* CDVClipboard.m */; };
		BD17BF5BDD4746679B63BEB0 /* CDVInAppBrowserNavigationController.m in Sources */ = {isa = PBXBuildFile; fileRef = B7F083CD5A5849C29E392F27 /* CDVInAppBrowserNavigationController.m */; };
		BFE922099CE7471B98C3AA4E /* CDVWKWebViewUIDelegate.m in Sources */ = {isa = PBXBuildFile; fileRef = 063CE0ED970E44D6BA64F003 /* CDVWKWebViewUIDelegate.m */; };
		C0155C3AE74F4F928F75EFC5 /* PushKit.framework in Frameworks */ = {isa = PBXBuildFile; fileRef = 58A8B9C0B61244EB817F7FB9 /* PushKit.framework */; };
		C49396863C384384AD56D966 /* sha1.c in Sources */ = {isa = PBXBuildFile; fileRef = CC4779896935499795E7C82C /* sha1.c */; };
		C4F482CBB66C4F4FABA93693 /* APPNotificationCategory.m in Sources */ = {isa = PBXBuildFile; fileRef = E82D16C921EF4361A0141608 /* APPNotificationCategory.m */; };
		C7D8C67088C44945BDAF66E8 /* APPNotificationContent.m in Sources */ = {isa = PBXBuildFile; fileRef = 98D83C37EFEA48F4AB96BB6B /* APPNotificationContent.m */; };
		C8AC180B27AB47AE907A7C8B /* CDVWKInAppBrowserUIDelegate.m in Sources */ = {isa = PBXBuildFile; fileRef = 1B5352095AA7433FA4F0139B /* CDVWKInAppBrowserUIDelegate.m */; };
		C8F4F835257E46B6BCCA95AB /* CustomPSPDFThreadSafeMutableDictionary.m in Sources */ = {isa = PBXBuildFile; fileRef = C049CC2B0D3D43EDABBDF63B /* CustomPSPDFThreadSafeMutableDictionary.m */; settings = {COMPILER_FLAGS = "-w"; }; };
		D0BD7344438446638A56276B /* CDVAssetLibraryFilesystem.m in Sources */ = {isa = PBXBuildFile; fileRef = B0D0C63FDF7E4FB69964C03B /* CDVAssetLibraryFilesystem.m */; };
		DF536F90B9B34CD08053C36D /* CDVSplashScreen.m in Sources */ = {isa = PBXBuildFile; fileRef = D0783E70BEB7492C84C67AE0 /* CDVSplashScreen.m */; };
		E6A4CAEEE24D4DA1A7A26180 /* APPLocalNotification.m in Sources */ = {isa = PBXBuildFile; fileRef = E3F83BBD4C304DB28419E86C /* APPLocalNotification.m */; };
		E7025A00875B4CCDB5009B39 /* UserNotifications.framework in Frameworks */ = {isa = PBXBuildFile; fileRef = 3DD8382569024A1F8A23C17C /* UserNotifications.framework */; };
		EAA21462F9A44E9A98E3F939 /* CDVLocation.m in Sources */ = {isa = PBXBuildFile; fileRef = 98F467B71A48481EA57CC39B /* CDVLocation.m */; };
		EAB5E97D31D84778951F031A /* hmac.c in Sources */ = {isa = PBXBuildFile; fileRef = 879F8878B55D45DFBBC76E39 /* hmac.c */; };
		EBC957C7BB734F72800CE176 /* CDVFile.m in Sources */ = {isa = PBXBuildFile; fileRef = C2EB284C5CDF489A96FDEC69 /* CDVFile.m */; };
		EC0E7F0FD5454A44B1291AD9 /* aeskey.c in Sources */ = {isa = PBXBuildFile; fileRef = 6B6CECC62CE64F28ADFC3322 /* aeskey.c */; };
		F3A2C3169D7B423DBB00A602 /* CDVFileTransfer.m in Sources */ = {isa = PBXBuildFile; fileRef = D1CEBD375B7B494E93D1A304 /* CDVFileTransfer.m */; };
		FEA88ACDCFD148DCA05F95A4 /* WebKit.framework in Frameworks */ = {isa = PBXBuildFile; fileRef = B66DC6B598474C1882DBE897 /* WebKit.framework */; settings = {ATTRIBUTES = (Weak, ); }; };
/* End PBXBuildFile section */

/* Begin PBXContainerItemProxy section */
		301BF534109A57CC0062928A /* PBXContainerItemProxy */ = {
			isa = PBXContainerItemProxy;
			containerPortal = 301BF52D109A57CC0062928A /* CordovaLib.xcodeproj */;
			proxyType = 2;
			remoteGlobalIDString = D2AAC07E0554694100DB518D;
			remoteInfo = CordovaLib;
		};
		301BF550109A68C00062928A /* PBXContainerItemProxy */ = {
			isa = PBXContainerItemProxy;
			containerPortal = 301BF52D109A57CC0062928A /* CordovaLib.xcodeproj */;
			proxyType = 1;
			remoteGlobalIDString = D2AAC07D0554694100DB518D;
			remoteInfo = CordovaLib;
		};
		907D8123214C687600058A10 /* PBXContainerItemProxy */ = {
			isa = PBXContainerItemProxy;
			containerPortal = 301BF52D109A57CC0062928A /* CordovaLib.xcodeproj */;
			proxyType = 2;
			remoteGlobalIDString = C0C01EB21E3911D50056E6CB;
			remoteInfo = Cordova;
		};
/* End PBXContainerItemProxy section */

/* Begin PBXFileReference section */
		00B339E45B9F4B9CAC8ADD52 /* AppDelegate+notification.m */ = {isa = PBXFileReference; explicitFileType = undefined; fileEncoding = 4; includeInIndex = 0; lastKnownFileType = sourcecode.c.objc; name = "AppDelegate+notification.m"; path = "phonegap-plugin-push/AppDelegate+notification.m"; sourceTree = "<group>"; };
		0207DA571B56EA530066E2B4 /* Images.xcassets */ = {isa = PBXFileReference; lastKnownFileType = folder.assetcatalog; name = Images.xcassets; path = "Hispanic Horizons/Images.xcassets"; sourceTree = SOURCE_ROOT; };
		02E74BF6629042C98C8E894D /* CDVWKProcessPoolFactory.h */ = {isa = PBXFileReference; explicitFileType = undefined; fileEncoding = 4; includeInIndex = 0; lastKnownFileType = sourcecode.c.h; name = CDVWKProcessPoolFactory.h; path = "cordova-plugin-wkwebview-engine/CDVWKProcessPoolFactory.h"; sourceTree = "<group>"; };
		03F997B6986B4AEDA990ABC3 /* aesopt.h */ = {isa = PBXFileReference; explicitFileType = undefined; fileEncoding = 4; includeInIndex = 0; lastKnownFileType = sourcecode.c.h; name = aesopt.h; path = "cordova-plugin-zip/Plugins/aes/aesopt.h"; sourceTree = "<group>"; };
		04D892170BCB41ECB76FBE4C /* CoreLocation.framework */ = {isa = PBXFileReference; explicitFileType = undefined; fileEncoding = 9; includeInIndex = 0; lastKnownFileType = wrapper.framework; name = CoreLocation.framework; path = System/Library/Frameworks/CoreLocation.framework; sourceTree = SDKROOT; };
		063CE0ED970E44D6BA64F003 /* CDVWKWebViewUIDelegate.m */ = {isa = PBXFileReference; explicitFileType = undefined; fileEncoding = 4; includeInIndex = 0; lastKnownFileType = sourcecode.c.objc; name = CDVWKWebViewUIDelegate.m; path = "cordova-plugin-wkwebview-engine/CDVWKWebViewUIDelegate.m"; sourceTree = "<group>"; };
		0989815E472F4BDA99619CFC /* CDVWKWebViewEngine.h */ = {isa = PBXFileReference; explicitFileType = undefined; fileEncoding = 4; includeInIndex = 0; lastKnownFileType = sourcecode.c.h; name = CDVWKWebViewEngine.h; path = "cordova-plugin-wkwebview-engine/CDVWKWebViewEngine.h"; sourceTree = "<group>"; };
		0AAEB372CAF64178B3786B9B /* APPNotificationContent.h */ = {isa = PBXFileReference; explicitFileType = undefined; fileEncoding = 4; includeInIndex = 0; lastKnownFileType = sourcecode.c.h; name = APPNotificationContent.h; path = "cordova-plugin-local-notification/APPNotificationContent.h"; sourceTree = "<group>"; };
		0B7D2163C8ED45F7BAEBA542 /* pwd2key.h */ = {isa = PBXFileReference; explicitFileType = undefined; fileEncoding = 4; includeInIndex = 0; lastKnownFileType = sourcecode.c.h; name = pwd2key.h; path = "cordova-plugin-zip/Plugins/aes/pwd2key.h"; sourceTree = "<group>"; };
		0D9D2FD783064E6594E490CF /* UNNotificationRequest+APPLocalNotification.h */ = {isa = PBXFileReference; explicitFileType = undefined; fileEncoding = 4; includeInIndex = 0; lastKnownFileType = sourcecode.c.h; name = "UNNotificationRequest+APPLocalNotification.h"; path = "cordova-plugin-local-notification/UNNotificationRequest+APPLocalNotification.h"; sourceTree = "<group>"; };
		1356FB6A63194E68A511AF04 /* AVFoundation.framework */ = {isa = PBXFileReference; explicitFileType = undefined; fileEncoding = 9; includeInIndex = 0; lastKnownFileType = wrapper.framework; name = AVFoundation.framework; path = System/Library/Frameworks/AVFoundation.framework; sourceTree = SDKROOT; };
		1597B8AF9D3F4B2B9468DF75 /* UNNotificationRequest+APPLocalNotification.m */ = {isa = PBXFileReference; explicitFileType = undefined; fileEncoding = 4; includeInIndex = 0; lastKnownFileType = sourcecode.c.objc; name = "UNNotificationRequest+APPLocalNotification.m"; path = "cordova-plugin-local-notification/UNNotificationRequest+APPLocalNotification.m"; sourceTree = "<group>"; };
		1648EBEE0C5F46CFA8E94752 /* CDVStatusBar.m */ = {isa = PBXFileReference; explicitFileType = undefined; fileEncoding = 4; includeInIndex = 0; lastKnownFileType = sourcecode.c.objc; name = CDVStatusBar.m; path = "cordova-plugin-statusbar/CDVStatusBar.m"; sourceTree = "<group>"; };
		19CD5FBB55CC433CAB5CEB68 /* zip.h */ = {isa = PBXFileReference; explicitFileType = undefined; fileEncoding = 4; includeInIndex = 0; lastKnownFileType = sourcecode.c.h; name = zip.h; path = "cordova-plugin-zip/Plugins/minizip/zip.h"; sourceTree = "<group>"; };
		1B5352095AA7433FA4F0139B /* CDVWKInAppBrowserUIDelegate.m */ = {isa = PBXFileReference; explicitFileType = undefined; fileEncoding = 4; includeInIndex = 0; lastKnownFileType = sourcecode.c.objc; name = CDVWKInAppBrowserUIDelegate.m; path = "cordova-plugin-inappbrowser/CDVWKInAppBrowserUIDelegate.m"; sourceTree = "<group>"; };
		1BF8F430A6A94B9A87182471 /* CDVLocalFilesystem.m */ = {isa = PBXFileReference; explicitFileType = undefined; fileEncoding = 4; includeInIndex = 0; lastKnownFileType = sourcecode.c.objc; name = CDVLocalFilesystem.m; path = "cordova-plugin-file/CDVLocalFilesystem.m"; sourceTree = "<group>"; };
		1C5E37D29E21411C9A3D132B /* CDVWKWebViewUIDelegate.h */ = {isa = PBXFileReference; explicitFileType = undefined; fileEncoding = 4; includeInIndex = 0; lastKnownFileType = sourcecode.c.h; name = CDVWKWebViewUIDelegate.h; path = "cordova-plugin-wkwebview-engine/CDVWKWebViewUIDelegate.h"; sourceTree = "<group>"; };
		1D1F2FB99BE64D07AF3FBB32 /* UIImage+CropScaleOrientation.h */ = {isa = PBXFileReference; explicitFileType = undefined; fileEncoding = 4; includeInIndex = 0; lastKnownFileType = sourcecode.c.h; name = "UIImage+CropScaleOrientation.h"; path = "cordova-plugin-camera/UIImage+CropScaleOrientation.h"; sourceTree = "<group>"; };
		1D3623240D0F684500981E51 /* AppDelegate.h */ = {isa = PBXFileReference; fileEncoding = 4; lastKnownFileType = sourcecode.c.h; path = AppDelegate.h; sourceTree = "<group>"; };
		1D3623250D0F684500981E51 /* AppDelegate.m */ = {isa = PBXFileReference; fileEncoding = 4; lastKnownFileType = sourcecode.c.objc; path = AppDelegate.m; sourceTree = "<group>"; };
		1D6058910D05DD3D006BFB54 /* Hispanic Horizons.app */ = {isa = PBXFileReference; explicitFileType = wrapper.application; includeInIndex = 0; path = "Hispanic Horizons.app"; sourceTree = BUILT_PRODUCTS_DIR; };
		28A638AB749D4061810DF9D3 /* entropy.h */ = {isa = PBXFileReference; explicitFileType = undefined; fileEncoding = 4; includeInIndex = 0; lastKnownFileType = sourcecode.c.h; name = entropy.h; path = "cordova-plugin-zip/Plugins/aes/entropy.h"; sourceTree = "<group>"; };
		29677A806BB8433EA59332E3 /* libz.dylib */ = {isa = PBXFileReference; explicitFileType = undefined; fileEncoding = 9; includeInIndex = 0; lastKnownFileType = "compiled.mach-o.dylib"; name = libz.dylib; path = usr/lib/libz.dylib; sourceTree = SDKROOT; };
		29B97316FDCFA39411CA2CEA /* main.m */ = {isa = PBXFileReference; fileEncoding = 4; lastKnownFileType = sourcecode.c.objc; path = main.m; sourceTree = "<group>"; };
		2B7627FCA68B4392842350C8 /* CDVWKInAppBrowser.m */ = {isa = PBXFileReference; explicitFileType = undefined; fileEncoding = 4; includeInIndex = 0; lastKnownFileType = sourcecode.c.objc; name = CDVWKInAppBrowser.m; path = "cordova-plugin-inappbrowser/CDVWKInAppBrowser.m"; sourceTree = "<group>"; };
		2DCDE9A778344FF7B5290C08 /* CDVAssetLibraryFilesystem.h */ = {isa = PBXFileReference; explicitFileType = undefined; fileEncoding = 4; includeInIndex = 0; lastKnownFileType = sourcecode.c.h; name = CDVAssetLibraryFilesystem.h; path = "cordova-plugin-file/CDVAssetLibraryFilesystem.h"; sourceTree = "<group>"; };
		301BF52D109A57CC0062928A /* CordovaLib.xcodeproj */ = {isa = PBXFileReference; lastKnownFileType = "wrapper.pb-project"; name = CordovaLib.xcodeproj; path = CordovaLib/CordovaLib.xcodeproj; sourceTree = "<group>"; };
		301BF56E109A69640062928A /* www */ = {isa = PBXFileReference; lastKnownFileType = folder; path = www; sourceTree = SOURCE_ROOT; };
		302D95EE14D2391D003F00A1 /* MainViewController.h */ = {isa = PBXFileReference; fileEncoding = 4; lastKnownFileType = sourcecode.c.h; path = MainViewController.h; sourceTree = "<group>"; };
		302D95EF14D2391D003F00A1 /* MainViewController.m */ = {isa = PBXFileReference; fileEncoding = 4; lastKnownFileType = sourcecode.c.objc; path = MainViewController.m; sourceTree = "<group>"; };
		302D95F014D2391D003F00A1 /* MainViewController.xib */ = {isa = PBXFileReference; fileEncoding = 4; lastKnownFileType = file.xib; path = MainViewController.xib; sourceTree = "<group>"; };
		3047A50F1AB8059700498E2A /* build-debug.xcconfig */ = {isa = PBXFileReference; fileEncoding = 4; lastKnownFileType = text.xcconfig; name = "build-debug.xcconfig"; path = "cordova/build-debug.xcconfig"; sourceTree = SOURCE_ROOT; };
		3047A5101AB8059700498E2A /* build-release.xcconfig */ = {isa = PBXFileReference; fileEncoding = 4; lastKnownFileType = text.xcconfig; name = "build-release.xcconfig"; path = "cordova/build-release.xcconfig"; sourceTree = SOURCE_ROOT; };
		3047A5111AB8059700498E2A /* build.xcconfig */ = {isa = PBXFileReference; fileEncoding = 4; lastKnownFileType = text.xcconfig; name = build.xcconfig; path = cordova/build.xcconfig; sourceTree = SOURCE_ROOT; };
		3140F708F1204C5DB8AC2DFE /* CDVFileTransfer.h */ = {isa = PBXFileReference; explicitFileType = undefined; fileEncoding = 4; includeInIndex = 0; lastKnownFileType = sourcecode.c.h; name = CDVFileTransfer.h; path = "cordova-plugin-file-transfer/CDVFileTransfer.h"; sourceTree = "<group>"; };
		31FE336A07E4428ABCB86870 /* CDVInAppBrowser.m */ = {isa = PBXFileReference; explicitFileType = undefined; fileEncoding = 4; includeInIndex = 0; lastKnownFileType = sourcecode.c.objc; name = CDVInAppBrowser.m; path = "cordova-plugin-inappbrowser/CDVInAppBrowser.m"; sourceTree = "<group>"; };
		32CA4F630368D1EE00C91783 /* Hispanic Horizons-Prefix.pch */ = {isa = PBXFileReference; fileEncoding = 4; lastKnownFileType = sourcecode.c.h; path = "Hispanic Horizons-Prefix.pch"; sourceTree = "<group>"; };
		348C08DAC4934BACBEEBA3A5 /* PushPlugin.m */ = {isa = PBXFileReference; explicitFileType = undefined; fileEncoding = 4; includeInIndex = 0; lastKnownFileType = sourcecode.c.objc; name = PushPlugin.m; path = "phonegap-plugin-push/PushPlugin.m"; sourceTree = "<group>"; };
		3776D86F86E4425FADDCE63D /* CDVWKWebViewEngine+FileXhrFix.m */ = {isa = PBXFileReference; explicitFileType = undefined; fileEncoding = 4; includeInIndex = 0; lastKnownFileType = sourcecode.c.objc; name = "CDVWKWebViewEngine+FileXhrFix.m"; path = "cordova-plugin-wkwebviewxhrfix/CDVWKWebViewEngine+FileXhrFix.m"; sourceTree = "<group>"; };
		3840368B8E5847A983BD180D /* APPNotificationOptions.h */ = {isa = PBXFileReference; explicitFileType = undefined; fileEncoding = 4; includeInIndex = 0; lastKnownFileType = sourcecode.c.h; name = APPNotificationOptions.h; path = "cordova-plugin-local-notification/APPNotificationOptions.h"; sourceTree = "<group>"; };
		39427178D2894C018318F6B9 /* prng.c */ = {isa = PBXFileReference; explicitFileType = undefined; fileEncoding = 9; includeInIndex = 0; lastKnownFileType = unknown; name = prng.c; path = "cordova-plugin-zip/Plugins/aes/prng.c"; sourceTree = "<group>"; };
		39EE0A4863204EDD9E843F8A /* CDVLocalFilesystem.h */ = {isa = PBXFileReference; explicitFileType = undefined; fileEncoding = 4; includeInIndex = 0; lastKnownFileType = sourcecode.c.h; name = CDVLocalFilesystem.h; path = "cordova-plugin-file/CDVLocalFilesystem.h"; sourceTree = "<group>"; };
		3BB78616E15D4FDBBDA8EDB4 /* aes.h */ = {isa = PBXFileReference; explicitFileType = undefined; fileEncoding = 4; includeInIndex = 0; lastKnownFileType = sourcecode.c.h; name = aes.h; path = "cordova-plugin-zip/Plugins/aes/aes.h"; sourceTree = "<group>"; };
		3DD8382569024A1F8A23C17C /* UserNotifications.framework */ = {isa = PBXFileReference; explicitFileType = undefined; fileEncoding = 9; includeInIndex = 0; lastKnownFileType = wrapper.framework; name = UserNotifications.framework; path = System/Library/Frameworks/UserNotifications.framework; sourceTree = SDKROOT; };
		3F11223753604BA49413C19D /* CDVConnection.m */ = {isa = PBXFileReference; explicitFileType = undefined; fileEncoding = 4; includeInIndex = 0; lastKnownFileType = sourcecode.c.objc; name = CDVConnection.m; path = "cordova-plugin-network-information/CDVConnection.m"; sourceTree = "<group>"; };
		409695CCBF3EE405D8ECFCCF /* libPods-Hispanic Horizons.a */ = {isa = PBXFileReference; explicitFileType = archive.ar; includeInIndex = 0; path = "libPods-Hispanic Horizons.a"; sourceTree = BUILT_PRODUCTS_DIR; };
		42BB5511CD8B4D5AA31A9B2F /* CDVCapture.m */ = {isa = PBXFileReference; explicitFileType = undefined; fileEncoding = 4; includeInIndex = 0; lastKnownFileType = sourcecode.c.objc; name = CDVCapture.m; path = "cordova-plugin-media-capture/CDVCapture.m"; sourceTree = "<group>"; };
		458E2D5D75B04695A5229BDF /* CDVFile.h */ = {isa = PBXFileReference; explicitFileType = undefined; fileEncoding = 4; includeInIndex = 0; lastKnownFileType = sourcecode.c.h; name = CDVFile.h; path = "cordova-plugin-file/CDVFile.h"; sourceTree = "<group>"; };
		46CA96ED017B47889E1F811E /* CDVWKWebViewEngine.m */ = {isa = PBXFileReference; explicitFileType = undefined; fileEncoding = 4; includeInIndex = 0; lastKnownFileType = sourcecode.c.objc; name = CDVWKWebViewEngine.m; path = "cordova-plugin-wkwebview-engine/CDVWKWebViewEngine.m"; sourceTree = "<group>"; };
		46DFECED71724FCEA5A27B66 /* sha1.h */ = {isa = PBXFileReference; explicitFileType = undefined; fileEncoding = 4; includeInIndex = 0; lastKnownFileType = sourcecode.c.h; name = sha1.h; path = "cordova-plugin-zip/Plugins/aes/sha1.h"; sourceTree = "<group>"; };
		472C1466ABD54306A98D2B2A /* UNUserNotificationCenter+APPLocalNotification.h */ = {isa = PBXFileReference; explicitFileType = undefined; fileEncoding = 4; includeInIndex = 0; lastKnownFileType = sourcecode.c.h; name = "UNUserNotificationCenter+APPLocalNotification.h"; path = "cordova-plugin-local-notification/UNUserNotificationCenter+APPLocalNotification.h"; sourceTree = "<group>"; };
		4EF928391CA7449B93C60861 /* APPBadge.h */ = {isa = PBXFileReference; explicitFileType = undefined; fileEncoding = 4; includeInIndex = 0; lastKnownFileType = sourcecode.c.h; name = APPBadge.h; path = "cordova-plugin-badge/APPBadge.h"; sourceTree = "<group>"; };
		4F25A28AA743456F9EFFDF3B /* FileOpener2.m */ = {isa = PBXFileReference; explicitFileType = undefined; fileEncoding = 4; includeInIndex = 0; lastKnownFileType = sourcecode.c.objc; name = FileOpener2.m; path = "cordova-plugin-file-opener2/FileOpener2.m"; sourceTree = "<group>"; };
		50A9CC6AE977481392BA32B6 /* ImageIO.framework */ = {isa = PBXFileReference; explicitFileType = undefined; fileEncoding = 9; includeInIndex = 0; lastKnownFileType = wrapper.framework; name = ImageIO.framework; path = System/Library/Frameworks/ImageIO.framework; sourceTree = SDKROOT; };
		50C590A843D7471CA91970EE /* CDVStatusBar.h */ = {isa = PBXFileReference; explicitFileType = undefined; fileEncoding = 4; includeInIndex = 0; lastKnownFileType = sourcecode.c.h; name = CDVStatusBar.h; path = "cordova-plugin-statusbar/CDVStatusBar.h"; sourceTree = "<group>"; };
		524A565D07DA462C9A993CA4 /* SQLitePlugin.m */ = {isa = PBXFileReference; explicitFileType = undefined; fileEncoding = 4; includeInIndex = 0; lastKnownFileType = sourcecode.c.objc; name = SQLitePlugin.m; path = "cordova-sqlite-storage/SQLitePlugin.m"; sourceTree = "<group>"; };
		5345541CC9284886A1161D35 /* CDVUIInAppBrowser.h */ = {isa = PBXFileReference; explicitFileType = undefined; fileEncoding = 4; includeInIndex = 0; lastKnownFileType = sourcecode.c.h; name = CDVUIInAppBrowser.h; path = "cordova-plugin-inappbrowser/CDVUIInAppBrowser.h"; sourceTree = "<group>"; };
		58A8B9C0B61244EB817F7FB9 /* PushKit.framework */ = {isa = PBXFileReference; explicitFileType = undefined; fileEncoding = 9; includeInIndex = 0; lastKnownFileType = wrapper.framework; name = PushKit.framework; path = System/Library/Frameworks/PushKit.framework; sourceTree = SDKROOT; };
		5B0F85F7848643E58C821CC1 /* mztools.c */ = {isa = PBXFileReference; explicitFileType = undefined; fileEncoding = 9; includeInIndex = 0; lastKnownFileType = unknown; name = mztools.c; path = "cordova-plugin-zip/Plugins/minizip/mztools.c"; sourceTree = "<group>"; };
		606E0DFAEFC343EEB4ED42FB /* SystemConfiguration.framework */ = {isa = PBXFileReference; explicitFileType = undefined; fileEncoding = 9; includeInIndex = 0; lastKnownFileType = wrapper.framework; name = SystemConfiguration.framework; path = System/Library/Frameworks/SystemConfiguration.framework; sourceTree = SDKROOT; };
		619A2F32E2B742A3A5CBBBB9 /* BackgroundAudio.m */ = {isa = PBXFileReference; explicitFileType = undefined; fileEncoding = 4; includeInIndex = 0; lastKnownFileType = sourcecode.c.objc; name = BackgroundAudio.m; path = "nl.kingsquare.cordova.background-audio/BackgroundAudio.m"; sourceTree = "<group>"; };
		62F6DD1484555B8FB30C6DB5 /* Pods-Hispanic Horizons.release.xcconfig */ = {isa = PBXFileReference; includeInIndex = 1; lastKnownFileType = text.xcconfig; name = "Pods-Hispanic Horizons.release.xcconfig"; path = "Target Support Files/Pods-Hispanic Horizons/Pods-Hispanic Horizons.release.xcconfig"; sourceTree = "<group>"; };
		6432C1B45CB4499CAA6833B4 /* APPNotificationCategory.h */ = {isa = PBXFileReference; explicitFileType = undefined; fileEncoding = 4; includeInIndex = 0; lastKnownFileType = sourcecode.c.h; name = APPNotificationCategory.h; path = "cordova-plugin-local-notification/APPNotificationCategory.h"; sourceTree = "<group>"; };
		685AA53A74C847D2904104F8 /* SSZipArchive.h */ = {isa = PBXFileReference; explicitFileType = undefined; fileEncoding = 4; includeInIndex = 0; lastKnownFileType = sourcecode.c.h; name = SSZipArchive.h; path = "cordova-plugin-zip/Plugins/minizip/SSZipArchive.h"; sourceTree = "<group>"; };
		6964D024B10F4FD692A401CA /* sqlite3.h */ = {isa = PBXFileReference; explicitFileType = undefined; fileEncoding = 4; includeInIndex = 0; lastKnownFileType = sourcecode.c.h; name = sqlite3.h; path = "cordova-sqlite-storage/sqlite3.h"; sourceTree = "<group>"; };
		69F5B1FC3F6F4F399FD553C4 /* CDVWKInAppBrowserUIDelegate.h */ = {isa = PBXFileReference; explicitFileType = undefined; fileEncoding = 4; includeInIndex = 0; lastKnownFileType = sourcecode.c.h; name = CDVWKInAppBrowserUIDelegate.h; path = "cordova-plugin-inappbrowser/CDVWKInAppBrowserUIDelegate.h"; sourceTree = "<group>"; };
		6AFF5BF81D6E424B00AB3073 /* CDVLaunchScreen.storyboard */ = {isa = PBXFileReference; fileEncoding = 4; lastKnownFileType = file.storyboard; name = CDVLaunchScreen.storyboard; path = "Hispanic Horizons/CDVLaunchScreen.storyboard"; sourceTree = SOURCE_ROOT; };
		6B6CECC62CE64F28ADFC3322 /* aeskey.c */ = {isa = PBXFileReference; explicitFileType = undefined; fileEncoding = 9; includeInIndex = 0; lastKnownFileType = unknown; name = aeskey.c; path = "cordova-plugin-zip/Plugins/aes/aeskey.c"; sourceTree = "<group>"; };
		6BC221EAFC7D44238B87F768 /* CDVCamera.h */ = {isa = PBXFileReference; explicitFileType = undefined; fileEncoding = 4; includeInIndex = 0; lastKnownFileType = sourcecode.c.h; name = CDVCamera.h; path = "cordova-plugin-camera/CDVCamera.h"; sourceTree = "<group>"; };
		77FA32B196D14D3FB34527E4 /* ioapi.h */ = {isa = PBXFileReference; explicitFileType = undefined; fileEncoding = 4; includeInIndex = 0; lastKnownFileType = sourcecode.c.h; name = ioapi.h; path = "cordova-plugin-zip/Plugins/minizip/ioapi.h"; sourceTree = "<group>"; };
		788D37491B1746119E8DCB60 /* ioapi.c */ = {isa = PBXFileReference; explicitFileType = undefined; fileEncoding = 9; includeInIndex = 0; lastKnownFileType = unknown; name = ioapi.c; path = "cordova-plugin-zip/Plugins/minizip/ioapi.c"; sourceTree = "<group>"; };
		7897C8700E0145B6B3190BE8 /* APPNotificationOptions.m */ = {isa = PBXFileReference; explicitFileType = undefined; fileEncoding = 4; includeInIndex = 0; lastKnownFileType = sourcecode.c.objc; name = APPNotificationOptions.m; path = "cordova-plugin-local-notification/APPNotificationOptions.m"; sourceTree = "<group>"; };
		7C44BDEF86134D3087BC5D99 /* CDVDevice.m */ = {isa = PBXFileReference; explicitFileType = undefined; fileEncoding = 4; includeInIndex = 0; lastKnownFileType = sourcecode.c.objc; name = CDVDevice.m; path = "cordova-plugin-device/CDVDevice.m"; sourceTree = "<group>"; };
		7D9385B1C81746A5B679E1E1 /* CoreTelephony.framework */ = {isa = PBXFileReference; explicitFileType = undefined; fileEncoding = 9; includeInIndex = 0; lastKnownFileType = wrapper.framework; name = CoreTelephony.framework; path = System/Library/Frameworks/CoreTelephony.framework; sourceTree = SDKROOT; };
		7DAEA0535C82425FB57CABE3 /* ZipPlugin.h */ = {isa = PBXFileReference; explicitFileType = undefined; fileEncoding = 4; includeInIndex = 0; lastKnownFileType = sourcecode.c.h; name = ZipPlugin.h; path = "cordova-plugin-zip/ZipPlugin.h"; sourceTree = "<group>"; };
		7DBBFE5706AF4AADB3A2998F /* brg_endian.h */ = {isa = PBXFileReference; explicitFileType = undefined; fileEncoding = 4; includeInIndex = 0; lastKnownFileType = sourcecode.c.h; name = brg_endian.h; path = "cordova-plugin-zip/Plugins/aes/brg_endian.h"; sourceTree = "<group>"; };
		7DC0BD966A3D4BA589498B5B /* UNUserNotificationCenter+APPLocalNotification.m */ = {isa = PBXFileReference; explicitFileType = undefined; fileEncoding = 4; includeInIndex = 0; lastKnownFileType = sourcecode.c.objc; name = "UNUserNotificationCenter+APPLocalNotification.m"; path = "cordova-plugin-local-notification/UNUserNotificationCenter+APPLocalNotification.m"; sourceTree = "<group>"; };
		85C09141D8CC4F6AA39D1DA2 /* unzip.h */ = {isa = PBXFileReference; explicitFileType = undefined; fileEncoding = 4; includeInIndex = 0; lastKnownFileType = sourcecode.c.h; name = unzip.h; path = "cordova-plugin-zip/Plugins/minizip/unzip.h"; sourceTree = "<group>"; };
		876B1FDDCD944BE9B78755EE /* GoogleService-Info.plist */ = {isa = PBXFileReference; explicitFileType = undefined; fileEncoding = 4; includeInIndex = 0; lastKnownFileType = text.plist.xml; path = "GoogleService-Info.plist"; sourceTree = "<group>"; };
		879F8878B55D45DFBBC76E39 /* hmac.c */ = {isa = PBXFileReference; explicitFileType = undefined; fileEncoding = 9; includeInIndex = 0; lastKnownFileType = unknown; name = hmac.c; path = "cordova-plugin-zip/Plugins/aes/hmac.c"; sourceTree = "<group>"; };
		87CA67A49ED24BB4909468B9 /* APPLocalNotification.h */ = {isa = PBXFileReference; explicitFileType = undefined; fileEncoding = 4; includeInIndex = 0; lastKnownFileType = sourcecode.c.h; name = APPLocalNotification.h; path = "cordova-plugin-local-notification/APPLocalNotification.h"; sourceTree = "<group>"; };
		88808149291B42C8B2BF6895 /* zip.c */ = {isa = PBXFileReference; explicitFileType = undefined; fileEncoding = 9; includeInIndex = 0; lastKnownFileType = unknown; name = zip.c; path = "cordova-plugin-zip/Plugins/minizip/zip.c"; sourceTree = "<group>"; };
		8A1679A2D1954C1C94E5A976 /* CDVViewController+SplashScreen.h */ = {isa = PBXFileReference; explicitFileType = undefined; fileEncoding = 4; includeInIndex = 0; lastKnownFileType = sourcecode.c.h; name = "CDVViewController+SplashScreen.h"; path = "cordova-plugin-splashscreen/CDVViewController+SplashScreen.h"; sourceTree = "<group>"; };
		8A6FC70F128F4727A29502A2 /* CDVWKWebViewEngine+FileXhrFix.h */ = {isa = PBXFileReference; explicitFileType = undefined; fileEncoding = 4; includeInIndex = 0; lastKnownFileType = sourcecode.c.h; name = "CDVWKWebViewEngine+FileXhrFix.h"; path = "cordova-plugin-wkwebviewxhrfix/CDVWKWebViewEngine+FileXhrFix.h"; sourceTree = "<group>"; };
		8B60C6E28ACF4D729013CD05 /* CDVWKProcessPoolFactory.m */ = {isa = PBXFileReference; explicitFileType = undefined; fileEncoding = 4; includeInIndex = 0; lastKnownFileType = sourcecode.c.objc; name = CDVWKProcessPoolFactory.m; path = "cordova-plugin-wkwebview-engine/CDVWKProcessPoolFactory.m"; sourceTree = "<group>"; };
		8B8745EE63DC4ACE9C74B372 /* aes_via_ace.h */ = {isa = PBXFileReference; explicitFileType = undefined; fileEncoding = 4; includeInIndex = 0; lastKnownFileType = sourcecode.c.h; name = aes_via_ace.h; path = "cordova-plugin-zip/Plugins/aes/aes_via_ace.h"; sourceTree = "<group>"; };
		8D1107310486CEB800E47090 /* Hispanic Horizons-Info.plist */ = {isa = PBXFileReference; fileEncoding = 4; lastKnownFileType = text.plist.xml; name = "Hispanic Horizons-Info.plist"; path = "Hispanic Horizons/Hispanic Horizons-Info.plist"; plistStructureDefinitionIdentifier = "com.apple.xcode.plist.structure-definition.iphone.info-plist"; sourceTree = SOURCE_ROOT; };
		922026B8FC974C38B570BF37 /* CDVCamera.m */ = {isa = PBXFileReference; explicitFileType = undefined; fileEncoding = 4; includeInIndex = 0; lastKnownFileType = sourcecode.c.objc; name = CDVCamera.m; path = "cordova-plugin-camera/CDVCamera.m"; sourceTree = "<group>"; };
		98AFC9A9B29D45308A6C7218 /* Common.h */ = {isa = PBXFileReference; explicitFileType = undefined; fileEncoding = 4; includeInIndex = 0; lastKnownFileType = sourcecode.c.h; name = Common.h; path = "cordova-plugin-zip/Common.h"; sourceTree = "<group>"; };
		98D83C37EFEA48F4AB96BB6B /* APPNotificationContent.m */ = {isa = PBXFileReference; explicitFileType = undefined; fileEncoding = 4; includeInIndex = 0; lastKnownFileType = sourcecode.c.objc; name = APPNotificationContent.m; path = "cordova-plugin-local-notification/APPNotificationContent.m"; sourceTree = "<group>"; };
		98F467B71A48481EA57CC39B /* CDVLocation.m */ = {isa = PBXFileReference; explicitFileType = undefined; fileEncoding = 4; includeInIndex = 0; lastKnownFileType = sourcecode.c.objc; name = CDVLocation.m; path = "cordova-plugin-geolocation/CDVLocation.m"; sourceTree = "<group>"; };
		99AE208390C245E0B442E816 /* crypt.h */ = {isa = PBXFileReference; explicitFileType = undefined; fileEncoding = 4; includeInIndex = 0; lastKnownFileType = sourcecode.c.h; name = crypt.h; path = "cordova-plugin-zip/Plugins/minizip/crypt.h"; sourceTree = "<group>"; };
		9A425176B85B483CAC0BD138 /* CDVCapture.bundle */ = {isa = PBXFileReference; explicitFileType = undefined; fileEncoding = 9; includeInIndex = 0; lastKnownFileType = "wrapper.plug-in"; path = CDVCapture.bundle; sourceTree = "<group>"; };
		9A6F3A6AA61D428298A13E2A /* CDVOrientation.m */ = {isa = PBXFileReference; explicitFileType = undefined; fileEncoding = 4; includeInIndex = 0; lastKnownFileType = sourcecode.c.objc; name = CDVOrientation.m; path = "cordova-plugin-screen-orientation/CDVOrientation.m"; sourceTree = "<group>"; };
		9DC1C34BE3E2448AAA1F18B5 /* CDVWKWebViewFileXhr.h */ = {isa = PBXFileReference; explicitFileType = undefined; fileEncoding = 4; includeInIndex = 0; lastKnownFileType = sourcecode.c.h; name = CDVWKWebViewFileXhr.h; path = "cordova-plugin-wkwebview-file-xhr/CDVWKWebViewFileXhr.h"; sourceTree = "<group>"; };
		9E862FF95AFF46398144016A /* UIImage+CropScaleOrientation.m */ = {isa = PBXFileReference; explicitFileType = undefined; fileEncoding = 4; includeInIndex = 0; lastKnownFileType = sourcecode.c.objc; name = "UIImage+CropScaleOrientation.m"; path = "cordova-plugin-camera/UIImage+CropScaleOrientation.m"; sourceTree = "<group>"; };
		9EF58A0785DB482BB126F627 /* entropy.c */ = {isa = PBXFileReference; explicitFileType = undefined; fileEncoding = 9; includeInIndex = 0; lastKnownFileType = unknown; name = entropy.c; path = "cordova-plugin-zip/Plugins/aes/entropy.c"; sourceTree = "<group>"; };
		A014851281F247358DDB5355 /* mztools.h */ = {isa = PBXFileReference; explicitFileType = undefined; fileEncoding = 4; includeInIndex = 0; lastKnownFileType = sourcecode.c.h; name = mztools.h; path = "cordova-plugin-zip/Plugins/minizip/mztools.h"; sourceTree = "<group>"; };
		A394F3A3ABB14A4AB9EBAC23 /* sqlite3.c */ = {isa = PBXFileReference; explicitFileType = undefined; fileEncoding = 9; includeInIndex = 0; lastKnownFileType = unknown; name = sqlite3.c; path = "cordova-sqlite-storage/sqlite3.c"; sourceTree = "<group>"; };
		A47ED085990F4E4EA8735DED /* PushPlugin.h */ = {isa = PBXFileReference; explicitFileType = undefined; fileEncoding = 4; includeInIndex = 0; lastKnownFileType = sourcecode.c.h; name = PushPlugin.h; path = "phonegap-plugin-push/PushPlugin.h"; sourceTree = "<group>"; };
		A6A828A5537B404EBC5F54AE /* CDVIonicKeyboard.h */ = {isa = PBXFileReference; explicitFileType = undefined; fileEncoding = 4; includeInIndex = 0; lastKnownFileType = sourcecode.c.h; name = CDVIonicKeyboard.h; path = "cordova-plugin-ionic-keyboard/CDVIonicKeyboard.h"; sourceTree = "<group>"; };
		A72AD9B2D9D846FBB306E237 /* CDVInAppBrowserOptions.m */ = {isa = PBXFileReference; explicitFileType = undefined; fileEncoding = 4; includeInIndex = 0; lastKnownFileType = sourcecode.c.objc; name = CDVInAppBrowserOptions.m; path = "cordova-plugin-inappbrowser/CDVInAppBrowserOptions.m"; sourceTree = "<group>"; };
		AD97C24D2482417A8E6AF767 /* CDVIonicKeyboard.m */ = {isa = PBXFileReference; explicitFileType = undefined; fileEncoding = 4; includeInIndex = 0; lastKnownFileType = sourcecode.c.objc; name = CDVIonicKeyboard.m; path = "cordova-plugin-ionic-keyboard/CDVIonicKeyboard.m"; sourceTree = "<group>"; };
		AEAF5EE53E3F418C9C6DF428 /* AppDelegate+notification.h */ = {isa = PBXFileReference; explicitFileType = undefined; fileEncoding = 4; includeInIndex = 0; lastKnownFileType = sourcecode.c.h; name = "AppDelegate+notification.h"; path = "phonegap-plugin-push/AppDelegate+notification.h"; sourceTree = "<group>"; };
		B0D0C63FDF7E4FB69964C03B /* CDVAssetLibraryFilesystem.m */ = {isa = PBXFileReference; explicitFileType = undefined; fileEncoding = 4; includeInIndex = 0; lastKnownFileType = sourcecode.c.objc; name = CDVAssetLibraryFilesystem.m; path = "cordova-plugin-file/CDVAssetLibraryFilesystem.m"; sourceTree = "<group>"; };
		B1C98BE8D2C54CDEAA2B00B8 /* aestab.c */ = {isa = PBXFileReference; explicitFileType = undefined; fileEncoding = 9; includeInIndex = 0; lastKnownFileType = unknown; name = aestab.c; path = "cordova-plugin-zip/Plugins/aes/aestab.c"; sourceTree = "<group>"; };
		B230E3BBD164482B9298BAB9 /* CDVInAppBrowserOptions.h */ = {isa = PBXFileReference; explicitFileType = undefined; fileEncoding = 4; includeInIndex = 0; lastKnownFileType = sourcecode.c.h; name = CDVInAppBrowserOptions.h; path = "cordova-plugin-inappbrowser/CDVInAppBrowserOptions.h"; sourceTree = "<group>"; };
		B27797452E144F97B0DA58C3 /* SQLitePlugin.h */ = {isa = PBXFileReference; explicitFileType = undefined; fileEncoding = 4; includeInIndex = 0; lastKnownFileType = sourcecode.c.h; name = SQLitePlugin.h; path = "cordova-sqlite-storage/SQLitePlugin.h"; sourceTree = "<group>"; };
		B3633C0A155546E9B4D7A13C /* CDVInAppBrowser.h */ = {isa = PBXFileReference; explicitFileType = undefined; fileEncoding = 4; includeInIndex = 0; lastKnownFileType = sourcecode.c.h; name = CDVInAppBrowser.h; path = "cordova-plugin-inappbrowser/CDVInAppBrowser.h"; sourceTree = "<group>"; };
		B66DC6B598474C1882DBE897 /* WebKit.framework */ = {isa = PBXFileReference; explicitFileType = undefined; fileEncoding = 9; includeInIndex = 0; lastKnownFileType = wrapper.framework; name = WebKit.framework; path = System/Library/Frameworks/WebKit.framework; sourceTree = SDKROOT; };
		B7F083CD5A5849C29E392F27 /* CDVInAppBrowserNavigationController.m */ = {isa = PBXFileReference; explicitFileType = undefined; fileEncoding = 4; includeInIndex = 0; lastKnownFileType = sourcecode.c.objc; name = CDVInAppBrowserNavigationController.m; path = "cordova-plugin-inappbrowser/CDVInAppBrowserNavigationController.m"; sourceTree = "<group>"; };
		B848F3A5BB464F3B92EC8A74 /* CDVReachability.m */ = {isa = PBXFileReference; explicitFileType = undefined; fileEncoding = 4; includeInIndex = 0; lastKnownFileType = sourcecode.c.objc; name = CDVReachability.m; path = "cordova-plugin-network-information/CDVReachability.m"; sourceTree = "<group>"; };
		BA651FA4B21A44BFB5D70859 /* hmac.h */ = {isa = PBXFileReference; explicitFileType = undefined; fileEncoding = 4; includeInIndex = 0; lastKnownFileType = sourcecode.c.h; name = hmac.h; path = "cordova-plugin-zip/Plugins/aes/hmac.h"; sourceTree = "<group>"; };
		BFE4565C014D4752BCC33AF8 /* CDVLocation.h */ = {isa = PBXFileReference; explicitFileType = undefined; fileEncoding = 4; includeInIndex = 0; lastKnownFileType = sourcecode.c.h; name = CDVLocation.h; path = "cordova-plugin-geolocation/CDVLocation.h"; sourceTree = "<group>"; };
		C049CC2B0D3D43EDABBDF63B /* CustomPSPDFThreadSafeMutableDictionary.m */ = {isa = PBXFileReference; explicitFileType = undefined; fileEncoding = 4; includeInIndex = 0; lastKnownFileType = sourcecode.c.objc; name = CustomPSPDFThreadSafeMutableDictionary.m; path = "cordova-sqlite-storage/CustomPSPDFThreadSafeMutableDictionary.m"; sourceTree = "<group>"; };
		C202D7ED5C734C81AB9E470B /* CDVDevice.h */ = {isa = PBXFileReference; explicitFileType = undefined; fileEncoding = 4; includeInIndex = 0; lastKnownFileType = sourcecode.c.h; name = CDVDevice.h; path = "cordova-plugin-device/CDVDevice.h"; sourceTree = "<group>"; };
		C289A0D157FD4930B333E55F /* ZipPlugin.m */ = {isa = PBXFileReference; explicitFileType = undefined; fileEncoding = 4; includeInIndex = 0; lastKnownFileType = sourcecode.c.objc; name = ZipPlugin.m; path = "cordova-plugin-zip/ZipPlugin.m"; sourceTree = "<group>"; };
		C2EB284C5CDF489A96FDEC69 /* CDVFile.m */ = {isa = PBXFileReference; explicitFileType = undefined; fileEncoding = 4; includeInIndex = 0; lastKnownFileType = sourcecode.c.objc; name = CDVFile.m; path = "cordova-plugin-file/CDVFile.m"; sourceTree = "<group>"; };
		C49D33787B824B09AFE4F380 /* CDVJpegHeaderWriter.m */ = {isa = PBXFileReference; explicitFileType = undefined; fileEncoding = 4; includeInIndex = 0; lastKnownFileType = sourcecode.c.objc; name = CDVJpegHeaderWriter.m; path = "cordova-plugin-camera/CDVJpegHeaderWriter.m"; sourceTree = "<group>"; };
		CBF13CBD9A314EA0AA6A92C8 /* CDVWKInAppBrowser.h */ = {isa = PBXFileReference; explicitFileType = undefined; fileEncoding = 4; includeInIndex = 0; lastKnownFileType = sourcecode.c.h; name = CDVWKInAppBrowser.h; path = "cordova-plugin-inappbrowser/CDVWKInAppBrowser.h"; sourceTree = "<group>"; };
		CC4779896935499795E7C82C /* sha1.c */ = {isa = PBXFileReference; explicitFileType = undefined; fileEncoding = 9; includeInIndex = 0; lastKnownFileType = unknown; name = sha1.c; path = "cordova-plugin-zip/Plugins/aes/sha1.c"; sourceTree = "<group>"; };
		CDCC0E0FA4024637A6372039 /* fileenc.c */ = {isa = PBXFileReference; explicitFileType = undefined; fileEncoding = 9; includeInIndex = 0; lastKnownFileType = unknown; name = fileenc.c; path = "cordova-plugin-zip/Plugins/aes/fileenc.c"; sourceTree = "<group>"; };
		D02EA5109E224939937DB2E7 /* CDVGlobalization.h */ = {isa = PBXFileReference; explicitFileType = undefined; fileEncoding = 4; includeInIndex = 0; lastKnownFileType = sourcecode.c.h; name = CDVGlobalization.h; path = "cordova-plugin-globalization/CDVGlobalization.h"; sourceTree = "<group>"; };
		D0783E70BEB7492C84C67AE0 /* CDVSplashScreen.m */ = {isa = PBXFileReference; explicitFileType = undefined; fileEncoding = 4; includeInIndex = 0; lastKnownFileType = sourcecode.c.objc; name = CDVSplashScreen.m; path = "cordova-plugin-splashscreen/CDVSplashScreen.m"; sourceTree = "<group>"; };
		D0B0BBE2ACF44980AD2F21BC /* CDVViewController+SplashScreen.m */ = {isa = PBXFileReference; explicitFileType = undefined; fileEncoding = 4; includeInIndex = 0; lastKnownFileType = sourcecode.c.objc; name = "CDVViewController+SplashScreen.m"; path = "cordova-plugin-splashscreen/CDVViewController+SplashScreen.m"; sourceTree = "<group>"; };
		D1571395B3924DAA9A6F3F8D /* CDVGlobalization.m */ = {isa = PBXFileReference; explicitFileType = undefined; fileEncoding = 4; includeInIndex = 0; lastKnownFileType = sourcecode.c.objc; name = CDVGlobalization.m; path = "cordova-plugin-globalization/CDVGlobalization.m"; sourceTree = "<group>"; };
		D1CEBD375B7B494E93D1A304 /* CDVFileTransfer.m */ = {isa = PBXFileReference; explicitFileType = undefined; fileEncoding = 4; includeInIndex = 0; lastKnownFileType = sourcecode.c.objc; name = CDVFileTransfer.m; path = "cordova-plugin-file-transfer/CDVFileTransfer.m"; sourceTree = "<group>"; };
		D4BDDF222D7F4F87A2DBE3BE /* SSZipArchive.m */ = {isa = PBXFileReference; explicitFileType = undefined; fileEncoding = 4; includeInIndex = 0; lastKnownFileType = sourcecode.c.objc; name = SSZipArchive.m; path = "cordova-plugin-zip/Plugins/minizip/SSZipArchive.m"; sourceTree = "<group>"; };
		D558543C1D7D442B8888F22A /* FileOpener2.h */ = {isa = PBXFileReference; explicitFileType = undefined; fileEncoding = 4; includeInIndex = 0; lastKnownFileType = sourcecode.c.h; name = FileOpener2.h; path = "cordova-plugin-file-opener2/FileOpener2.h"; sourceTree = "<group>"; };
		D55E2642B9AD4409A30F6BAB /* unzip.c */ = {isa = PBXFileReference; explicitFileType = undefined; fileEncoding = 9; includeInIndex = 0; lastKnownFileType = unknown; name = unzip.c; path = "cordova-plugin-zip/Plugins/minizip/unzip.c"; sourceTree = "<group>"; };
		D769851C94624BCD89D494CD /* CDVUIInAppBrowser.m */ = {isa = PBXFileReference; explicitFileType = undefined; fileEncoding = 4; includeInIndex = 0; lastKnownFileType = sourcecode.c.objc; name = CDVUIInAppBrowser.m; path = "cordova-plugin-inappbrowser/CDVUIInAppBrowser.m"; sourceTree = "<group>"; };
		D99BF6E224D94D3DA25C2732 /* CDVInAppBrowserNavigationController.h */ = {isa = PBXFileReference; explicitFileType = undefined; fileEncoding = 4; includeInIndex = 0; lastKnownFileType = sourcecode.c.h; name = CDVInAppBrowserNavigationController.h; path = "cordova-plugin-inappbrowser/CDVInAppBrowserNavigationController.h"; sourceTree = "<group>"; };
		DB09F62B5A674074A59607E1 /* CDVJpegHeaderWriter.h */ = {isa = PBXFileReference; explicitFileType = undefined; fileEncoding = 4; includeInIndex = 0; lastKnownFileType = sourcecode.c.h; name = CDVJpegHeaderWriter.h; path = "cordova-plugin-camera/CDVJpegHeaderWriter.h"; sourceTree = "<group>"; };
		DD0CB79179A530F8EEE7ABAD /* Pods-Hispanic Horizons.debug.xcconfig */ = {isa = PBXFileReference; includeInIndex = 1; lastKnownFileType = text.xcconfig; name = "Pods-Hispanic Horizons.debug.xcconfig"; path = "Target Support Files/Pods-Hispanic Horizons/Pods-Hispanic Horizons.debug.xcconfig"; sourceTree = "<group>"; };
		DED660C09B484F41BA739085 /* CDVReachability.h */ = {isa = PBXFileReference; explicitFileType = undefined; fileEncoding = 4; includeInIndex = 0; lastKnownFileType = sourcecode.c.h; name = CDVReachability.h; path = "cordova-plugin-network-information/CDVReachability.h"; sourceTree = "<group>"; };
		E0D4EA40FC6D4FB4AB141010 /* APPBadge.m */ = {isa = PBXFileReference; explicitFileType = undefined; fileEncoding = 4; includeInIndex = 0; lastKnownFileType = sourcecode.c.objc; name = APPBadge.m; path = "cordova-plugin-badge/APPBadge.m"; sourceTree = "<group>"; };
		E3CA85699CB24FF4843843B1 /* CDVExif.h */ = {isa = PBXFileReference; explicitFileType = undefined; fileEncoding = 4; includeInIndex = 0; lastKnownFileType = sourcecode.c.h; name = CDVExif.h; path = "cordova-plugin-camera/CDVExif.h"; sourceTree = "<group>"; };
		E3F83BBD4C304DB28419E86C /* APPLocalNotification.m */ = {isa = PBXFileReference; explicitFileType = undefined; fileEncoding = 4; includeInIndex = 0; lastKnownFileType = sourcecode.c.objc; name = APPLocalNotification.m; path = "cordova-plugin-local-notification/APPLocalNotification.m"; sourceTree = "<group>"; };
		E44C1C9C8A2342549B6BEB8A /* fileenc.h */ = {isa = PBXFileReference; explicitFileType = undefined; fileEncoding = 4; includeInIndex = 0; lastKnownFileType = sourcecode.c.h; name = fileenc.h; path = "cordova-plugin-zip/Plugins/aes/fileenc.h"; sourceTree = "<group>"; };
		E54574E1781B4B478DF0668B /* CDVClipboard.h */ = {isa = PBXFileReference; explicitFileType = undefined; fileEncoding = 4; includeInIndex = 0; lastKnownFileType = sourcecode.c.h; name = CDVClipboard.h; path = "cordova-clipboard/CDVClipboard.h"; sourceTree = "<group>"; };
		E7A39DE8435B442AB05F267B /* CDVClipboard.m */ = {isa = PBXFileReference; explicitFileType = undefined; fileEncoding = 4; includeInIndex = 0; lastKnownFileType = sourcecode.c.objc; name = CDVClipboard.m; path = "cordova-clipboard/CDVClipboard.m"; sourceTree = "<group>"; };
		E82D16C921EF4361A0141608 /* APPNotificationCategory.m */ = {isa = PBXFileReference; explicitFileType = undefined; fileEncoding = 4; includeInIndex = 0; lastKnownFileType = sourcecode.c.objc; name = APPNotificationCategory.m; path = "cordova-plugin-local-notification/APPNotificationCategory.m"; sourceTree = "<group>"; };
		E913572BCE2F4CB7840B87D2 /* brg_types.h */ = {isa = PBXFileReference; explicitFileType = undefined; fileEncoding = 4; includeInIndex = 0; lastKnownFileType = sourcecode.c.h; name = brg_types.h; path = "cordova-plugin-zip/Plugins/aes/brg_types.h"; sourceTree = "<group>"; };
		EB87FDF31871DA8E0020F90C /* www */ = {isa = PBXFileReference; lastKnownFileType = folder; name = www; path = ../../www; sourceTree = "<group>"; };
		EB87FDF41871DAF40020F90C /* config.xml */ = {isa = PBXFileReference; lastKnownFileType = text.xml; name = config.xml; path = ../../config.xml; sourceTree = "<group>"; };
		EC096149601442709CFB0BFE /* CDVCapture.h */ = {isa = PBXFileReference; explicitFileType = undefined; fileEncoding = 4; includeInIndex = 0; lastKnownFileType = sourcecode.c.h; name = CDVCapture.h; path = "cordova-plugin-media-capture/CDVCapture.h"; sourceTree = "<group>"; };
		ED33DF2A687741AEAF9F8254 /* Bridging-Header.h */ = {isa = PBXFileReference; fileEncoding = 4; lastKnownFileType = sourcecode.c.h; path = "Bridging-Header.h"; sourceTree = "<group>"; };
		ED40C021D2E84BED9F1D7C15 /* CDVWKWebViewFileXhr.m */ = {isa = PBXFileReference; explicitFileType = undefined; fileEncoding = 4; includeInIndex = 0; lastKnownFileType = sourcecode.c.objc; name = CDVWKWebViewFileXhr.m; path = "cordova-plugin-wkwebview-file-xhr/CDVWKWebViewFileXhr.m"; sourceTree = "<group>"; };
		EE35B63B43C94C04B237F50E /* CDVConnection.h */ = {isa = PBXFileReference; explicitFileType = undefined; fileEncoding = 4; includeInIndex = 0; lastKnownFileType = sourcecode.c.h; name = CDVConnection.h; path = "cordova-plugin-network-information/CDVConnection.h"; sourceTree = "<group>"; };
		F3957438A2C34095AAD5CACF /* CDVSplashScreen.h */ = {isa = PBXFileReference; explicitFileType = undefined; fileEncoding = 4; includeInIndex = 0; lastKnownFileType = sourcecode.c.h; name = CDVSplashScreen.h; path = "cordova-plugin-splashscreen/CDVSplashScreen.h"; sourceTree = "<group>"; };
		F418A50D2FD84CAD8AC2B5D6 /* aestab.h */ = {isa = PBXFileReference; explicitFileType = undefined; fileEncoding = 4; includeInIndex = 0; lastKnownFileType = sourcecode.c.h; name = aestab.h; path = "cordova-plugin-zip/Plugins/aes/aestab.h"; sourceTree = "<group>"; };
		F840E1F0165FE0F500CFE078 /* config.xml */ = {isa = PBXFileReference; lastKnownFileType = text.xml; name = config.xml; path = "Hispanic Horizons/config.xml"; sourceTree = "<group>"; };
		FB7659FFAD684ADAA983EBD3 /* aescrypt.c */ = {isa = PBXFileReference; explicitFileType = undefined; fileEncoding = 9; includeInIndex = 0; lastKnownFileType = unknown; name = aescrypt.c; path = "cordova-plugin-zip/Plugins/aes/aescrypt.c"; sourceTree = "<group>"; };
		FBD0CB30F4BB4812835216AF /* CDVOrientation.h */ = {isa = PBXFileReference; explicitFileType = undefined; fileEncoding = 4; includeInIndex = 0; lastKnownFileType = sourcecode.c.h; name = CDVOrientation.h; path = "cordova-plugin-screen-orientation/CDVOrientation.h"; sourceTree = "<group>"; };
		FD780300F3DF4FBC82D51390 /* prng.h */ = {isa = PBXFileReference; explicitFileType = undefined; fileEncoding = 4; includeInIndex = 0; lastKnownFileType = sourcecode.c.h; name = prng.h; path = "cordova-plugin-zip/Plugins/aes/prng.h"; sourceTree = "<group>"; };
		FE1DE7F19603443FAE96C5EE /* pwd2key.c */ = {isa = PBXFileReference; explicitFileType = undefined; fileEncoding = 9; includeInIndex = 0; lastKnownFileType = unknown; name = pwd2key.c; path = "cordova-plugin-zip/Plugins/aes/pwd2key.c"; sourceTree = "<group>"; };
/* End PBXFileReference section */

/* Begin PBXFrameworksBuildPhase section */
		1D60588F0D05DD3D006BFB54 /* Frameworks */ = {
			isa = PBXFrameworksBuildPhase;
			buildActionMask = 2147483647;
			files = (
				301BF552109A68D80062928A /* libCordova.a in Frameworks */,
				42DAA1A7E65A4A6CA4F72CC4 /* ImageIO.framework in Frameworks */,
				3152DB2F639E4DD8A510F165 /* CoreLocation.framework in Frameworks */,
				6EFC6538587E40AC9DC35078 /* AVFoundation.framework in Frameworks */,
				E7025A00875B4CCDB5009B39 /* UserNotifications.framework in Frameworks */,
				AE9DCDED77914C50B6E1E3DC /* SystemConfiguration.framework in Frameworks */,
				104B83FF94F84FAEB38A7609 /* CoreTelephony.framework in Frameworks */,
				FEA88ACDCFD148DCA05F95A4 /* WebKit.framework in Frameworks */,
				3D215DB12A5347EBBB54D42F /* libz.dylib in Frameworks */,
				C0155C3AE74F4F928F75EFC5 /* PushKit.framework in Frameworks */,
				638C9269E6E1562501A32EBC /* libPods-Hispanic Horizons.a in Frameworks */,
			);
			runOnlyForDeploymentPostprocessing = 0;
		};
/* End PBXFrameworksBuildPhase section */

/* Begin PBXGroup section */
		080E96DDFE201D6D7F000001 /* Classes */ = {
			isa = PBXGroup;
			children = (
				302D95EE14D2391D003F00A1 /* MainViewController.h */,
				302D95EF14D2391D003F00A1 /* MainViewController.m */,
				302D95F014D2391D003F00A1 /* MainViewController.xib */,
				1D3623240D0F684500981E51 /* AppDelegate.h */,
				1D3623250D0F684500981E51 /* AppDelegate.m */,
			);
			name = Classes;
			path = "Hispanic Horizons/Classes";
			sourceTree = SOURCE_ROOT;
		};
		19C28FACFE9D520D11CA2CBB /* Products */ = {
			isa = PBXGroup;
			children = (
				1D6058910D05DD3D006BFB54 /* Hispanic Horizons.app */,
			);
			name = Products;
			sourceTree = "<group>";
		};
		29B97314FDCFA39411CA2CEA /* CustomTemplate */ = {
			isa = PBXGroup;
			children = (
				EB87FDF41871DAF40020F90C /* config.xml */,
				EB87FDF31871DA8E0020F90C /* www */,
				EB87FDF11871DA420020F90C /* Staging */,
				301BF52D109A57CC0062928A /* CordovaLib.xcodeproj */,
				080E96DDFE201D6D7F000001 /* Classes */,
				307C750510C5A3420062BCA9 /* Plugins */,
				29B97315FDCFA39411CA2CEA /* Other Sources */,
				29B97317FDCFA39411CA2CEA /* Resources */,
				29B97323FDCFA39411CA2CEA /* Frameworks */,
				19C28FACFE9D520D11CA2CBB /* Products */,
				A553EBA1C3164B46C8C432E5 /* Pods */,
			);
			name = CustomTemplate;
			sourceTree = "<group>";
		};
		29B97315FDCFA39411CA2CEA /* Other Sources */ = {
			isa = PBXGroup;
			children = (
				32CA4F630368D1EE00C91783 /* Hispanic Horizons-Prefix.pch */,
				29B97316FDCFA39411CA2CEA /* main.m */,
				ED33DF2A687741AEAF9F8254 /* Bridging-Header.h */,
			);
			name = "Other Sources";
			path = "Hispanic Horizons";
			sourceTree = "<group>";
		};
		29B97317FDCFA39411CA2CEA /* Resources */ = {
			isa = PBXGroup;
			children = (
				0207DA571B56EA530066E2B4 /* Images.xcassets */,
				3047A50E1AB8057F00498E2A /* config */,
				8D1107310486CEB800E47090 /* Hispanic Horizons-Info.plist */,
				6AFF5BF81D6E424B00AB3073 /* CDVLaunchScreen.storyboard */,
				876B1FDDCD944BE9B78755EE /* GoogleService-Info.plist */,
				9A425176B85B483CAC0BD138 /* CDVCapture.bundle */,
			);
			name = Resources;
			path = "Hispanic Horizons/Resources";
			sourceTree = "<group>";
		};
		29B97323FDCFA39411CA2CEA /* Frameworks */ = {
			isa = PBXGroup;
			children = (
				50A9CC6AE977481392BA32B6 /* ImageIO.framework */,
				04D892170BCB41ECB76FBE4C /* CoreLocation.framework */,
				1356FB6A63194E68A511AF04 /* AVFoundation.framework */,
				3DD8382569024A1F8A23C17C /* UserNotifications.framework */,
				606E0DFAEFC343EEB4ED42FB /* SystemConfiguration.framework */,
				7D9385B1C81746A5B679E1E1 /* CoreTelephony.framework */,
				B66DC6B598474C1882DBE897 /* WebKit.framework */,
				29677A806BB8433EA59332E3 /* libz.dylib */,
				58A8B9C0B61244EB817F7FB9 /* PushKit.framework */,
				409695CCBF3EE405D8ECFCCF /* libPods-Hispanic Horizons.a */,
			);
			name = Frameworks;
			sourceTree = "<group>";
		};
		301BF52E109A57CC0062928A /* Products */ = {
			isa = PBXGroup;
			children = (
				301BF535109A57CC0062928A /* libCordova.a */,
				907D8124214C687600058A10 /* Cordova.framework */,
			);
			name = Products;
			sourceTree = "<group>";
		};
		3047A50E1AB8057F00498E2A /* config */ = {
			isa = PBXGroup;
			children = (
				3047A50F1AB8059700498E2A /* build-debug.xcconfig */,
				3047A5101AB8059700498E2A /* build-release.xcconfig */,
				3047A5111AB8059700498E2A /* build.xcconfig */,
			);
			name = config;
			sourceTree = "<group>";
		};
		307C750510C5A3420062BCA9 /* Plugins */ = {
			isa = PBXGroup;
			children = (
				E7A39DE8435B442AB05F267B /* CDVClipboard.m */,
				E54574E1781B4B478DF0668B /* CDVClipboard.h */,
				E0D4EA40FC6D4FB4AB141010 /* APPBadge.m */,
				4EF928391CA7449B93C60861 /* APPBadge.h */,
				9E862FF95AFF46398144016A /* UIImage+CropScaleOrientation.m */,
				922026B8FC974C38B570BF37 /* CDVCamera.m */,
				C49D33787B824B09AFE4F380 /* CDVJpegHeaderWriter.m */,
				1D1F2FB99BE64D07AF3FBB32 /* UIImage+CropScaleOrientation.h */,
				6BC221EAFC7D44238B87F768 /* CDVCamera.h */,
				DB09F62B5A674074A59607E1 /* CDVJpegHeaderWriter.h */,
				E3CA85699CB24FF4843843B1 /* CDVExif.h */,
				7C44BDEF86134D3087BC5D99 /* CDVDevice.m */,
				C202D7ED5C734C81AB9E470B /* CDVDevice.h */,
				C2EB284C5CDF489A96FDEC69 /* CDVFile.m */,
				1BF8F430A6A94B9A87182471 /* CDVLocalFilesystem.m */,
				B0D0C63FDF7E4FB69964C03B /* CDVAssetLibraryFilesystem.m */,
				458E2D5D75B04695A5229BDF /* CDVFile.h */,
				39EE0A4863204EDD9E843F8A /* CDVLocalFilesystem.h */,
				2DCDE9A778344FF7B5290C08 /* CDVAssetLibraryFilesystem.h */,
				4F25A28AA743456F9EFFDF3B /* FileOpener2.m */,
				D558543C1D7D442B8888F22A /* FileOpener2.h */,
				D1CEBD375B7B494E93D1A304 /* CDVFileTransfer.m */,
				3140F708F1204C5DB8AC2DFE /* CDVFileTransfer.h */,
				98F467B71A48481EA57CC39B /* CDVLocation.m */,
				BFE4565C014D4752BCC33AF8 /* CDVLocation.h */,
				D1571395B3924DAA9A6F3F8D /* CDVGlobalization.m */,
				D02EA5109E224939937DB2E7 /* CDVGlobalization.h */,
				31FE336A07E4428ABCB86870 /* CDVInAppBrowser.m */,
				A72AD9B2D9D846FBB306E237 /* CDVInAppBrowserOptions.m */,
				B7F083CD5A5849C29E392F27 /* CDVInAppBrowserNavigationController.m */,
				D769851C94624BCD89D494CD /* CDVUIInAppBrowser.m */,
				2B7627FCA68B4392842350C8 /* CDVWKInAppBrowser.m */,
				1B5352095AA7433FA4F0139B /* CDVWKInAppBrowserUIDelegate.m */,
				B3633C0A155546E9B4D7A13C /* CDVInAppBrowser.h */,
				B230E3BBD164482B9298BAB9 /* CDVInAppBrowserOptions.h */,
				D99BF6E224D94D3DA25C2732 /* CDVInAppBrowserNavigationController.h */,
				5345541CC9284886A1161D35 /* CDVUIInAppBrowser.h */,
				CBF13CBD9A314EA0AA6A92C8 /* CDVWKInAppBrowser.h */,
				69F5B1FC3F6F4F399FD553C4 /* CDVWKInAppBrowserUIDelegate.h */,
				AD97C24D2482417A8E6AF767 /* CDVIonicKeyboard.m */,
				A6A828A5537B404EBC5F54AE /* CDVIonicKeyboard.h */,
				E3F83BBD4C304DB28419E86C /* APPLocalNotification.m */,
				E82D16C921EF4361A0141608 /* APPNotificationCategory.m */,
				98D83C37EFEA48F4AB96BB6B /* APPNotificationContent.m */,
				7897C8700E0145B6B3190BE8 /* APPNotificationOptions.m */,
				7DC0BD966A3D4BA589498B5B /* UNUserNotificationCenter+APPLocalNotification.m */,
				1597B8AF9D3F4B2B9468DF75 /* UNNotificationRequest+APPLocalNotification.m */,
				87CA67A49ED24BB4909468B9 /* APPLocalNotification.h */,
				6432C1B45CB4499CAA6833B4 /* APPNotificationCategory.h */,
				0AAEB372CAF64178B3786B9B /* APPNotificationContent.h */,
				3840368B8E5847A983BD180D /* APPNotificationOptions.h */,
				472C1466ABD54306A98D2B2A /* UNUserNotificationCenter+APPLocalNotification.h */,
				0D9D2FD783064E6594E490CF /* UNNotificationRequest+APPLocalNotification.h */,
				42BB5511CD8B4D5AA31A9B2F /* CDVCapture.m */,
				EC096149601442709CFB0BFE /* CDVCapture.h */,
				3F11223753604BA49413C19D /* CDVConnection.m */,
				B848F3A5BB464F3B92EC8A74 /* CDVReachability.m */,
				EE35B63B43C94C04B237F50E /* CDVConnection.h */,
				DED660C09B484F41BA739085 /* CDVReachability.h */,
				9A6F3A6AA61D428298A13E2A /* CDVOrientation.m */,
				FBD0CB30F4BB4812835216AF /* CDVOrientation.h */,
				D0783E70BEB7492C84C67AE0 /* CDVSplashScreen.m */,
				D0B0BBE2ACF44980AD2F21BC /* CDVViewController+SplashScreen.m */,
				F3957438A2C34095AAD5CACF /* CDVSplashScreen.h */,
				8A1679A2D1954C1C94E5A976 /* CDVViewController+SplashScreen.h */,
				1648EBEE0C5F46CFA8E94752 /* CDVStatusBar.m */,
				50C590A843D7471CA91970EE /* CDVStatusBar.h */,
				46CA96ED017B47889E1F811E /* CDVWKWebViewEngine.m */,
				063CE0ED970E44D6BA64F003 /* CDVWKWebViewUIDelegate.m */,
				8B60C6E28ACF4D729013CD05 /* CDVWKProcessPoolFactory.m */,
				0989815E472F4BDA99619CFC /* CDVWKWebViewEngine.h */,
				1C5E37D29E21411C9A3D132B /* CDVWKWebViewUIDelegate.h */,
				02E74BF6629042C98C8E894D /* CDVWKProcessPoolFactory.h */,
				ED40C021D2E84BED9F1D7C15 /* CDVWKWebViewFileXhr.m */,
				9DC1C34BE3E2448AAA1F18B5 /* CDVWKWebViewFileXhr.h */,
				3776D86F86E4425FADDCE63D /* CDVWKWebViewEngine+FileXhrFix.m */,
				8A6FC70F128F4727A29502A2 /* CDVWKWebViewEngine+FileXhrFix.h */,
				C289A0D157FD4930B333E55F /* ZipPlugin.m */,
				FB7659FFAD684ADAA983EBD3 /* aescrypt.c */,
				6B6CECC62CE64F28ADFC3322 /* aeskey.c */,
				B1C98BE8D2C54CDEAA2B00B8 /* aestab.c */,
				9EF58A0785DB482BB126F627 /* entropy.c */,
				CDCC0E0FA4024637A6372039 /* fileenc.c */,
				879F8878B55D45DFBBC76E39 /* hmac.c */,
				39427178D2894C018318F6B9 /* prng.c */,
				FE1DE7F19603443FAE96C5EE /* pwd2key.c */,
				CC4779896935499795E7C82C /* sha1.c */,
				D4BDDF222D7F4F87A2DBE3BE /* SSZipArchive.m */,
				88808149291B42C8B2BF6895 /* zip.c */,
				D55E2642B9AD4409A30F6BAB /* unzip.c */,
				5B0F85F7848643E58C821CC1 /* mztools.c */,
				788D37491B1746119E8DCB60 /* ioapi.c */,
				7DAEA0535C82425FB57CABE3 /* ZipPlugin.h */,
				98AFC9A9B29D45308A6C7218 /* Common.h */,
				3BB78616E15D4FDBBDA8EDB4 /* aes.h */,
				8B8745EE63DC4ACE9C74B372 /* aes_via_ace.h */,
				03F997B6986B4AEDA990ABC3 /* aesopt.h */,
				F418A50D2FD84CAD8AC2B5D6 /* aestab.h */,
				7DBBFE5706AF4AADB3A2998F /* brg_endian.h */,
				E913572BCE2F4CB7840B87D2 /* brg_types.h */,
				28A638AB749D4061810DF9D3 /* entropy.h */,
				E44C1C9C8A2342549B6BEB8A /* fileenc.h */,
				BA651FA4B21A44BFB5D70859 /* hmac.h */,
				FD780300F3DF4FBC82D51390 /* prng.h */,
				0B7D2163C8ED45F7BAEBA542 /* pwd2key.h */,
				46DFECED71724FCEA5A27B66 /* sha1.h */,
				685AA53A74C847D2904104F8 /* SSZipArchive.h */,
				19CD5FBB55CC433CAB5CEB68 /* zip.h */,
				85C09141D8CC4F6AA39D1DA2 /* unzip.h */,
				A014851281F247358DDB5355 /* mztools.h */,
				77FA32B196D14D3FB34527E4 /* ioapi.h */,
				99AE208390C245E0B442E816 /* crypt.h */,
				524A565D07DA462C9A993CA4 /* SQLitePlugin.m */,
				C049CC2B0D3D43EDABBDF63B /* CustomPSPDFThreadSafeMutableDictionary.m */,
				A394F3A3ABB14A4AB9EBAC23 /* sqlite3.c */,
				B27797452E144F97B0DA58C3 /* SQLitePlugin.h */,
				6964D024B10F4FD692A401CA /* sqlite3.h */,
				619A2F32E2B742A3A5CBBBB9 /* BackgroundAudio.m */,
				00B339E45B9F4B9CAC8ADD52 /* AppDelegate+notification.m */,
				348C08DAC4934BACBEEBA3A5 /* PushPlugin.m */,
				AEAF5EE53E3F418C9C6DF428 /* AppDelegate+notification.h */,
				A47ED085990F4E4EA8735DED /* PushPlugin.h */,
			);
			name = Plugins;
			path = "Hispanic Horizons/Plugins";
			sourceTree = SOURCE_ROOT;
		};
		A553EBA1C3164B46C8C432E5 /* Pods */ = {
			isa = PBXGroup;
			children = (
				DD0CB79179A530F8EEE7ABAD /* Pods-Hispanic Horizons.debug.xcconfig */,
				62F6DD1484555B8FB30C6DB5 /* Pods-Hispanic Horizons.release.xcconfig */,
			);
			path = Pods;
			sourceTree = "<group>";
		};
		EB87FDF11871DA420020F90C /* Staging */ = {
			isa = PBXGroup;
			children = (
				F840E1F0165FE0F500CFE078 /* config.xml */,
				301BF56E109A69640062928A /* www */,
			);
			name = Staging;
			sourceTree = "<group>";
		};
/* End PBXGroup section */

/* Begin PBXNativeTarget section */
		1D6058900D05DD3D006BFB54 /* Hispanic Horizons */ = {
			isa = PBXNativeTarget;
			buildConfigurationList = 1D6058960D05DD3E006BFB54 /* Build configuration list for PBXNativeTarget "Hispanic Horizons" */;
			buildPhases = (
				77E8DAC1071F15E277F70C09 /* [CP] Check Pods Manifest.lock */,
				304B58A110DAC018002A0835 /* Copy www directory */,
				1D60588D0D05DD3D006BFB54 /* Resources */,
				1D60588E0D05DD3D006BFB54 /* Sources */,
				1D60588F0D05DD3D006BFB54 /* Frameworks */,
			);
			buildRules = (
			);
			dependencies = (
				301BF551109A68C00062928A /* PBXTargetDependency */,
			);
			name = "Hispanic Horizons";
			productName = "Hispanic Horizons";
			productReference = 1D6058910D05DD3D006BFB54 /* Hispanic Horizons.app */;
			productType = "com.apple.product-type.application";
		};
/* End PBXNativeTarget section */

/* Begin PBXProject section */
		29B97313FDCFA39411CA2CEA /* Project object */ = {
			isa = PBXProject;
			attributes = {
				LastUpgradeCheck = 510;
				TargetAttributes = {
					1D6058900D05DD3D006BFB54 = {
						DevelopmentTeam = 85J5A2XX3T;
					};
				};
			};
			buildConfigurationList = C01FCF4E08A954540054247B /* Build configuration list for PBXProject "Hispanic Horizons" */;
			compatibilityVersion = "Xcode 3.2";
			developmentRegion = English;
			hasScannedForEncodings = 1;
			knownRegions = (
				English,
				en,
				Base,
			);
			mainGroup = 29B97314FDCFA39411CA2CEA /* CustomTemplate */;
			productRefGroup = 19C28FACFE9D520D11CA2CBB /* Products */;
			projectDirPath = "";
			projectReferences = (
				{
					ProductGroup = 301BF52E109A57CC0062928A /* Products */;
					ProjectRef = 301BF52D109A57CC0062928A /* CordovaLib.xcodeproj */;
				},
			);
			projectRoot = "";
			targets = (
				1D6058900D05DD3D006BFB54 /* Hispanic Horizons */,
			);
		};
/* End PBXProject section */

/* Begin PBXReferenceProxy section */
		301BF535109A57CC0062928A /* libCordova.a */ = {
			isa = PBXReferenceProxy;
			fileType = archive.ar;
			path = libCordova.a;
			remoteRef = 301BF534109A57CC0062928A /* PBXContainerItemProxy */;
			sourceTree = BUILT_PRODUCTS_DIR;
		};
		907D8124214C687600058A10 /* Cordova.framework */ = {
			isa = PBXReferenceProxy;
			fileType = wrapper.framework;
			path = Cordova.framework;
			remoteRef = 907D8123214C687600058A10 /* PBXContainerItemProxy */;
			sourceTree = BUILT_PRODUCTS_DIR;
		};
/* End PBXReferenceProxy section */

/* Begin PBXResourcesBuildPhase section */
		1D60588D0D05DD3D006BFB54 /* Resources */ = {
			isa = PBXResourcesBuildPhase;
			buildActionMask = 2147483647;
			files = (
				302D95F214D2391D003F00A1 /* MainViewController.xib in Resources */,
				0207DA581B56EA530066E2B4 /* Images.xcassets in Resources */,
				6AFF5BF91D6E424B00AB3073 /* CDVLaunchScreen.storyboard in Resources */,
				B497F66AA6964891BE7309AC /* GoogleService-Info.plist in Resources */,
				9CED7DC5ABD74A57A394FA1E /* CDVCapture.bundle in Resources */,
			);
			runOnlyForDeploymentPostprocessing = 0;
		};
/* End PBXResourcesBuildPhase section */

/* Begin PBXShellScriptBuildPhase section */
		304B58A110DAC018002A0835 /* Copy www directory */ = {
			isa = PBXShellScriptBuildPhase;
			buildActionMask = 2147483647;
			files = (
			);
			inputPaths = (
			);
			name = "Copy www directory";
			outputPaths = (
			);
			runOnlyForDeploymentPostprocessing = 0;
			shellPath = /bin/sh;
			shellScript = "\"$SRCROOT/Hispanic Horizons/Scripts/copy-www-build-step.sh\"";
			showEnvVarsInLog = 0;
		};
		77E8DAC1071F15E277F70C09 /* [CP] Check Pods Manifest.lock */ = {
			isa = PBXShellScriptBuildPhase;
			buildActionMask = 2147483647;
			files = (
			);
			inputFileListPaths = (
			);
			inputPaths = (
				"${PODS_PODFILE_DIR_PATH}/Podfile.lock",
				"${PODS_ROOT}/Manifest.lock",
			);
			name = "[CP] Check Pods Manifest.lock";
			outputFileListPaths = (
			);
			outputPaths = (
				"$(DERIVED_FILE_DIR)/Pods-Hispanic Horizons-checkManifestLockResult.txt",
			);
			runOnlyForDeploymentPostprocessing = 0;
			shellPath = /bin/sh;
			shellScript = "diff \"${PODS_PODFILE_DIR_PATH}/Podfile.lock\" \"${PODS_ROOT}/Manifest.lock\" > /dev/null\nif [ $? != 0 ] ; then\n    # print error to STDERR\n    echo \"error: The sandbox is not in sync with the Podfile.lock. Run 'pod install' or update your CocoaPods installation.\" >&2\n    exit 1\nfi\n# This output is used by Xcode 'outputs' to avoid re-running this script phase.\necho \"SUCCESS\" > \"${SCRIPT_OUTPUT_FILE_0}\"\n";
			showEnvVarsInLog = 0;
		};
/* End PBXShellScriptBuildPhase section */

/* Begin PBXSourcesBuildPhase section */
		1D60588E0D05DD3D006BFB54 /* Sources */ = {
			isa = PBXSourcesBuildPhase;
			buildActionMask = 2147483647;
			files = (
				1D60589B0D05DD56006BFB54 /* main.m in Sources */,
				1D3623260D0F684500981E51 /* AppDelegate.m in Sources */,
				302D95F114D2391D003F00A1 /* MainViewController.m in Sources */,
				B62C39ED411945EA97B035E7 /* CDVClipboard.m in Sources */,
				2BF33A7C99624AB798984258 /* APPBadge.m in Sources */,
				68E0B6E35D604853A2B14D33 /* UIImage+CropScaleOrientation.m in Sources */,
				25A30087CEC642A6823662DA /* CDVCamera.m in Sources */,
				8E369AD4735E4A88915437CE /* CDVJpegHeaderWriter.m in Sources */,
				6357B15F032B438B8519D178 /* CDVDevice.m in Sources */,
				EBC957C7BB734F72800CE176 /* CDVFile.m in Sources */,
				3ED9454F760643D9870E7127 /* CDVLocalFilesystem.m in Sources */,
				D0BD7344438446638A56276B /* CDVAssetLibraryFilesystem.m in Sources */,
				2BE7FB9C659C4730AB0CFBAB /* FileOpener2.m in Sources */,
				F3A2C3169D7B423DBB00A602 /* CDVFileTransfer.m in Sources */,
				EAA21462F9A44E9A98E3F939 /* CDVLocation.m in Sources */,
				2507246C9F6C46C08869F7FE /* CDVGlobalization.m in Sources */,
				90D60BC4C20D443AAF5012D4 /* CDVInAppBrowser.m in Sources */,
				A240E741B8E64EB2AA96989A /* CDVInAppBrowserOptions.m in Sources */,
				BD17BF5BDD4746679B63BEB0 /* CDVInAppBrowserNavigationController.m in Sources */,
				B4C3653F6BDA4998961700DB /* CDVUIInAppBrowser.m in Sources */,
				1261287035E342E3B1DF0F17 /* CDVWKInAppBrowser.m in Sources */,
				C8AC180B27AB47AE907A7C8B /* CDVWKInAppBrowserUIDelegate.m in Sources */,
				790B467DA740444F927B67A5 /* CDVIonicKeyboard.m in Sources */,
				E6A4CAEEE24D4DA1A7A26180 /* APPLocalNotification.m in Sources */,
				C4F482CBB66C4F4FABA93693 /* APPNotificationCategory.m in Sources */,
				C7D8C67088C44945BDAF66E8 /* APPNotificationContent.m in Sources */,
				0FE066B5E8FF4CB3A0CE63F3 /* APPNotificationOptions.m in Sources */,
				2F3CE2F5617B4F0A9D25243F /* UNUserNotificationCenter+APPLocalNotification.m in Sources */,
				2D28E76EF4AF464B8C036D8B /* UNNotificationRequest+APPLocalNotification.m in Sources */,
				6194B6D2F38A4123B48B8475 /* CDVCapture.m in Sources */,
				66049D1E3D6F4CC4827723E1 /* CDVConnection.m in Sources */,
				A062D2A4569B4A3AB5DC2C47 /* CDVReachability.m in Sources */,
				1829B53C6F204448AD685266 /* CDVOrientation.m in Sources */,
				DF536F90B9B34CD08053C36D /* CDVSplashScreen.m in Sources */,
				528AD461F9F8468A8B91FF7E /* CDVViewController+SplashScreen.m in Sources */,
				5315DE1005624334B5958C36 /* CDVStatusBar.m in Sources */,
				7C70FDB799264A5198B71107 /* CDVWKWebViewEngine.m in Sources */,
				BFE922099CE7471B98C3AA4E /* CDVWKWebViewUIDelegate.m in Sources */,
				6CFC622DB755433FBB4D2D43 /* CDVWKProcessPoolFactory.m in Sources */,
				305DD04A84B24D16BB336A30 /* CDVWKWebViewFileXhr.m in Sources */,
				0F1300D8CBF34C50AC422B79 /* CDVWKWebViewEngine+FileXhrFix.m in Sources */,
				58DA6ADE6F2847B688E7C1C5 /* ZipPlugin.m in Sources */,
				9EBD8EAA9CBC4A44A2CACA50 /* aescrypt.c in Sources */,
				EC0E7F0FD5454A44B1291AD9 /* aeskey.c in Sources */,
				4AC8B1C92D0648878AA0A1CF /* aestab.c in Sources */,
				57B122BAEF1E4BF587EEF8FA /* entropy.c in Sources */,
				33DAF037655E425DBB5FF4A3 /* fileenc.c in Sources */,
				EAB5E97D31D84778951F031A /* hmac.c in Sources */,
				5F1F01FF7B20459C9C69D375 /* prng.c in Sources */,
				39E5B679085C4C319850EBEB /* pwd2key.c in Sources */,
				C49396863C384384AD56D966 /* sha1.c in Sources */,
				4F6E4E612E4340A6938DDE68 /* SSZipArchive.m in Sources */,
				5DDF2B538DF64708B72B8353 /* zip.c in Sources */,
				463CF3C3BF2347FA965C0A3B /* unzip.c in Sources */,
				6B506D4100BC4973A03E16D3 /* mztools.c in Sources */,
				B5E49385D8DE4ACBAAA6419A /* ioapi.c in Sources */,
				3657E2D3EFA44A2E87803D6D /* SQLitePlugin.m in Sources */,
				C8F4F835257E46B6BCCA95AB /* CustomPSPDFThreadSafeMutableDictionary.m in Sources */,
				66EE5AB46F92421EBAE50752 /* sqlite3.c in Sources */,
				AA6F6E4050E64C70B94DA0F2 /* BackgroundAudio.m in Sources */,
				22B8CF0947904B1E8FAF5117 /* AppDelegate+notification.m in Sources */,
				853031AEB9344AAE9680000C /* PushPlugin.m in Sources */,
			);
			runOnlyForDeploymentPostprocessing = 0;
		};
/* End PBXSourcesBuildPhase section */

/* Begin PBXTargetDependency section */
		301BF551109A68C00062928A /* PBXTargetDependency */ = {
			isa = PBXTargetDependency;
			name = CordovaLib;
			targetProxy = 301BF550109A68C00062928A /* PBXContainerItemProxy */;
		};
/* End PBXTargetDependency section */

/* Begin XCBuildConfiguration section */
		1D6058940D05DD3E006BFB54 /* Debug */ = {
			isa = XCBuildConfiguration;
			baseConfigurationReference = 3047A50F1AB8059700498E2A /* build-debug.xcconfig */;
			buildSettings = {
				ALWAYS_SEARCH_USER_PATHS = NO;
				ASSETCATALOG_COMPILER_APPICON_NAME = AppIcon;
				ASSETCATALOG_COMPILER_LAUNCHIMAGE_NAME = LaunchImage;
				CLANG_ENABLE_MODULES = YES;
				CLANG_ENABLE_OBJC_ARC = YES;
				COPY_PHASE_STRIP = NO;
				DEVELOPMENT_TEAM = 85J5A2XX3T;
				GCC_DYNAMIC_NO_PIC = NO;
				GCC_OPTIMIZATION_LEVEL = 0;
				GCC_PRECOMPILE_PREFIX_HEADER = YES;
				GCC_PREFIX_HEADER = "Hispanic Horizons/Hispanic Horizons-Prefix.pch";
				GCC_THUMB_SUPPORT = NO;
				GCC_VERSION = "";
				INFOPLIST_FILE = "Hispanic Horizons/Hispanic Horizons-Info.plist";
				IPHONEOS_DEPLOYMENT_TARGET = 10.0;
				LD_RUNPATH_SEARCH_PATHS = "@executable_path/Frameworks";
				PRODUCT_BUNDLE_IDENTIFIER = com.vidyamantra.cmoodleapp203;
				PRODUCT_NAME = "$(TARGET_NAME)";
				TARGETED_DEVICE_FAMILY = "1,2";
				WK_WEB_VIEW_ONLY = 1;
			};
			name = Debug;
		};
		1D6058950D05DD3E006BFB54 /* Release */ = {
			isa = XCBuildConfiguration;
			baseConfigurationReference = 3047A5101AB8059700498E2A /* build-release.xcconfig */;
			buildSettings = {
				ALWAYS_SEARCH_USER_PATHS = NO;
				ASSETCATALOG_COMPILER_APPICON_NAME = AppIcon;
				ASSETCATALOG_COMPILER_LAUNCHIMAGE_NAME = LaunchImage;
				CLANG_ENABLE_MODULES = YES;
				CLANG_ENABLE_OBJC_ARC = YES;
				CODE_SIGN_IDENTITY = "Apple Development";
				CODE_SIGN_STYLE = Automatic;
				COPY_PHASE_STRIP = YES;
				DEVELOPMENT_TEAM = 85J5A2XX3T;
				GCC_PRECOMPILE_PREFIX_HEADER = YES;
				GCC_PREFIX_HEADER = "Hispanic Horizons/Hispanic Horizons-Prefix.pch";
				GCC_THUMB_SUPPORT = NO;
				GCC_VERSION = "";
				INFOPLIST_FILE = "Hispanic Horizons/Hispanic Horizons-Info.plist";
				IPHONEOS_DEPLOYMENT_TARGET = 10.0;
				LD_RUNPATH_SEARCH_PATHS = "@executable_path/Frameworks";
				PRODUCT_BUNDLE_IDENTIFIER = com.vidyamantra.cmoodleapp203;
				PRODUCT_NAME = "$(TARGET_NAME)";
				PROVISIONING_PROFILE_SPECIFIER = "";
				TARGETED_DEVICE_FAMILY = "1,2";
				WK_WEB_VIEW_ONLY = 1;
			};
			name = Release;
		};
		C01FCF4F08A954540054247B /* Debug */ = {
			isa = XCBuildConfiguration;
			baseConfigurationReference = 3047A5111AB8059700498E2A /* build.xcconfig */;
			buildSettings = {
				CLANG_ENABLE_MODULES = YES;
				CLANG_ENABLE_OBJC_ARC = YES;
				CLANG_WARN_BLOCK_CAPTURE_AUTORELEASING = YES;
				CLANG_WARN_BOOL_CONVERSION = YES;
				CLANG_WARN_COMMA = YES;
				CLANG_WARN_CONSTANT_CONVERSION = YES;
				CLANG_WARN_DEPRECATED_OBJC_IMPLEMENTATIONS = YES;
				CLANG_WARN_EMPTY_BODY = YES;
				CLANG_WARN_ENUM_CONVERSION = YES;
				CLANG_WARN_INFINITE_RECURSION = YES;
				CLANG_WARN_INT_CONVERSION = YES;
				CLANG_WARN_NON_LITERAL_NULL_CONVERSION = YES;
				CLANG_WARN_OBJC_IMPLICIT_RETAIN_SELF = YES;
				CLANG_WARN_OBJC_LITERAL_CONVERSION = YES;
				CLANG_WARN_RANGE_LOOP_ANALYSIS = YES;
				CLANG_WARN_STRICT_PROTOTYPES = YES;
				CLANG_WARN_SUSPICIOUS_MOVE = YES;
				CLANG_WARN_UNREACHABLE_CODE = YES;
				CLANG_WARN__DUPLICATE_METHOD_MATCH = YES;
				ENABLE_STRICT_OBJC_MSGSEND = YES;
				ENABLE_TESTABILITY = YES;
				GCC_C_LANGUAGE_STANDARD = c99;
				GCC_NO_COMMON_BLOCKS = YES;
				GCC_THUMB_SUPPORT = NO;
				GCC_VERSION = "";
				GCC_WARN_64_TO_32_BIT_CONVERSION = YES;
				GCC_WARN_ABOUT_RETURN_TYPE = YES;
				GCC_WARN_UNDECLARED_SELECTOR = YES;
				GCC_WARN_UNINITIALIZED_AUTOS = YES;
				GCC_WARN_UNUSED_FUNCTION = YES;
				GCC_WARN_UNUSED_VARIABLE = YES;
				ONLY_ACTIVE_ARCH = YES;
				PRODUCT_BUNDLE_IDENTIFIER = com.vidyamantra.cmoodleapp203;
				SDKROOT = iphoneos;
				SKIP_INSTALL = NO;
				TARGETED_DEVICE_FAMILY = "1,2";
				WK_WEB_VIEW_ONLY = 1;
			};
			name = Debug;
		};
		C01FCF5008A954540054247B /* Release */ = {
			isa = XCBuildConfiguration;
			baseConfigurationReference = 3047A5111AB8059700498E2A /* build.xcconfig */;
			buildSettings = {
				CLANG_ENABLE_MODULES = YES;
				CLANG_ENABLE_OBJC_ARC = YES;
				CLANG_WARN_BLOCK_CAPTURE_AUTORELEASING = YES;
				CLANG_WARN_BOOL_CONVERSION = YES;
				CLANG_WARN_COMMA = YES;
				CLANG_WARN_CONSTANT_CONVERSION = YES;
				CLANG_WARN_DEPRECATED_OBJC_IMPLEMENTATIONS = YES;
				CLANG_WARN_EMPTY_BODY = YES;
				CLANG_WARN_ENUM_CONVERSION = YES;
				CLANG_WARN_INFINITE_RECURSION = YES;
				CLANG_WARN_INT_CONVERSION = YES;
				CLANG_WARN_NON_LITERAL_NULL_CONVERSION = YES;
				CLANG_WARN_OBJC_IMPLICIT_RETAIN_SELF = YES;
				CLANG_WARN_OBJC_LITERAL_CONVERSION = YES;
				CLANG_WARN_RANGE_LOOP_ANALYSIS = YES;
				CLANG_WARN_STRICT_PROTOTYPES = YES;
				CLANG_WARN_SUSPICIOUS_MOVE = YES;
				CLANG_WARN_UNREACHABLE_CODE = YES;
				CLANG_WARN__DUPLICATE_METHOD_MATCH = YES;
				ENABLE_STRICT_OBJC_MSGSEND = YES;
				GCC_C_LANGUAGE_STANDARD = c99;
				GCC_NO_COMMON_BLOCKS = YES;
				GCC_THUMB_SUPPORT = NO;
				GCC_VERSION = "";
				GCC_WARN_64_TO_32_BIT_CONVERSION = YES;
				GCC_WARN_ABOUT_RETURN_TYPE = YES;
				GCC_WARN_UNDECLARED_SELECTOR = YES;
				GCC_WARN_UNINITIALIZED_AUTOS = YES;
				GCC_WARN_UNUSED_FUNCTION = YES;
				GCC_WARN_UNUSED_VARIABLE = YES;
				PRODUCT_BUNDLE_IDENTIFIER = com.vidyamantra.cmoodleapp203;
				SDKROOT = iphoneos;
				SKIP_INSTALL = NO;
				TARGETED_DEVICE_FAMILY = "1,2";
				WK_WEB_VIEW_ONLY = 1;
			};
			name = Release;
		};
/* End XCBuildConfiguration section */

/* Begin XCConfigurationList section */
		1D6058960D05DD3E006BFB54 /* Build configuration list for PBXNativeTarget "Hispanic Horizons" */ = {
			isa = XCConfigurationList;
			buildConfigurations = (
				1D6058940D05DD3E006BFB54 /* Debug */,
				1D6058950D05DD3E006BFB54 /* Release */,
			);
			defaultConfigurationIsVisible = 0;
			defaultConfigurationName = Release;
		};
		C01FCF4E08A954540054247B /* Build configuration list for PBXProject "Hispanic Horizons" */ = {
			isa = XCConfigurationList;
			buildConfigurations = (
				C01FCF4F08A954540054247B /* Debug */,
				C01FCF5008A954540054247B /* Release */,
			);
			defaultConfigurationIsVisible = 0;
			defaultConfigurationName = Release;
		};
/* End XCConfigurationList section */
	};
	rootObject = 29B97313FDCFA39411CA2CEA /* Project object */;
}
